{
  "version": 4,
  "terraform_version": "1.1.5",
  "serial": 62,
  "lineage": "2f19d4e0-f3a3-840d-6d86-b394528fbdc2",
  "outputs": {},
  "resources": [
    {
      "mode": "data",
      "type": "aws_eks_cluster",
      "name": "cluster",
      "provider": "provider[\"registry.terraform.io/hashicorp/aws\"]",
      "instances": [
        {
          "schema_version": 0,
          "attributes": {
            "arn": "arn:aws:eks:eu-west-2:462068371076:cluster/462068371076-dev-ops-eks",
            "certificate_authority": [
              {
                "data": "LS0tLS1CRUdJTiBDRVJUSUZJQ0FURS0tLS0tCk1JSUM1ekNDQWMrZ0F3SUJBZ0lCQURBTkJna3Foa2lHOXcwQkFRc0ZBREFWTVJNd0VRWURWUVFERXdwcmRXSmwKY201bGRHVnpNQjRYRFRJeU1ERXlOekV6TlRjME4xb1hEVE15TURFeU5URXpOVGMwTjFvd0ZURVRNQkVHQTFVRQpBeE1LYTNWaVpYSnVaWFJsY3pDQ0FTSXdEUVlKS29aSWh2Y05BUUVCQlFBRGdnRVBBRENDQVFvQ2dnRUJBS3dRCjMyNU54YTVuTGVSRERBV3NaQk1XZjBNWnNZWUNsdlAycVNsaHFidG83ZCtWb3lmUnVMOEw4N2haWllpSnd4aTUKOXNyT2QyMldoU1EzRVA3bVFUb1JtVDdqcDdPWUFLUGhCQXcwalR0aFdFcWlJb3Q3TG1xSEYyTjdnN1ZxOElyVAoybG5Cd3dleWJCbmZjNmVSNWs1eFZqdW52NUN5TnIrSy93bDFVeW9mWVE3K1FkRXdJc0E3K1hPYVcxbWN0LzBLCmpyWkFCSnRxazlhVmFRUnZRQ3VXczM0VlQ5ckRHQnpvSmpscVJVbWx1ZUYvcVdSTWlsZXMvcUlMcXlCNndZWlAKbEtOWHlVb0wzYVh6bGRpUUVUenNtbVZ3ZkI1RnI3Z0FhWk0vVW1FbFp0eHZ0T1RxTEx5dCtscS80T21GMUhoMQpjSG54V3drSlFYMGgydWI3VVZFQ0F3RUFBYU5DTUVBd0RnWURWUjBQQVFIL0JBUURBZ0trTUE4R0ExVWRFd0VCCi93UUZNQU1CQWY4d0hRWURWUjBPQkJZRUZQM2FUSTA4VzM3MG0rU0crMzJyMjZFdDA2ZC9NQTBHQ1NxR1NJYjMKRFFFQkN3VUFBNElCQVFBYUZ6VGpZVXFwU2krbTJnVDBFZCtlbG1VMEFlUExhSmdmRjc5blJOMDUzcjlkeDZCYgo0ZWRVWWliQ2ZQeXlOVVo1dXdMM1RXRk44eGUxeG1JYU1qbjkyYXBGRjBqSmhST3Z2THZPdnR4Y0JMM2k2ZmtLCjJWWS90Z0k1UUliWU42cmI2eW54a2k2S1p1YjM5MnhvSFBqTmdoQ3lTMUdPZVlTZkJoTENvUWorSjA3MjVpd0YKT1A0Wm5DS292YVI1cnhORGV4NnZvWm04VHM5dzVxNjFpUHZXNW01VnFkcXJ6OGxiRklocnRCK2crMGpLeDdnWgpNWWFyQk5qUmVpQ25uS1NMU0s3U2F1U0thTjgxcnBDemRTWmdCYkhoMjk3YzJZTW5tUFp0dXFML1k1M0N5Rm1KCk1RVEF5Nk4vUDQxWmpQaVcrQ0dXYmdWek5hQW1FeWwzSGtJeQotLS0tLUVORCBDRVJUSUZJQ0FURS0tLS0tCg=="
              }
            ],
            "created_at": "2022-01-27 13:52:03.732 +0000 UTC",
            "enabled_cluster_log_types": [
              "api",
              "audit",
              "authenticator"
            ],
            "endpoint": "https://5FD58B36912CA4C80BD586B5F559C171.yl4.eu-west-2.eks.amazonaws.com",
            "id": "462068371076-dev-ops-eks",
            "identity": [
              {
                "oidc": [
                  {
                    "issuer": "https://oidc.eks.eu-west-2.amazonaws.com/id/5FD58B36912CA4C80BD586B5F559C171"
                  }
                ]
              }
            ],
            "kubernetes_network_config": [
              {
                "ip_family": "ipv4",
                "service_ipv4_cidr": "172.20.0.0/16"
              }
            ],
            "name": "462068371076-dev-ops-eks",
            "platform_version": "eks.4",
            "role_arn": "arn:aws:iam::462068371076:role/462068371076-dev-ops-eks-cluster-20220127135112865800000003",
            "status": "ACTIVE",
            "tags": {
              "environment": "dev",
              "karpenter.sh/discovery": "462068371076-dev-ops-eks",
              "project": "Minh",
              "provision_by": "Terraform",
              "tenant": "462068371076",
              "terraform_version": "v1.1.2",
              "zone": "ops"
            },
            "version": "1.21",
            "vpc_config": [
              {
                "cluster_security_group_id": "sg-0767ad0acd46f4616",
                "endpoint_private_access": true,
                "endpoint_public_access": true,
                "public_access_cidrs": [
                  "0.0.0.0/0"
                ],
                "security_group_ids": [
                  "sg-0c2c61f402120463e"
                ],
                "subnet_ids": [
                  "subnet-00a2172c7548f0f62",
                  "subnet-017c07b88b48eb51f",
                  "subnet-044a2b84ce8b24885",
                  "subnet-05429611be9e990f5",
                  "subnet-0c94e7e5c66eddadd",
                  "subnet-0f4d84020cfe352f7"
                ],
                "vpc_id": "vpc-03bfe955d560ff194"
              }
            ]
          },
          "sensitive_attributes": []
        }
      ]
    },
    {
      "mode": "data",
      "type": "aws_eks_cluster_auth",
      "name": "cluster",
      "provider": "provider[\"registry.terraform.io/hashicorp/aws\"]",
      "instances": [
        {
          "schema_version": 0,
          "attributes": {
            "id": "462068371076-dev-ops-eks",
            "name": "462068371076-dev-ops-eks",
            "token": "k8s-aws-v1.aHR0cHM6Ly9zdHMuYW1hem9uYXdzLmNvbS8_QWN0aW9uPUdldENhbGxlcklkZW50aXR5JlZlcnNpb249MjAxMS0wNi0xNSZYLUFtei1BbGdvcml0aG09QVdTNC1ITUFDLVNIQTI1NiZYLUFtei1DcmVkZW50aWFsPUFLSUFXWEZMTFoyQ0NZNlFDT1JXJTJGMjAyMjAyMDglMkZ1cy1lYXN0LTElMkZzdHMlMkZhd3M0X3JlcXVlc3QmWC1BbXotRGF0ZT0yMDIyMDIwOFQwNTA1MDlaJlgtQW16LUV4cGlyZXM9MCZYLUFtei1TaWduZWRIZWFkZXJzPWhvc3QlM0J4LWs4cy1hd3MtaWQmWC1BbXotU2lnbmF0dXJlPWI1OGZlNWYxZDk1ODlkZDQwMzlhNzY4NDQzMTY0NTg1ZmI2OGFkYTM1MWQ0NWY1NWJjZDA5YjgzM2NiNzA4M2M"
          },
          "sensitive_attributes": []
        }
      ]
    },
    {
      "mode": "data",
      "type": "aws_iam_policy_document",
      "name": "aws-efs",
      "provider": "provider[\"registry.terraform.io/hashicorp/aws\"]",
      "instances": [
        {
          "schema_version": 0,
          "attributes": {
            "id": "988229073",
            "json": "{\n  \"Version\": \"2012-10-17\",\n  \"Statement\": [\n    {\n      \"Sid\": \"\",\n      \"Effect\": \"Allow\",\n      \"Action\": [\n        \"elasticfilesystem:DescribeAccessPoints\",\n        \"elasticfilesystem:DescribeFileSystems\",\n        \"elasticfilesystem:DescribeMountTargets\",\n        \"ec2:DescribeAvailabilityZones\"\n      ],\n      \"Resource\": \"*\"\n    },\n    {\n      \"Sid\": \"\",\n      \"Effect\": \"Allow\",\n      \"Action\": [\n        \"elasticfilesystem:CreateAccessPoint\"\n      ],\n      \"Resource\": \"*\",\n      \"Condition\": {\n        \"StringLike\": {\n          \"aws:RequestTag/efs.csi.aws.com/cluster\": [\n            \"true\"\n          ]\n        }\n      }\n    },\n    {\n      \"Sid\": \"\",\n      \"Effect\": \"Allow\",\n      \"Action\": \"elasticfilesystem:DeleteAccessPoint\",\n      \"Resource\": \"*\",\n      \"Condition\": {\n        \"StringEquals\": {\n          \"aws:ResourceTag/efs.csi.aws.com/cluster\": [\n            \"true\"\n          ]\n        }\n      }\n    }\n  ]\n}",
            "override_json": null,
            "override_policy_documents": null,
            "policy_id": null,
            "source_json": "{\n    \"Version\": \"2012-10-17\",\n    \"Statement\": [\n      {\n        \"Effect\": \"Allow\",\n        \"Action\": [\n          \"elasticfilesystem:DescribeAccessPoints\",\n          \"elasticfilesystem:DescribeFileSystems\",\n          \"elasticfilesystem:DescribeMountTargets\",\n          \"ec2:DescribeAvailabilityZones\"\n        ],\n        \"Resource\": \"*\"\n      },\n      {\n        \"Effect\": \"Allow\",\n        \"Action\": [\n          \"elasticfilesystem:CreateAccessPoint\"\n        ],\n        \"Resource\": \"*\",\n        \"Condition\": {\n          \"StringLike\": {\n            \"aws:RequestTag/efs.csi.aws.com/cluster\": \"true\"\n          }\n        }\n      },\n      {\n        \"Effect\": \"Allow\",\n        \"Action\": \"elasticfilesystem:DeleteAccessPoint\",\n        \"Resource\": \"*\",\n        \"Condition\": {\n          \"StringEquals\": {\n            \"aws:ResourceTag/efs.csi.aws.com/cluster\": \"true\"\n          }\n        }\n      }\n    ]\n  }",
            "source_policy_documents": null,
            "statement": null,
            "version": "2012-10-17"
          },
          "sensitive_attributes": []
        }
      ]
    },
    {
      "mode": "data",
      "type": "aws_region",
      "name": "current",
      "provider": "provider[\"registry.terraform.io/hashicorp/aws\"]",
      "instances": [
        {
          "schema_version": 0,
          "attributes": {
            "description": "Europe (London)",
            "endpoint": "ec2.eu-west-2.amazonaws.com",
            "id": "eu-west-2",
            "name": "eu-west-2"
          },
          "sensitive_attributes": []
        }
      ]
    },
    {
      "mode": "managed",
      "type": "aws_iam_policy",
      "name": "aws_efs",
      "provider": "provider[\"registry.terraform.io/hashicorp/aws\"]",
      "instances": [
        {
          "schema_version": 0,
          "attributes": {
            "arn": "arn:aws:iam::462068371076:policy/462068371076-dev-ops-eks-efs-policy",
            "description": "IAM Policy for AWS EFS",
            "id": "arn:aws:iam::462068371076:policy/462068371076-dev-ops-eks-efs-policy",
            "name": "462068371076-dev-ops-eks-efs-policy",
            "name_prefix": null,
            "path": "/",
            "policy": "{\"Statement\":[{\"Action\":[\"elasticfilesystem:DescribeAccessPoints\",\"elasticfilesystem:DescribeFileSystems\",\"elasticfilesystem:DescribeMountTargets\",\"ec2:DescribeAvailabilityZones\"],\"Effect\":\"Allow\",\"Resource\":\"*\",\"Sid\":\"\"},{\"Action\":[\"elasticfilesystem:CreateAccessPoint\"],\"Condition\":{\"StringLike\":{\"aws:RequestTag/efs.csi.aws.com/cluster\":[\"true\"]}},\"Effect\":\"Allow\",\"Resource\":\"*\",\"Sid\":\"\"},{\"Action\":\"elasticfilesystem:DeleteAccessPoint\",\"Condition\":{\"StringEquals\":{\"aws:ResourceTag/efs.csi.aws.com/cluster\":[\"true\"]}},\"Effect\":\"Allow\",\"Resource\":\"*\",\"Sid\":\"\"}],\"Version\":\"2012-10-17\"}",
            "policy_id": "ANPAWXFLLZ2CIYCB5NHBH",
            "tags": {},
            "tags_all": {}
          },
          "sensitive_attributes": [],
          "private": "bnVsbA==",
          "dependencies": [
            "data.aws_iam_policy_document.aws-efs"
          ]
        }
      ]
    },
    {
      "mode": "managed",
      "type": "aws_iam_role_policy_attachment",
      "name": "additional",
      "provider": "provider[\"registry.terraform.io/hashicorp/aws\"]",
      "instances": [
        {
          "index_key": "mng_addon",
          "schema_version": 0,
          "attributes": {
            "id": "mng_addon-eks-node-group-2022012713513830560000000a-20220128143824106100000002",
            "policy_arn": "arn:aws:iam::462068371076:policy/462068371076-dev-ops-eks-efs-policy",
            "role": "mng_addon-eks-node-group-2022012713513830560000000a"
          },
          "sensitive_attributes": [],
          "private": "bnVsbA==",
          "dependencies": [
            "aws_iam_policy.aws_efs",
            "aws_kms_key.key",
            "data.aws_iam_policy_document.aws-efs",
            "module.eks.aws_cloudwatch_log_group.this",
            "module.eks.aws_eks_cluster.this",
            "module.eks.aws_iam_role.this",
            "module.eks.aws_iam_role_policy_attachment.this",
            "module.eks.aws_security_group.cluster",
            "module.eks.aws_security_group.node",
            "module.eks.aws_security_group_rule.cluster",
            "module.eks.aws_security_group_rule.node",
            "module.eks.data.aws_iam_policy_document.assume_role_policy",
            "module.eks.data.aws_partition.current",
            "module.eks.module.eks_managed_node_group.aws_eks_node_group.this",
            "module.eks.module.eks_managed_node_group.aws_iam_role.this",
            "module.eks.module.eks_managed_node_group.aws_iam_role_policy_attachment.this",
            "module.eks.module.eks_managed_node_group.aws_launch_template.this",
            "module.eks.module.eks_managed_node_group.aws_security_group.this",
            "module.eks.module.eks_managed_node_group.aws_security_group_rule.this",
            "module.eks.module.eks_managed_node_group.data.aws_caller_identity.current",
            "module.eks.module.eks_managed_node_group.data.aws_iam_policy_document.assume_role_policy",
            "module.eks.module.eks_managed_node_group.data.aws_partition.current",
            "module.eks.module.eks_managed_node_group.module.user_data.data.cloudinit_config.linux_eks_managed_node_group",
            "module.vpc.aws_subnet.private",
            "module.vpc.aws_subnet.public",
            "module.vpc.aws_vpc.this",
            "module.vpc.aws_vpc_ipv4_cidr_block_association.this"
          ]
        }
      ]
    },
    {
      "mode": "managed",
      "type": "aws_iam_role_policy_attachment",
      "name": "eks_ng_app_additional",
      "provider": "provider[\"registry.terraform.io/hashicorp/aws\"]",
      "instances": [
        {
          "schema_version": 0,
          "attributes": {
            "id": "mng-app-eks-node-group-20220128072554362400000004-20220128150659439700000002",
            "policy_arn": "arn:aws:iam::462068371076:policy/462068371076-dev-ops-eks-efs-policy",
            "role": "mng-app-eks-node-group-20220128072554362400000004"
          },
          "sensitive_attributes": [],
          "private": "bnVsbA==",
          "dependencies": [
            "aws_iam_policy.aws_efs",
            "aws_kms_key.key",
            "data.aws_iam_policy_document.aws-efs",
            "module.eks.aws_cloudwatch_log_group.this",
            "module.eks.aws_eks_cluster.this",
            "module.eks.aws_iam_role.this",
            "module.eks.aws_iam_role_policy_attachment.this",
            "module.eks.aws_security_group.cluster",
            "module.eks.aws_security_group.node",
            "module.eks.aws_security_group_rule.cluster",
            "module.eks.aws_security_group_rule.node",
            "module.eks.data.aws_iam_policy_document.assume_role_policy",
            "module.eks.data.aws_partition.current",
            "module.eks_ng_app.aws_iam_role.this",
            "module.eks_ng_app.data.aws_iam_policy_document.assume_role_policy",
            "module.eks_ng_app.data.aws_partition.current",
            "module.vpc.aws_subnet.private",
            "module.vpc.aws_subnet.public",
            "module.vpc.aws_vpc.this",
            "module.vpc.aws_vpc_ipv4_cidr_block_association.this"
          ]
        }
      ]
    },
    {
      "mode": "managed",
      "type": "aws_iam_role_policy_attachment",
      "name": "eks_ng_media_additional",
      "provider": "provider[\"registry.terraform.io/hashicorp/aws\"]",
      "instances": [
        {
          "schema_version": 0,
          "attributes": {
            "id": "mng-mediasoup-eks-node-group-20220128072554365300000006-20220128150659438700000001",
            "policy_arn": "arn:aws:iam::462068371076:policy/462068371076-dev-ops-eks-efs-policy",
            "role": "mng-mediasoup-eks-node-group-20220128072554365300000006"
          },
          "sensitive_attributes": [],
          "private": "bnVsbA==",
          "dependencies": [
            "aws_iam_policy.aws_efs",
            "aws_kms_key.key",
            "data.aws_iam_policy_document.aws-efs",
            "module.eks.aws_cloudwatch_log_group.this",
            "module.eks.aws_eks_cluster.this",
            "module.eks.aws_iam_role.this",
            "module.eks.aws_iam_role_policy_attachment.this",
            "module.eks.aws_security_group.cluster",
            "module.eks.aws_security_group.node",
            "module.eks.aws_security_group_rule.cluster",
            "module.eks.aws_security_group_rule.node",
            "module.eks.data.aws_iam_policy_document.assume_role_policy",
            "module.eks.data.aws_partition.current",
            "module.eks_ng_media.aws_iam_role.this",
            "module.eks_ng_media.data.aws_iam_policy_document.assume_role_policy",
            "module.eks_ng_media.data.aws_partition.current",
            "module.vpc.aws_subnet.private",
            "module.vpc.aws_subnet.public",
            "module.vpc.aws_vpc.this",
            "module.vpc.aws_vpc_ipv4_cidr_block_association.this"
          ]
        }
      ]
    },
    {
      "mode": "managed",
      "type": "aws_iam_role_policy_attachment",
      "name": "eks_ng_mixer_additional",
      "provider": "provider[\"registry.terraform.io/hashicorp/aws\"]",
      "instances": [
        {
          "schema_version": 0,
          "attributes": {
            "id": "mng-mediasoup-eks-node-group-20220128072554358400000003-20220128150659453600000003",
            "policy_arn": "arn:aws:iam::462068371076:policy/462068371076-dev-ops-eks-efs-policy",
            "role": "mng-mediasoup-eks-node-group-20220128072554358400000003"
          },
          "sensitive_attributes": [],
          "private": "bnVsbA==",
          "dependencies": [
            "aws_iam_policy.aws_efs",
            "aws_kms_key.key",
            "data.aws_iam_policy_document.aws-efs",
            "module.eks.aws_cloudwatch_log_group.this",
            "module.eks.aws_eks_cluster.this",
            "module.eks.aws_iam_role.this",
            "module.eks.aws_iam_role_policy_attachment.this",
            "module.eks.aws_security_group.cluster",
            "module.eks.aws_security_group.node",
            "module.eks.aws_security_group_rule.cluster",
            "module.eks.aws_security_group_rule.node",
            "module.eks.data.aws_iam_policy_document.assume_role_policy",
            "module.eks.data.aws_partition.current",
            "module.eks_ng_mixer.aws_iam_role.this",
            "module.eks_ng_mixer.data.aws_iam_policy_document.assume_role_policy",
            "module.eks_ng_mixer.data.aws_partition.current",
            "module.vpc.aws_subnet.private",
            "module.vpc.aws_subnet.public",
            "module.vpc.aws_vpc.this",
            "module.vpc.aws_vpc_ipv4_cidr_block_association.this"
          ]
        }
      ]
    },
    {
      "mode": "managed",
      "type": "aws_kms_key",
      "name": "key",
      "provider": "provider[\"registry.terraform.io/hashicorp/aws\"]",
      "instances": [
        {
          "schema_version": 0,
          "attributes": {
            "arn": "arn:aws:kms:eu-west-2:462068371076:key/f00df260-cf63-48dd-bc2e-77f83e0da4e5",
            "bypass_policy_lockout_safety_check": false,
            "customer_master_key_spec": "SYMMETRIC_DEFAULT",
            "deletion_window_in_days": 10,
            "description": "462068371076-dev-ops",
            "enable_key_rotation": false,
            "id": "f00df260-cf63-48dd-bc2e-77f83e0da4e5",
            "is_enabled": true,
            "key_id": "f00df260-cf63-48dd-bc2e-77f83e0da4e5",
            "key_usage": "ENCRYPT_DECRYPT",
            "multi_region": false,
            "policy": "{\"Id\":\"key-default-1\",\"Statement\":[{\"Action\":\"kms:*\",\"Effect\":\"Allow\",\"Principal\":{\"AWS\":\"arn:aws:iam::462068371076:root\"},\"Resource\":\"*\",\"Sid\":\"Enable IAM User Permissions\"}],\"Version\":\"2012-10-17\"}",
            "tags": {
              "environment": "dev",
              "project": "Minh",
              "provision_by": "Terraform",
              "tenant": "462068371076",
              "terraform_version": "v1.1.2",
              "zone": "ops"
            },
            "tags_all": {
              "environment": "dev",
              "project": "Minh",
              "provision_by": "Terraform",
              "tenant": "462068371076",
              "terraform_version": "v1.1.2",
              "zone": "ops"
            }
          },
          "sensitive_attributes": [],
          "private": "bnVsbA==",
          "create_before_destroy": true
        }
      ]
    },
    {
      "mode": "managed",
      "type": "aws_security_group",
      "name": "additional",
      "provider": "provider[\"registry.terraform.io/hashicorp/aws\"]",
      "instances": [
        {
          "schema_version": 1,
          "attributes": {
            "arn": "arn:aws:ec2:eu-west-2:462068371076:security-group/sg-0fb381382a03d6ceb",
            "description": "Managed by Terraform",
            "egress": [],
            "id": "sg-0fb381382a03d6ceb",
            "ingress": [
              {
                "cidr_blocks": [
                  "10.0.0.0/8",
                  "172.16.0.0/12",
                  "192.168.0.0/16"
                ],
                "description": "",
                "from_port": 22,
                "ipv6_cidr_blocks": [],
                "prefix_list_ids": [],
                "protocol": "tcp",
                "security_groups": [],
                "self": false,
                "to_port": 22
              }
            ],
            "name": "462068371076-dev-ops-additional20220127135131736200000008",
            "name_prefix": "462068371076-dev-ops-additional",
            "owner_id": "462068371076",
            "revoke_rules_on_delete": false,
            "tags": {
              "environment": "dev",
              "project": "Minh",
              "provision_by": "Terraform",
              "tenant": "462068371076",
              "terraform_version": "v1.1.2",
              "zone": "ops"
            },
            "tags_all": {
              "environment": "dev",
              "project": "Minh",
              "provision_by": "Terraform",
              "tenant": "462068371076",
              "terraform_version": "v1.1.2",
              "zone": "ops"
            },
            "timeouts": null,
            "vpc_id": "vpc-03bfe955d560ff194"
          },
          "sensitive_attributes": [],
          "private": "eyJlMmJmYjczMC1lY2FhLTExZTYtOGY4OC0zNDM2M2JjN2M0YzAiOnsiY3JlYXRlIjo2MDAwMDAwMDAwMDAsImRlbGV0ZSI6OTAwMDAwMDAwMDAwfSwic2NoZW1hX3ZlcnNpb24iOiIxIn0=",
          "dependencies": [
            "module.vpc.aws_vpc.this"
          ]
        }
      ]
    },
    {
      "mode": "managed",
      "type": "aws_security_group",
      "name": "node_mediasoup",
      "provider": "provider[\"registry.terraform.io/hashicorp/aws\"]",
      "instances": [
        {
          "schema_version": 1,
          "attributes": {
            "arn": "arn:aws:ec2:eu-west-2:462068371076:security-group/sg-0b0e8ad71c1165216",
            "description": "Managed by Terraform",
            "egress": [],
            "id": "sg-0b0e8ad71c1165216",
            "ingress": [
              {
                "cidr_blocks": [
                  "0.0.0.0/0"
                ],
                "description": "",
                "from_port": 0,
                "ipv6_cidr_blocks": [],
                "prefix_list_ids": [],
                "protocol": "-1",
                "security_groups": [],
                "self": false,
                "to_port": 0
              }
            ],
            "name": "462068371076-dev-ops-mediasoup20220128084020023500000001",
            "name_prefix": "462068371076-dev-ops-mediasoup",
            "owner_id": "462068371076",
            "revoke_rules_on_delete": false,
            "tags": {
              "environment": "dev",
              "project": "Minh",
              "provision_by": "Terraform",
              "tenant": "462068371076",
              "terraform_version": "v1.1.2",
              "zone": "ops"
            },
            "tags_all": {
              "environment": "dev",
              "project": "Minh",
              "provision_by": "Terraform",
              "tenant": "462068371076",
              "terraform_version": "v1.1.2",
              "zone": "ops"
            },
            "timeouts": null,
            "vpc_id": "vpc-03bfe955d560ff194"
          },
          "sensitive_attributes": [],
          "private": "eyJlMmJmYjczMC1lY2FhLTExZTYtOGY4OC0zNDM2M2JjN2M0YzAiOnsiY3JlYXRlIjo2MDAwMDAwMDAwMDAsImRlbGV0ZSI6OTAwMDAwMDAwMDAwfSwic2NoZW1hX3ZlcnNpb24iOiIxIn0=",
          "dependencies": [
            "module.vpc.aws_vpc.this"
          ],
          "create_before_destroy": true
        }
      ]
    },
    {
      "module": "module.efs[0]",
      "mode": "data",
      "type": "aws_availability_zones",
      "name": "available",
      "provider": "provider[\"registry.terraform.io/hashicorp/aws\"]",
      "instances": [
        {
          "schema_version": 0,
          "attributes": {
            "all_availability_zones": null,
            "exclude_names": null,
            "exclude_zone_ids": null,
            "filter": null,
            "group_names": [
              "eu-west-2"
            ],
            "id": "eu-west-2",
            "names": [
              "eu-west-2a",
              "eu-west-2b",
              "eu-west-2c"
            ],
            "state": null,
            "zone_ids": [
              "euw2-az2",
              "euw2-az3",
              "euw2-az1"
            ]
          },
          "sensitive_attributes": []
        }
      ]
    },
    {
      "module": "module.efs[0]",
      "mode": "managed",
      "type": "aws_efs_file_system",
      "name": "efs",
      "provider": "provider[\"registry.terraform.io/hashicorp/aws\"]",
      "instances": [
        {
          "schema_version": 0,
          "attributes": {
            "arn": "arn:aws:elasticfilesystem:eu-west-2:462068371076:file-system/fs-094abe4625389fe93",
            "availability_zone_id": "",
            "availability_zone_name": "",
            "creation_token": "terraform-20220130034700028900000001",
            "dns_name": "fs-094abe4625389fe93.efs.eu-west-2.amazonaws.com",
            "encrypted": true,
            "id": "fs-094abe4625389fe93",
            "kms_key_id": "arn:aws:kms:eu-west-2:462068371076:key/59ca3207-d28d-4e84-b6d7-fdd8810ceff9",
            "lifecycle_policy": [],
            "number_of_mount_targets": 3,
            "owner_id": "462068371076",
            "performance_mode": "generalPurpose",
            "provisioned_throughput_in_mibps": 0,
            "size_in_bytes": [
              {
                "value": 28125184,
                "value_in_ia": 0,
                "value_in_standard": 28125184
              }
            ],
            "tags": {
              "environment": "dev",
              "project": "Minh",
              "provision_by": "Terraform",
              "tenant": "462068371076",
              "terraform_version": "v1.1.2",
              "zone": "ops"
            },
            "tags_all": {
              "environment": "dev",
              "project": "Minh",
              "provision_by": "Terraform",
              "tenant": "462068371076",
              "terraform_version": "v1.1.2",
              "zone": "ops"
            },
            "throughput_mode": "bursting"
          },
          "sensitive_attributes": [],
          "private": "bnVsbA=="
        }
      ]
    },
    {
      "module": "module.efs[0]",
      "mode": "managed",
      "type": "aws_efs_mount_target",
      "name": "efs-mt",
      "provider": "provider[\"registry.terraform.io/hashicorp/aws\"]",
      "instances": [
        {
          "index_key": 0,
          "schema_version": 0,
          "attributes": {
            "availability_zone_id": "euw2-az2",
            "availability_zone_name": "eu-west-2a",
            "dns_name": "fs-094abe4625389fe93.efs.eu-west-2.amazonaws.com",
            "file_system_arn": "arn:aws:elasticfilesystem:eu-west-2:462068371076:file-system/fs-094abe4625389fe93",
            "file_system_id": "fs-094abe4625389fe93",
            "id": "fsmt-0608705725c8d28e4",
            "ip_address": "10.10.10.92",
            "mount_target_dns_name": "eu-west-2a.fs-094abe4625389fe93.efs.eu-west-2.amazonaws.com",
            "network_interface_id": "eni-0bc434aa390c0318b",
            "owner_id": "462068371076",
            "security_groups": [
              "sg-074d522740820a10c"
            ],
            "subnet_id": "subnet-044a2b84ce8b24885"
          },
          "sensitive_attributes": [],
          "private": "bnVsbA==",
          "dependencies": [
            "aws_kms_key.key",
            "module.efs.aws_efs_file_system.efs",
            "module.efs.aws_security_group.efs",
            "module.eks.aws_cloudwatch_log_group.this",
            "module.eks.aws_eks_cluster.this",
            "module.eks.aws_iam_role.this",
            "module.eks.aws_iam_role_policy_attachment.this",
            "module.eks.aws_security_group.cluster",
            "module.eks.aws_security_group.node",
            "module.eks.aws_security_group_rule.cluster",
            "module.eks.aws_security_group_rule.node",
            "module.eks.data.aws_iam_policy_document.assume_role_policy",
            "module.eks.data.aws_partition.current",
            "module.vpc.aws_subnet.private",
            "module.vpc.aws_subnet.public",
            "module.vpc.aws_vpc.this",
            "module.vpc.aws_vpc_ipv4_cidr_block_association.this"
          ]
        },
        {
          "index_key": 1,
          "schema_version": 0,
          "attributes": {
            "availability_zone_id": "euw2-az3",
            "availability_zone_name": "eu-west-2b",
            "dns_name": "fs-094abe4625389fe93.efs.eu-west-2.amazonaws.com",
            "file_system_arn": "arn:aws:elasticfilesystem:eu-west-2:462068371076:file-system/fs-094abe4625389fe93",
            "file_system_id": "fs-094abe4625389fe93",
            "id": "fsmt-07b0fa93b3f078a38",
            "ip_address": "10.10.11.159",
            "mount_target_dns_name": "eu-west-2b.fs-094abe4625389fe93.efs.eu-west-2.amazonaws.com",
            "network_interface_id": "eni-04956841a827a9c2c",
            "owner_id": "462068371076",
            "security_groups": [
              "sg-074d522740820a10c"
            ],
            "subnet_id": "subnet-05429611be9e990f5"
          },
          "sensitive_attributes": [],
          "private": "bnVsbA==",
          "dependencies": [
            "aws_kms_key.key",
            "module.efs.aws_efs_file_system.efs",
            "module.efs.aws_security_group.efs",
            "module.eks.aws_cloudwatch_log_group.this",
            "module.eks.aws_eks_cluster.this",
            "module.eks.aws_iam_role.this",
            "module.eks.aws_iam_role_policy_attachment.this",
            "module.eks.aws_security_group.cluster",
            "module.eks.aws_security_group.node",
            "module.eks.aws_security_group_rule.cluster",
            "module.eks.aws_security_group_rule.node",
            "module.eks.data.aws_iam_policy_document.assume_role_policy",
            "module.eks.data.aws_partition.current",
            "module.vpc.aws_subnet.private",
            "module.vpc.aws_subnet.public",
            "module.vpc.aws_vpc.this",
            "module.vpc.aws_vpc_ipv4_cidr_block_association.this"
          ]
        },
        {
          "index_key": 2,
          "schema_version": 0,
          "attributes": {
            "availability_zone_id": "euw2-az1",
            "availability_zone_name": "eu-west-2c",
            "dns_name": "fs-094abe4625389fe93.efs.eu-west-2.amazonaws.com",
            "file_system_arn": "arn:aws:elasticfilesystem:eu-west-2:462068371076:file-system/fs-094abe4625389fe93",
            "file_system_id": "fs-094abe4625389fe93",
            "id": "fsmt-0d35367635542f619",
            "ip_address": "10.10.12.25",
            "mount_target_dns_name": "eu-west-2c.fs-094abe4625389fe93.efs.eu-west-2.amazonaws.com",
            "network_interface_id": "eni-03bcf0a72e11570dc",
            "owner_id": "462068371076",
            "security_groups": [
              "sg-074d522740820a10c"
            ],
            "subnet_id": "subnet-017c07b88b48eb51f"
          },
          "sensitive_attributes": [],
          "private": "bnVsbA==",
          "dependencies": [
            "aws_kms_key.key",
            "module.efs.aws_efs_file_system.efs",
            "module.efs.aws_security_group.efs",
            "module.eks.aws_cloudwatch_log_group.this",
            "module.eks.aws_eks_cluster.this",
            "module.eks.aws_iam_role.this",
            "module.eks.aws_iam_role_policy_attachment.this",
            "module.eks.aws_security_group.cluster",
            "module.eks.aws_security_group.node",
            "module.eks.aws_security_group_rule.cluster",
            "module.eks.aws_security_group_rule.node",
            "module.eks.data.aws_iam_policy_document.assume_role_policy",
            "module.eks.data.aws_partition.current",
            "module.vpc.aws_subnet.private",
            "module.vpc.aws_subnet.public",
            "module.vpc.aws_vpc.this",
            "module.vpc.aws_vpc_ipv4_cidr_block_association.this"
          ]
        }
      ]
    },
    {
      "module": "module.efs[0]",
      "mode": "managed",
      "type": "aws_security_group",
      "name": "efs",
      "provider": "provider[\"registry.terraform.io/hashicorp/aws\"]",
      "instances": [
        {
          "schema_version": 1,
          "attributes": {
            "arn": "arn:aws:ec2:eu-west-2:462068371076:security-group/sg-074d522740820a10c",
            "description": "Allos inbound efs traffic from EKS node",
            "egress": [
              {
                "cidr_blocks": [],
                "description": "",
                "from_port": 0,
                "ipv6_cidr_blocks": [],
                "prefix_list_ids": [],
                "protocol": "-1",
                "security_groups": [
                  "sg-0767ad0acd46f4616",
                  "sg-094fb4c742c4c87dc"
                ],
                "self": false,
                "to_port": 0
              }
            ],
            "id": "sg-074d522740820a10c",
            "ingress": [
              {
                "cidr_blocks": [],
                "description": "",
                "from_port": 2049,
                "ipv6_cidr_blocks": [],
                "prefix_list_ids": [],
                "protocol": "tcp",
                "security_groups": [
                  "sg-0767ad0acd46f4616",
                  "sg-094fb4c742c4c87dc"
                ],
                "self": false,
                "to_port": 2049
              }
            ],
            "name": "efs-sg",
            "name_prefix": "",
            "owner_id": "462068371076",
            "revoke_rules_on_delete": false,
            "tags": {
              "environment": "dev",
              "project": "Minh",
              "provision_by": "Terraform",
              "tenant": "462068371076",
              "terraform_version": "v1.1.2",
              "zone": "ops"
            },
            "tags_all": {
              "environment": "dev",
              "project": "Minh",
              "provision_by": "Terraform",
              "tenant": "462068371076",
              "terraform_version": "v1.1.2",
              "zone": "ops"
            },
            "timeouts": null,
            "vpc_id": "vpc-03bfe955d560ff194"
          },
          "sensitive_attributes": [],
          "private": "eyJlMmJmYjczMC1lY2FhLTExZTYtOGY4OC0zNDM2M2JjN2M0YzAiOnsiY3JlYXRlIjo2MDAwMDAwMDAwMDAsImRlbGV0ZSI6OTAwMDAwMDAwMDAwfSwic2NoZW1hX3ZlcnNpb24iOiIxIn0=",
          "dependencies": [
            "aws_kms_key.key",
            "module.eks.aws_cloudwatch_log_group.this",
            "module.eks.aws_eks_cluster.this",
            "module.eks.aws_iam_role.this",
            "module.eks.aws_iam_role_policy_attachment.this",
            "module.eks.aws_security_group.cluster",
            "module.eks.aws_security_group.node",
            "module.eks.aws_security_group_rule.cluster",
            "module.eks.aws_security_group_rule.node",
            "module.eks.data.aws_iam_policy_document.assume_role_policy",
            "module.eks.data.aws_partition.current",
            "module.vpc.aws_subnet.private",
            "module.vpc.aws_subnet.public",
            "module.vpc.aws_vpc.this",
            "module.vpc.aws_vpc_ipv4_cidr_block_association.this"
          ]
        }
      ]
    },
    {
      "module": "module.eks",
      "mode": "data",
      "type": "aws_iam_policy_document",
      "name": "assume_role_policy",
      "provider": "provider[\"registry.terraform.io/hashicorp/aws\"]",
      "instances": [
        {
          "index_key": 0,
          "schema_version": 0,
          "attributes": {
            "id": "2764486067",
            "json": "{\n  \"Version\": \"2012-10-17\",\n  \"Statement\": [\n    {\n      \"Sid\": \"EKSClusterAssumeRole\",\n      \"Effect\": \"Allow\",\n      \"Action\": \"sts:AssumeRole\",\n      \"Principal\": {\n        \"Service\": \"eks.amazonaws.com\"\n      }\n    }\n  ]\n}",
            "override_json": null,
            "override_policy_documents": null,
            "policy_id": null,
            "source_json": null,
            "source_policy_documents": null,
            "statement": [
              {
                "actions": [
                  "sts:AssumeRole"
                ],
                "condition": [],
                "effect": "Allow",
                "not_actions": [],
                "not_principals": [],
                "not_resources": [],
                "principals": [
                  {
                    "identifiers": [
                      "eks.amazonaws.com"
                    ],
                    "type": "Service"
                  }
                ],
                "resources": [],
                "sid": "EKSClusterAssumeRole"
              }
            ],
            "version": "2012-10-17"
          },
          "sensitive_attributes": []
        }
      ]
    },
    {
      "module": "module.eks",
      "mode": "data",
      "type": "aws_partition",
      "name": "current",
      "provider": "provider[\"registry.terraform.io/hashicorp/aws\"]",
      "instances": [
        {
          "schema_version": 0,
          "attributes": {
            "dns_suffix": "amazonaws.com",
            "id": "aws",
            "partition": "aws",
            "reverse_dns_prefix": "com.amazonaws"
          },
          "sensitive_attributes": []
        }
      ]
    },
    {
      "module": "module.eks",
      "mode": "data",
      "type": "tls_certificate",
      "name": "this",
      "provider": "provider[\"registry.terraform.io/hashicorp/tls\"]",
      "instances": [
        {
          "index_key": 0,
          "schema_version": 0,
          "attributes": {
            "certificates": [
              {
                "is_ca": true,
                "issuer": "OU=Starfield Class 2 Certification Authority,O=Starfield Technologies\\, Inc.,C=US",
                "not_after": "2034-06-28T17:39:16Z",
                "not_before": "2009-09-02T00:00:00Z",
                "public_key_algorithm": "RSA",
                "serial_number": "12037640545166866303",
                "sha1_fingerprint": "9e99a48a9960b14926bb7f3b02e22da2b0ab7280",
                "signature_algorithm": "SHA256-RSA",
                "subject": "CN=Starfield Services Root Certificate Authority - G2,O=Starfield Technologies\\, Inc.,L=Scottsdale,ST=Arizona,C=US",
                "version": 3
              },
              {
                "is_ca": true,
                "issuer": "CN=Starfield Services Root Certificate Authority - G2,O=Starfield Technologies\\, Inc.,L=Scottsdale,ST=Arizona,C=US",
                "not_after": "2037-12-31T01:00:00Z",
                "not_before": "2015-05-25T12:00:00Z",
                "public_key_algorithm": "RSA",
                "serial_number": "144918191876577076464031512351042010504348870",
                "sha1_fingerprint": "06b25927c42a721631c1efd9431e648fa62e1e39",
                "signature_algorithm": "SHA256-RSA",
                "subject": "CN=Amazon Root CA 1,O=Amazon,C=US",
                "version": 3
              },
              {
                "is_ca": true,
                "issuer": "CN=Amazon Root CA 1,O=Amazon,C=US",
                "not_after": "2025-10-19T00:00:00Z",
                "not_before": "2015-10-22T00:00:00Z",
                "public_key_algorithm": "RSA",
                "serial_number": "144918209630989264145272943054026349679957517",
                "sha1_fingerprint": "917e732d330f9a12404f73d8bea36948b929dffc",
                "signature_algorithm": "SHA256-RSA",
                "subject": "CN=Amazon,OU=Server CA 1B,O=Amazon,C=US",
                "version": 3
              },
              {
                "is_ca": false,
                "issuer": "CN=Amazon,OU=Server CA 1B,O=Amazon,C=US",
                "not_after": "2022-07-13T23:59:59Z",
                "not_before": "2021-06-14T00:00:00Z",
                "public_key_algorithm": "RSA",
                "serial_number": "16241580774931680871949778709241097127",
                "sha1_fingerprint": "ae0d4fe9d0f57e15eba465c6d4e1e6cd04d33a18",
                "signature_algorithm": "SHA256-RSA",
                "subject": "CN=oidc.eks.eu-west-2.amazonaws.com",
                "version": 3
              }
            ],
            "id": "2022-02-08 05:05:09.959889209 +0000 UTC",
            "url": "https://oidc.eks.eu-west-2.amazonaws.com/id/5FD58B36912CA4C80BD586B5F559C171",
            "verify_chain": true
          },
          "sensitive_attributes": []
        }
      ]
    },
    {
      "module": "module.eks",
      "mode": "managed",
      "type": "aws_cloudwatch_log_group",
      "name": "this",
      "provider": "provider[\"registry.terraform.io/hashicorp/aws\"]",
      "instances": [
        {
          "index_key": 0,
          "schema_version": 0,
          "attributes": {
            "arn": "arn:aws:logs:eu-west-2:462068371076:log-group:/aws/eks/462068371076-dev-ops-eks/cluster",
            "id": "/aws/eks/462068371076-dev-ops-eks/cluster",
            "kms_key_id": "",
            "name": "/aws/eks/462068371076-dev-ops-eks/cluster",
            "name_prefix": null,
            "retention_in_days": 90,
            "tags": {
              "environment": "dev",
              "karpenter.sh/discovery": "462068371076-dev-ops-eks",
              "project": "Minh",
              "provision_by": "Terraform",
              "tenant": "462068371076",
              "terraform_version": "v1.1.2",
              "zone": "ops"
            },
            "tags_all": {
              "environment": "dev",
              "karpenter.sh/discovery": "462068371076-dev-ops-eks",
              "project": "Minh",
              "provision_by": "Terraform",
              "tenant": "462068371076",
              "terraform_version": "v1.1.2",
              "zone": "ops"
            }
          },
          "sensitive_attributes": [],
          "private": "bnVsbA==",
          "create_before_destroy": true
        }
      ]
    },
    {
      "module": "module.eks",
      "mode": "managed",
      "type": "aws_eks_addon",
      "name": "this",
      "provider": "provider[\"registry.terraform.io/hashicorp/aws\"]",
      "instances": [
        {
          "index_key": "coredns",
          "schema_version": 0,
          "attributes": {
            "addon_name": "coredns",
            "addon_version": "v1.8.4-eksbuild.1",
            "arn": "arn:aws:eks:eu-west-2:462068371076:addon/462068371076-dev-ops-eks/coredns/d0bf4dec-883c-1f84-2498-90516784b659",
            "cluster_name": "462068371076-dev-ops-eks",
            "created_at": "2022-01-27T14:03:21Z",
            "id": "462068371076-dev-ops-eks:coredns",
            "modified_at": "2022-01-27T14:17:45Z",
            "resolve_conflicts": "OVERWRITE",
            "service_account_role_arn": "",
            "tags": {
              "environment": "dev",
              "karpenter.sh/discovery": "462068371076-dev-ops-eks",
              "project": "Minh",
              "provision_by": "Terraform",
              "tenant": "462068371076",
              "terraform_version": "v1.1.2",
              "zone": "ops"
            },
            "tags_all": {
              "environment": "dev",
              "karpenter.sh/discovery": "462068371076-dev-ops-eks",
              "project": "Minh",
              "provision_by": "Terraform",
              "tenant": "462068371076",
              "terraform_version": "v1.1.2",
              "zone": "ops"
            }
          },
          "sensitive_attributes": [],
          "private": "bnVsbA==",
          "dependencies": [
            "aws_kms_key.key",
            "module.eks.aws_cloudwatch_log_group.this",
            "module.eks.aws_eks_cluster.this",
            "module.eks.aws_iam_role.this",
            "module.eks.aws_iam_role_policy_attachment.this",
            "module.eks.aws_security_group.cluster",
            "module.eks.aws_security_group.node",
            "module.eks.aws_security_group_rule.cluster",
            "module.eks.aws_security_group_rule.node",
            "module.eks.data.aws_iam_policy_document.assume_role_policy",
            "module.eks.data.aws_partition.current",
            "module.vpc.aws_subnet.private",
            "module.vpc.aws_subnet.public",
            "module.vpc.aws_vpc.this",
            "module.vpc.aws_vpc_ipv4_cidr_block_association.this"
          ]
        },
        {
          "index_key": "kube-proxy",
          "schema_version": 0,
          "attributes": {
            "addon_name": "kube-proxy",
            "addon_version": "v1.21.2-eksbuild.2",
            "arn": "arn:aws:eks:eu-west-2:462068371076:addon/462068371076-dev-ops-eks/kube-proxy/32bf4df7-8d14-0ec3-73c6-1b457ab19cb5",
            "cluster_name": "462068371076-dev-ops-eks",
            "created_at": "2022-01-27T14:27:25Z",
            "id": "462068371076-dev-ops-eks:kube-proxy",
            "modified_at": "2022-01-27T14:27:56Z",
            "resolve_conflicts": "OVERWRITE",
            "service_account_role_arn": "",
            "tags": {
              "environment": "dev",
              "karpenter.sh/discovery": "462068371076-dev-ops-eks",
              "project": "Minh",
              "provision_by": "Terraform",
              "tenant": "462068371076",
              "terraform_version": "v1.1.2",
              "zone": "ops"
            },
            "tags_all": {
              "environment": "dev",
              "karpenter.sh/discovery": "462068371076-dev-ops-eks",
              "project": "Minh",
              "provision_by": "Terraform",
              "tenant": "462068371076",
              "terraform_version": "v1.1.2",
              "zone": "ops"
            }
          },
          "sensitive_attributes": [],
          "private": "bnVsbA==",
          "dependencies": [
            "aws_kms_key.key",
            "module.eks.aws_cloudwatch_log_group.this",
            "module.eks.aws_eks_cluster.this",
            "module.eks.aws_iam_role.this",
            "module.eks.aws_iam_role_policy_attachment.this",
            "module.eks.aws_security_group.cluster",
            "module.eks.aws_security_group.node",
            "module.eks.aws_security_group_rule.cluster",
            "module.eks.aws_security_group_rule.node",
            "module.eks.data.aws_iam_policy_document.assume_role_policy",
            "module.eks.data.aws_partition.current",
            "module.vpc.aws_subnet.private",
            "module.vpc.aws_subnet.public",
            "module.vpc.aws_vpc.this",
            "module.vpc.aws_vpc_ipv4_cidr_block_association.this"
          ]
        },
        {
          "index_key": "vpc-cni",
          "schema_version": 0,
          "attributes": {
            "addon_name": "vpc-cni",
            "addon_version": "v1.10.1-eksbuild.1",
            "arn": "arn:aws:eks:eu-west-2:462068371076:addon/462068371076-dev-ops-eks/vpc-cni/c4bf4dec-8844-1230-cd6f-829cf8c9ed5a",
            "cluster_name": "462068371076-dev-ops-eks",
            "created_at": "2022-01-27T14:03:21Z",
            "id": "462068371076-dev-ops-eks:vpc-cni",
            "modified_at": "2022-01-27T14:03:22Z",
            "resolve_conflicts": "OVERWRITE",
            "service_account_role_arn": "",
            "tags": {
              "environment": "dev",
              "karpenter.sh/discovery": "462068371076-dev-ops-eks",
              "project": "Minh",
              "provision_by": "Terraform",
              "tenant": "462068371076",
              "terraform_version": "v1.1.2",
              "zone": "ops"
            },
            "tags_all": {
              "environment": "dev",
              "karpenter.sh/discovery": "462068371076-dev-ops-eks",
              "project": "Minh",
              "provision_by": "Terraform",
              "tenant": "462068371076",
              "terraform_version": "v1.1.2",
              "zone": "ops"
            }
          },
          "sensitive_attributes": [],
          "private": "bnVsbA==",
          "dependencies": [
            "aws_kms_key.key",
            "module.eks.aws_cloudwatch_log_group.this",
            "module.eks.aws_eks_cluster.this",
            "module.eks.aws_iam_role.this",
            "module.eks.aws_iam_role_policy_attachment.this",
            "module.eks.aws_security_group.cluster",
            "module.eks.aws_security_group.node",
            "module.eks.aws_security_group_rule.cluster",
            "module.eks.aws_security_group_rule.node",
            "module.eks.data.aws_iam_policy_document.assume_role_policy",
            "module.eks.data.aws_partition.current",
            "module.vpc.aws_subnet.private",
            "module.vpc.aws_subnet.public",
            "module.vpc.aws_vpc.this",
            "module.vpc.aws_vpc_ipv4_cidr_block_association.this"
          ]
        }
      ]
    },
    {
      "module": "module.eks",
      "mode": "managed",
      "type": "aws_eks_cluster",
      "name": "this",
      "provider": "provider[\"registry.terraform.io/hashicorp/aws\"]",
      "instances": [
        {
          "index_key": 0,
          "schema_version": 0,
          "attributes": {
            "arn": "arn:aws:eks:eu-west-2:462068371076:cluster/462068371076-dev-ops-eks",
            "certificate_authority": [
              {
                "data": "LS0tLS1CRUdJTiBDRVJUSUZJQ0FURS0tLS0tCk1JSUM1ekNDQWMrZ0F3SUJBZ0lCQURBTkJna3Foa2lHOXcwQkFRc0ZBREFWTVJNd0VRWURWUVFERXdwcmRXSmwKY201bGRHVnpNQjRYRFRJeU1ERXlOekV6TlRjME4xb1hEVE15TURFeU5URXpOVGMwTjFvd0ZURVRNQkVHQTFVRQpBeE1LYTNWaVpYSnVaWFJsY3pDQ0FTSXdEUVlKS29aSWh2Y05BUUVCQlFBRGdnRVBBRENDQVFvQ2dnRUJBS3dRCjMyNU54YTVuTGVSRERBV3NaQk1XZjBNWnNZWUNsdlAycVNsaHFidG83ZCtWb3lmUnVMOEw4N2haWllpSnd4aTUKOXNyT2QyMldoU1EzRVA3bVFUb1JtVDdqcDdPWUFLUGhCQXcwalR0aFdFcWlJb3Q3TG1xSEYyTjdnN1ZxOElyVAoybG5Cd3dleWJCbmZjNmVSNWs1eFZqdW52NUN5TnIrSy93bDFVeW9mWVE3K1FkRXdJc0E3K1hPYVcxbWN0LzBLCmpyWkFCSnRxazlhVmFRUnZRQ3VXczM0VlQ5ckRHQnpvSmpscVJVbWx1ZUYvcVdSTWlsZXMvcUlMcXlCNndZWlAKbEtOWHlVb0wzYVh6bGRpUUVUenNtbVZ3ZkI1RnI3Z0FhWk0vVW1FbFp0eHZ0T1RxTEx5dCtscS80T21GMUhoMQpjSG54V3drSlFYMGgydWI3VVZFQ0F3RUFBYU5DTUVBd0RnWURWUjBQQVFIL0JBUURBZ0trTUE4R0ExVWRFd0VCCi93UUZNQU1CQWY4d0hRWURWUjBPQkJZRUZQM2FUSTA4VzM3MG0rU0crMzJyMjZFdDA2ZC9NQTBHQ1NxR1NJYjMKRFFFQkN3VUFBNElCQVFBYUZ6VGpZVXFwU2krbTJnVDBFZCtlbG1VMEFlUExhSmdmRjc5blJOMDUzcjlkeDZCYgo0ZWRVWWliQ2ZQeXlOVVo1dXdMM1RXRk44eGUxeG1JYU1qbjkyYXBGRjBqSmhST3Z2THZPdnR4Y0JMM2k2ZmtLCjJWWS90Z0k1UUliWU42cmI2eW54a2k2S1p1YjM5MnhvSFBqTmdoQ3lTMUdPZVlTZkJoTENvUWorSjA3MjVpd0YKT1A0Wm5DS292YVI1cnhORGV4NnZvWm04VHM5dzVxNjFpUHZXNW01VnFkcXJ6OGxiRklocnRCK2crMGpLeDdnWgpNWWFyQk5qUmVpQ25uS1NMU0s3U2F1U0thTjgxcnBDemRTWmdCYkhoMjk3YzJZTW5tUFp0dXFML1k1M0N5Rm1KCk1RVEF5Nk4vUDQxWmpQaVcrQ0dXYmdWek5hQW1FeWwzSGtJeQotLS0tLUVORCBDRVJUSUZJQ0FURS0tLS0tCg=="
              }
            ],
            "created_at": "2022-01-27 13:52:03.732 +0000 UTC",
            "enabled_cluster_log_types": [
              "api",
              "audit",
              "authenticator"
            ],
            "encryption_config": [
              {
                "provider": [
                  {
                    "key_arn": "arn:aws:kms:eu-west-2:462068371076:key/f00df260-cf63-48dd-bc2e-77f83e0da4e5"
                  }
                ],
                "resources": [
                  "secrets"
                ]
              }
            ],
            "endpoint": "https://5FD58B36912CA4C80BD586B5F559C171.yl4.eu-west-2.eks.amazonaws.com",
            "id": "462068371076-dev-ops-eks",
            "identity": [
              {
                "oidc": [
                  {
                    "issuer": "https://oidc.eks.eu-west-2.amazonaws.com/id/5FD58B36912CA4C80BD586B5F559C171"
                  }
                ]
              }
            ],
            "kubernetes_network_config": [
              {
                "ip_family": "ipv4",
                "service_ipv4_cidr": "172.20.0.0/16"
              }
            ],
            "name": "462068371076-dev-ops-eks",
            "platform_version": "eks.4",
            "role_arn": "arn:aws:iam::462068371076:role/462068371076-dev-ops-eks-cluster-20220127135112865800000003",
            "status": "ACTIVE",
            "tags": {
              "environment": "dev",
              "karpenter.sh/discovery": "462068371076-dev-ops-eks",
              "project": "Minh",
              "provision_by": "Terraform",
              "tenant": "462068371076",
              "terraform_version": "v1.1.2",
              "zone": "ops"
            },
            "tags_all": {
              "environment": "dev",
              "karpenter.sh/discovery": "462068371076-dev-ops-eks",
              "project": "Minh",
              "provision_by": "Terraform",
              "tenant": "462068371076",
              "terraform_version": "v1.1.2",
              "zone": "ops"
            },
            "timeouts": {
              "create": null,
              "delete": null,
              "update": null
            },
            "version": "1.21",
            "vpc_config": [
              {
                "cluster_security_group_id": "sg-0767ad0acd46f4616",
                "endpoint_private_access": true,
                "endpoint_public_access": true,
                "public_access_cidrs": [
                  "0.0.0.0/0"
                ],
                "security_group_ids": [
                  "sg-0c2c61f402120463e"
                ],
                "subnet_ids": [
                  "subnet-00a2172c7548f0f62",
                  "subnet-017c07b88b48eb51f",
                  "subnet-044a2b84ce8b24885",
                  "subnet-05429611be9e990f5",
                  "subnet-0c94e7e5c66eddadd",
                  "subnet-0f4d84020cfe352f7"
                ],
                "vpc_id": "vpc-03bfe955d560ff194"
              }
            ]
          },
          "sensitive_attributes": [],
          "private": "eyJlMmJmYjczMC1lY2FhLTExZTYtOGY4OC0zNDM2M2JjN2M0YzAiOnsiY3JlYXRlIjoxODAwMDAwMDAwMDAwLCJkZWxldGUiOjkwMDAwMDAwMDAwMCwidXBkYXRlIjozNjAwMDAwMDAwMDAwfX0=",
          "dependencies": [
            "aws_kms_key.key",
            "module.eks.aws_cloudwatch_log_group.this",
            "module.eks.aws_iam_role.this",
            "module.eks.aws_iam_role_policy_attachment.this",
            "module.eks.aws_security_group.cluster",
            "module.eks.aws_security_group.node",
            "module.eks.aws_security_group_rule.cluster",
            "module.eks.aws_security_group_rule.node",
            "module.eks.data.aws_iam_policy_document.assume_role_policy",
            "module.eks.data.aws_partition.current",
            "module.vpc.aws_subnet.private",
            "module.vpc.aws_subnet.public",
            "module.vpc.aws_vpc.this",
            "module.vpc.aws_vpc_ipv4_cidr_block_association.this"
          ],
          "create_before_destroy": true
        }
      ]
    },
    {
      "module": "module.eks",
      "mode": "managed",
      "type": "aws_iam_openid_connect_provider",
      "name": "oidc_provider",
      "provider": "provider[\"registry.terraform.io/hashicorp/aws\"]",
      "instances": [
        {
          "index_key": 0,
          "schema_version": 0,
          "attributes": {
            "arn": "arn:aws:iam::462068371076:oidc-provider/oidc.eks.eu-west-2.amazonaws.com/id/5FD58B36912CA4C80BD586B5F559C171",
            "client_id_list": [
              "sts.amazonaws.com"
            ],
            "id": "arn:aws:iam::462068371076:oidc-provider/oidc.eks.eu-west-2.amazonaws.com/id/5FD58B36912CA4C80BD586B5F559C171",
            "tags": {
              "Name": "462068371076-dev-ops-eks-eks-irsa",
              "environment": "dev",
              "karpenter.sh/discovery": "462068371076-dev-ops-eks",
              "project": "Minh",
              "provision_by": "Terraform",
              "tenant": "462068371076",
              "terraform_version": "v1.1.2",
              "zone": "ops"
            },
            "tags_all": {
              "Name": "462068371076-dev-ops-eks-eks-irsa",
              "environment": "dev",
              "karpenter.sh/discovery": "462068371076-dev-ops-eks",
              "project": "Minh",
              "provision_by": "Terraform",
              "tenant": "462068371076",
              "terraform_version": "v1.1.2",
              "zone": "ops"
            },
            "thumbprint_list": [
              "9e99a48a9960b14926bb7f3b02e22da2b0ab7280"
            ],
            "url": "oidc.eks.eu-west-2.amazonaws.com/id/5FD58B36912CA4C80BD586B5F559C171"
          },
          "sensitive_attributes": [],
          "private": "bnVsbA==",
          "dependencies": [
            "aws_kms_key.key",
            "module.eks.aws_cloudwatch_log_group.this",
            "module.eks.aws_eks_cluster.this",
            "module.eks.aws_iam_role.this",
            "module.eks.aws_iam_role_policy_attachment.this",
            "module.eks.aws_security_group.cluster",
            "module.eks.aws_security_group.node",
            "module.eks.aws_security_group_rule.cluster",
            "module.eks.aws_security_group_rule.node",
            "module.eks.data.aws_iam_policy_document.assume_role_policy",
            "module.eks.data.aws_partition.current",
            "module.eks.data.tls_certificate.this",
            "module.vpc.aws_subnet.private",
            "module.vpc.aws_subnet.public",
            "module.vpc.aws_vpc.this",
            "module.vpc.aws_vpc_ipv4_cidr_block_association.this"
          ]
        }
      ]
    },
    {
      "module": "module.eks",
      "mode": "managed",
      "type": "aws_iam_role",
      "name": "this",
      "provider": "provider[\"registry.terraform.io/hashicorp/aws\"]",
      "instances": [
        {
          "index_key": 0,
          "schema_version": 0,
          "attributes": {
            "arn": "arn:aws:iam::462068371076:role/462068371076-dev-ops-eks-cluster-20220127135112865800000003",
            "assume_role_policy": "{\"Version\":\"2012-10-17\",\"Statement\":[{\"Sid\":\"EKSClusterAssumeRole\",\"Effect\":\"Allow\",\"Principal\":{\"Service\":\"eks.amazonaws.com\"},\"Action\":\"sts:AssumeRole\"}]}",
            "create_date": "2022-01-27T13:51:13Z",
            "description": "",
            "force_detach_policies": true,
            "id": "462068371076-dev-ops-eks-cluster-20220127135112865800000003",
            "inline_policy": [
              {
                "name": "",
                "policy": ""
              }
            ],
            "managed_policy_arns": [
              "arn:aws:iam::aws:policy/AmazonEKSClusterPolicy",
              "arn:aws:iam::aws:policy/AmazonEKSVPCResourceController"
            ],
            "max_session_duration": 3600,
            "name": "462068371076-dev-ops-eks-cluster-20220127135112865800000003",
            "name_prefix": "462068371076-dev-ops-eks-cluster-",
            "path": "/",
            "permissions_boundary": null,
            "tags": {
              "environment": "dev",
              "karpenter.sh/discovery": "462068371076-dev-ops-eks",
              "project": "Minh",
              "provision_by": "Terraform",
              "tenant": "462068371076",
              "terraform_version": "v1.1.2",
              "zone": "ops"
            },
            "tags_all": {
              "environment": "dev",
              "karpenter.sh/discovery": "462068371076-dev-ops-eks",
              "project": "Minh",
              "provision_by": "Terraform",
              "tenant": "462068371076",
              "terraform_version": "v1.1.2",
              "zone": "ops"
            },
            "unique_id": "AROAWXFLLZ2CC7AFRWCUM"
          },
          "sensitive_attributes": [],
          "private": "bnVsbA==",
          "dependencies": [
            "module.eks.data.aws_iam_policy_document.assume_role_policy"
          ],
          "create_before_destroy": true
        }
      ]
    },
    {
      "module": "module.eks",
      "mode": "managed",
      "type": "aws_iam_role_policy_attachment",
      "name": "this",
      "provider": "provider[\"registry.terraform.io/hashicorp/aws\"]",
      "instances": [
        {
          "index_key": "arn:aws:iam::aws:policy/AmazonEKSClusterPolicy",
          "schema_version": 0,
          "attributes": {
            "id": "462068371076-dev-ops-eks-cluster-20220127135112865800000003-20220127135118302900000006",
            "policy_arn": "arn:aws:iam::aws:policy/AmazonEKSClusterPolicy",
            "role": "462068371076-dev-ops-eks-cluster-20220127135112865800000003"
          },
          "sensitive_attributes": [],
          "private": "bnVsbA==",
          "dependencies": [
            "module.eks.aws_iam_role.this",
            "module.eks.data.aws_iam_policy_document.assume_role_policy",
            "module.eks.data.aws_partition.current"
          ],
          "create_before_destroy": true
        },
        {
          "index_key": "arn:aws:iam::aws:policy/AmazonEKSVPCResourceController",
          "schema_version": 0,
          "attributes": {
            "id": "462068371076-dev-ops-eks-cluster-20220127135112865800000003-20220127135118293200000005",
            "policy_arn": "arn:aws:iam::aws:policy/AmazonEKSVPCResourceController",
            "role": "462068371076-dev-ops-eks-cluster-20220127135112865800000003"
          },
          "sensitive_attributes": [],
          "private": "bnVsbA==",
          "dependencies": [
            "module.eks.aws_iam_role.this",
            "module.eks.data.aws_iam_policy_document.assume_role_policy",
            "module.eks.data.aws_partition.current"
          ],
          "create_before_destroy": true
        }
      ]
    },
    {
      "module": "module.eks",
      "mode": "managed",
      "type": "aws_security_group",
      "name": "cluster",
      "provider": "provider[\"registry.terraform.io/hashicorp/aws\"]",
      "instances": [
        {
          "index_key": 0,
          "schema_version": 1,
          "attributes": {
            "arn": "arn:aws:ec2:eu-west-2:462068371076:security-group/sg-0c2c61f402120463e",
            "description": "EKS cluster security group",
            "egress": [
              {
                "cidr_blocks": [],
                "description": "Cluster API to node groups",
                "from_port": 443,
                "ipv6_cidr_blocks": [],
                "prefix_list_ids": [],
                "protocol": "tcp",
                "security_groups": [
                  "sg-094fb4c742c4c87dc"
                ],
                "self": false,
                "to_port": 443
              },
              {
                "cidr_blocks": [],
                "description": "Cluster API to node kubelets",
                "from_port": 10250,
                "ipv6_cidr_blocks": [],
                "prefix_list_ids": [],
                "protocol": "tcp",
                "security_groups": [
                  "sg-094fb4c742c4c87dc"
                ],
                "self": false,
                "to_port": 10250
              }
            ],
            "id": "sg-0c2c61f402120463e",
            "ingress": [
              {
                "cidr_blocks": [],
                "description": "Node groups to cluster API",
                "from_port": 443,
                "ipv6_cidr_blocks": [],
                "prefix_list_ids": [],
                "protocol": "tcp",
                "security_groups": [
                  "sg-094fb4c742c4c87dc"
                ],
                "self": false,
                "to_port": 443
              }
            ],
            "name": "462068371076-dev-ops-eks-cluster-20220127135131715800000007",
            "name_prefix": "462068371076-dev-ops-eks-cluster-",
            "owner_id": "462068371076",
            "revoke_rules_on_delete": false,
            "tags": {
              "Name": "462068371076-dev-ops-eks-cluster",
              "environment": "dev",
              "karpenter.sh/discovery": "462068371076-dev-ops-eks",
              "project": "Minh",
              "provision_by": "Terraform",
              "tenant": "462068371076",
              "terraform_version": "v1.1.2",
              "zone": "ops"
            },
            "tags_all": {
              "Name": "462068371076-dev-ops-eks-cluster",
              "environment": "dev",
              "karpenter.sh/discovery": "462068371076-dev-ops-eks",
              "project": "Minh",
              "provision_by": "Terraform",
              "tenant": "462068371076",
              "terraform_version": "v1.1.2",
              "zone": "ops"
            },
            "timeouts": null,
            "vpc_id": "vpc-03bfe955d560ff194"
          },
          "sensitive_attributes": [],
          "private": "eyJlMmJmYjczMC1lY2FhLTExZTYtOGY4OC0zNDM2M2JjN2M0YzAiOnsiY3JlYXRlIjo2MDAwMDAwMDAwMDAsImRlbGV0ZSI6OTAwMDAwMDAwMDAwfSwic2NoZW1hX3ZlcnNpb24iOiIxIn0=",
          "dependencies": [
            "module.vpc.aws_vpc.this"
          ],
          "create_before_destroy": true
        }
      ]
    },
    {
      "module": "module.eks",
      "mode": "managed",
      "type": "aws_security_group",
      "name": "node",
      "provider": "provider[\"registry.terraform.io/hashicorp/aws\"]",
      "instances": [
        {
          "index_key": 0,
          "schema_version": 1,
          "attributes": {
            "arn": "arn:aws:ec2:eu-west-2:462068371076:security-group/sg-094fb4c742c4c87dc",
            "description": "EKS node shared security group",
            "egress": [
              {
                "cidr_blocks": [
                  "0.0.0.0/0"
                ],
                "description": "Egress NTP/TCP to internet",
                "from_port": 123,
                "ipv6_cidr_blocks": [],
                "prefix_list_ids": [],
                "protocol": "tcp",
                "security_groups": [],
                "self": false,
                "to_port": 123
              },
              {
                "cidr_blocks": [
                  "0.0.0.0/0"
                ],
                "description": "Egress NTP/UDP to internet",
                "from_port": 123,
                "ipv6_cidr_blocks": [],
                "prefix_list_ids": [],
                "protocol": "udp",
                "security_groups": [],
                "self": false,
                "to_port": 123
              },
              {
                "cidr_blocks": [
                  "0.0.0.0/0"
                ],
                "description": "Egress all HTTPS to internet",
                "from_port": 443,
                "ipv6_cidr_blocks": [],
                "prefix_list_ids": [],
                "protocol": "tcp",
                "security_groups": [],
                "self": false,
                "to_port": 443
              },
              {
                "cidr_blocks": [],
                "description": "Node groups to cluster API",
                "from_port": 443,
                "ipv6_cidr_blocks": [],
                "prefix_list_ids": [],
                "protocol": "tcp",
                "security_groups": [
                  "sg-0c2c61f402120463e"
                ],
                "self": false,
                "to_port": 443
              },
              {
                "cidr_blocks": [],
                "description": "Node to node CoreDNS",
                "from_port": 53,
                "ipv6_cidr_blocks": [],
                "prefix_list_ids": [],
                "protocol": "tcp",
                "security_groups": [],
                "self": true,
                "to_port": 53
              },
              {
                "cidr_blocks": [],
                "description": "Node to node CoreDNS",
                "from_port": 53,
                "ipv6_cidr_blocks": [],
                "prefix_list_ids": [],
                "protocol": "udp",
                "security_groups": [],
                "self": true,
                "to_port": 53
              }
            ],
            "id": "sg-094fb4c742c4c87dc",
            "ingress": [
              {
                "cidr_blocks": [],
                "description": "Cluster API to node groups",
                "from_port": 443,
                "ipv6_cidr_blocks": [],
                "prefix_list_ids": [],
                "protocol": "tcp",
                "security_groups": [
                  "sg-0c2c61f402120463e"
                ],
                "self": false,
                "to_port": 443
              },
              {
                "cidr_blocks": [],
                "description": "Cluster API to node kubelets",
                "from_port": 10250,
                "ipv6_cidr_blocks": [],
                "prefix_list_ids": [],
                "protocol": "tcp",
                "security_groups": [
                  "sg-0c2c61f402120463e"
                ],
                "self": false,
                "to_port": 10250
              },
              {
                "cidr_blocks": [],
                "description": "Node to node CoreDNS",
                "from_port": 53,
                "ipv6_cidr_blocks": [],
                "prefix_list_ids": [],
                "protocol": "tcp",
                "security_groups": [],
                "self": true,
                "to_port": 53
              },
              {
                "cidr_blocks": [],
                "description": "Node to node CoreDNS",
                "from_port": 53,
                "ipv6_cidr_blocks": [],
                "prefix_list_ids": [],
                "protocol": "udp",
                "security_groups": [],
                "self": true,
                "to_port": 53
              }
            ],
            "name": "462068371076-dev-ops-eks-node-20220127135131741400000009",
            "name_prefix": "462068371076-dev-ops-eks-node-",
            "owner_id": "462068371076",
            "revoke_rules_on_delete": false,
            "tags": {
              "Name": "462068371076-dev-ops-eks-node",
              "environment": "dev",
              "karpenter.sh/discovery": "462068371076-dev-ops-eks",
              "kubernetes.io/cluster/462068371076-dev-ops-eks": "owned",
              "project": "Minh",
              "provision_by": "Terraform",
              "tenant": "462068371076",
              "terraform_version": "v1.1.2",
              "zone": "ops"
            },
            "tags_all": {
              "Name": "462068371076-dev-ops-eks-node",
              "environment": "dev",
              "karpenter.sh/discovery": "462068371076-dev-ops-eks",
              "kubernetes.io/cluster/462068371076-dev-ops-eks": "owned",
              "project": "Minh",
              "provision_by": "Terraform",
              "tenant": "462068371076",
              "terraform_version": "v1.1.2",
              "zone": "ops"
            },
            "timeouts": null,
            "vpc_id": "vpc-03bfe955d560ff194"
          },
          "sensitive_attributes": [],
          "private": "eyJlMmJmYjczMC1lY2FhLTExZTYtOGY4OC0zNDM2M2JjN2M0YzAiOnsiY3JlYXRlIjo2MDAwMDAwMDAwMDAsImRlbGV0ZSI6OTAwMDAwMDAwMDAwfSwic2NoZW1hX3ZlcnNpb24iOiIxIn0=",
          "dependencies": [
            "module.vpc.aws_vpc.this"
          ],
          "create_before_destroy": true
        }
      ]
    },
    {
      "module": "module.eks",
      "mode": "managed",
      "type": "aws_security_group_rule",
      "name": "cluster",
      "provider": "provider[\"registry.terraform.io/hashicorp/aws\"]",
      "instances": [
        {
          "index_key": "egress_nodes_443",
          "schema_version": 2,
          "attributes": {
            "cidr_blocks": [],
            "description": "Cluster API to node groups",
            "from_port": 443,
            "id": "sgrule-1672816241",
            "ipv6_cidr_blocks": [],
            "prefix_list_ids": [],
            "protocol": "tcp",
            "security_group_id": "sg-0c2c61f402120463e",
            "self": false,
            "source_security_group_id": "sg-094fb4c742c4c87dc",
            "to_port": 443,
            "type": "egress"
          },
          "sensitive_attributes": [],
          "private": "eyJzY2hlbWFfdmVyc2lvbiI6IjIifQ==",
          "dependencies": [
            "module.eks.aws_security_group.cluster",
            "module.eks.aws_security_group.node",
            "module.vpc.aws_vpc.this"
          ],
          "create_before_destroy": true
        },
        {
          "index_key": "egress_nodes_kubelet",
          "schema_version": 2,
          "attributes": {
            "cidr_blocks": [],
            "description": "Cluster API to node kubelets",
            "from_port": 10250,
            "id": "sgrule-873327205",
            "ipv6_cidr_blocks": [],
            "prefix_list_ids": [],
            "protocol": "tcp",
            "security_group_id": "sg-0c2c61f402120463e",
            "self": false,
            "source_security_group_id": "sg-094fb4c742c4c87dc",
            "to_port": 10250,
            "type": "egress"
          },
          "sensitive_attributes": [],
          "private": "eyJzY2hlbWFfdmVyc2lvbiI6IjIifQ==",
          "dependencies": [
            "module.eks.aws_security_group.cluster",
            "module.eks.aws_security_group.node",
            "module.vpc.aws_vpc.this"
          ],
          "create_before_destroy": true
        },
        {
          "index_key": "ingress_nodes_443",
          "schema_version": 2,
          "attributes": {
            "cidr_blocks": [],
            "description": "Node groups to cluster API",
            "from_port": 443,
            "id": "sgrule-2104848853",
            "ipv6_cidr_blocks": [],
            "prefix_list_ids": [],
            "protocol": "tcp",
            "security_group_id": "sg-0c2c61f402120463e",
            "self": false,
            "source_security_group_id": "sg-094fb4c742c4c87dc",
            "to_port": 443,
            "type": "ingress"
          },
          "sensitive_attributes": [],
          "private": "eyJzY2hlbWFfdmVyc2lvbiI6IjIifQ==",
          "dependencies": [
            "module.eks.aws_security_group.cluster",
            "module.eks.aws_security_group.node",
            "module.vpc.aws_vpc.this"
          ],
          "create_before_destroy": true
        }
      ]
    },
    {
      "module": "module.eks",
      "mode": "managed",
      "type": "aws_security_group_rule",
      "name": "node",
      "provider": "provider[\"registry.terraform.io/hashicorp/aws\"]",
      "instances": [
        {
          "index_key": "egress_cluster_443",
          "schema_version": 2,
          "attributes": {
            "cidr_blocks": [],
            "description": "Node groups to cluster API",
            "from_port": 443,
            "id": "sgrule-2490070734",
            "ipv6_cidr_blocks": [],
            "prefix_list_ids": [],
            "protocol": "tcp",
            "security_group_id": "sg-094fb4c742c4c87dc",
            "self": false,
            "source_security_group_id": "sg-0c2c61f402120463e",
            "to_port": 443,
            "type": "egress"
          },
          "sensitive_attributes": [],
          "private": "eyJzY2hlbWFfdmVyc2lvbiI6IjIifQ==",
          "dependencies": [
            "module.eks.aws_security_group.cluster",
            "module.eks.aws_security_group.node",
            "module.vpc.aws_vpc.this"
          ],
          "create_before_destroy": true
        },
        {
          "index_key": "egress_https",
          "schema_version": 2,
          "attributes": {
            "cidr_blocks": [
              "0.0.0.0/0"
            ],
            "description": "Egress all HTTPS to internet",
            "from_port": 443,
            "id": "sgrule-906537700",
            "ipv6_cidr_blocks": [],
            "prefix_list_ids": [],
            "protocol": "tcp",
            "security_group_id": "sg-094fb4c742c4c87dc",
            "self": false,
            "source_security_group_id": null,
            "to_port": 443,
            "type": "egress"
          },
          "sensitive_attributes": [],
          "private": "eyJzY2hlbWFfdmVyc2lvbiI6IjIifQ==",
          "dependencies": [
            "module.eks.aws_security_group.cluster",
            "module.eks.aws_security_group.node",
            "module.vpc.aws_vpc.this"
          ],
          "create_before_destroy": true
        },
        {
          "index_key": "egress_ntp_tcp",
          "schema_version": 2,
          "attributes": {
            "cidr_blocks": [
              "0.0.0.0/0"
            ],
            "description": "Egress NTP/TCP to internet",
            "from_port": 123,
            "id": "sgrule-3923154938",
            "ipv6_cidr_blocks": [],
            "prefix_list_ids": [],
            "protocol": "tcp",
            "security_group_id": "sg-094fb4c742c4c87dc",
            "self": false,
            "source_security_group_id": null,
            "to_port": 123,
            "type": "egress"
          },
          "sensitive_attributes": [],
          "private": "eyJzY2hlbWFfdmVyc2lvbiI6IjIifQ==",
          "dependencies": [
            "module.eks.aws_security_group.cluster",
            "module.eks.aws_security_group.node",
            "module.vpc.aws_vpc.this"
          ],
          "create_before_destroy": true
        },
        {
          "index_key": "egress_ntp_udp",
          "schema_version": 2,
          "attributes": {
            "cidr_blocks": [
              "0.0.0.0/0"
            ],
            "description": "Egress NTP/UDP to internet",
            "from_port": 123,
            "id": "sgrule-2538124023",
            "ipv6_cidr_blocks": [],
            "prefix_list_ids": [],
            "protocol": "udp",
            "security_group_id": "sg-094fb4c742c4c87dc",
            "self": false,
            "source_security_group_id": null,
            "to_port": 123,
            "type": "egress"
          },
          "sensitive_attributes": [],
          "private": "eyJzY2hlbWFfdmVyc2lvbiI6IjIifQ==",
          "dependencies": [
            "module.eks.aws_security_group.cluster",
            "module.eks.aws_security_group.node",
            "module.vpc.aws_vpc.this"
          ],
          "create_before_destroy": true
        },
        {
          "index_key": "egress_self_coredns_tcp",
          "schema_version": 2,
          "attributes": {
            "cidr_blocks": [],
            "description": "Node to node CoreDNS",
            "from_port": 53,
            "id": "sgrule-1037022154",
            "ipv6_cidr_blocks": [],
            "prefix_list_ids": [],
            "protocol": "tcp",
            "security_group_id": "sg-094fb4c742c4c87dc",
            "self": true,
            "source_security_group_id": "sg-094fb4c742c4c87dc",
            "to_port": 53,
            "type": "egress"
          },
          "sensitive_attributes": [],
          "private": "eyJzY2hlbWFfdmVyc2lvbiI6IjIifQ==",
          "dependencies": [
            "module.eks.aws_security_group.cluster",
            "module.eks.aws_security_group.node",
            "module.vpc.aws_vpc.this"
          ],
          "create_before_destroy": true
        },
        {
          "index_key": "egress_self_coredns_udp",
          "schema_version": 2,
          "attributes": {
            "cidr_blocks": [],
            "description": "Node to node CoreDNS",
            "from_port": 53,
            "id": "sgrule-3014144428",
            "ipv6_cidr_blocks": [],
            "prefix_list_ids": [],
            "protocol": "udp",
            "security_group_id": "sg-094fb4c742c4c87dc",
            "self": true,
            "source_security_group_id": "sg-094fb4c742c4c87dc",
            "to_port": 53,
            "type": "egress"
          },
          "sensitive_attributes": [],
          "private": "eyJzY2hlbWFfdmVyc2lvbiI6IjIifQ==",
          "dependencies": [
            "module.eks.aws_security_group.cluster",
            "module.eks.aws_security_group.node",
            "module.vpc.aws_vpc.this"
          ],
          "create_before_destroy": true
        },
        {
          "index_key": "ingress_cluster_443",
          "schema_version": 2,
          "attributes": {
            "cidr_blocks": [],
            "description": "Cluster API to node groups",
            "from_port": 443,
            "id": "sgrule-3444375540",
            "ipv6_cidr_blocks": [],
            "prefix_list_ids": [],
            "protocol": "tcp",
            "security_group_id": "sg-094fb4c742c4c87dc",
            "self": false,
            "source_security_group_id": "sg-0c2c61f402120463e",
            "to_port": 443,
            "type": "ingress"
          },
          "sensitive_attributes": [],
          "private": "eyJzY2hlbWFfdmVyc2lvbiI6IjIifQ==",
          "dependencies": [
            "module.eks.aws_security_group.cluster",
            "module.eks.aws_security_group.node",
            "module.vpc.aws_vpc.this"
          ],
          "create_before_destroy": true
        },
        {
          "index_key": "ingress_cluster_kubelet",
          "schema_version": 2,
          "attributes": {
            "cidr_blocks": [],
            "description": "Cluster API to node kubelets",
            "from_port": 10250,
            "id": "sgrule-3150962746",
            "ipv6_cidr_blocks": [],
            "prefix_list_ids": [],
            "protocol": "tcp",
            "security_group_id": "sg-094fb4c742c4c87dc",
            "self": false,
            "source_security_group_id": "sg-0c2c61f402120463e",
            "to_port": 10250,
            "type": "ingress"
          },
          "sensitive_attributes": [],
          "private": "eyJzY2hlbWFfdmVyc2lvbiI6IjIifQ==",
          "dependencies": [
            "module.eks.aws_security_group.cluster",
            "module.eks.aws_security_group.node",
            "module.vpc.aws_vpc.this"
          ],
          "create_before_destroy": true
        },
        {
          "index_key": "ingress_self_coredns_tcp",
          "schema_version": 2,
          "attributes": {
            "cidr_blocks": [],
            "description": "Node to node CoreDNS",
            "from_port": 53,
            "id": "sgrule-563634500",
            "ipv6_cidr_blocks": [],
            "prefix_list_ids": [],
            "protocol": "tcp",
            "security_group_id": "sg-094fb4c742c4c87dc",
            "self": true,
            "source_security_group_id": "sg-094fb4c742c4c87dc",
            "to_port": 53,
            "type": "ingress"
          },
          "sensitive_attributes": [],
          "private": "eyJzY2hlbWFfdmVyc2lvbiI6IjIifQ==",
          "dependencies": [
            "module.eks.aws_security_group.cluster",
            "module.eks.aws_security_group.node",
            "module.vpc.aws_vpc.this"
          ],
          "create_before_destroy": true
        },
        {
          "index_key": "ingress_self_coredns_udp",
          "schema_version": 2,
          "attributes": {
            "cidr_blocks": [],
            "description": "Node to node CoreDNS",
            "from_port": 53,
            "id": "sgrule-2244461227",
            "ipv6_cidr_blocks": [],
            "prefix_list_ids": [],
            "protocol": "udp",
            "security_group_id": "sg-094fb4c742c4c87dc",
            "self": true,
            "source_security_group_id": "sg-094fb4c742c4c87dc",
            "to_port": 53,
            "type": "ingress"
          },
          "sensitive_attributes": [],
          "private": "eyJzY2hlbWFfdmVyc2lvbiI6IjIifQ==",
          "dependencies": [
            "module.eks.aws_security_group.cluster",
            "module.eks.aws_security_group.node",
            "module.vpc.aws_vpc.this"
          ],
          "create_before_destroy": true
        }
      ]
    },
    {
      "module": "module.eks.module.eks_managed_node_group[\"mng_addon\"]",
      "mode": "data",
      "type": "aws_caller_identity",
      "name": "current",
      "provider": "provider[\"registry.terraform.io/hashicorp/aws\"]",
      "instances": [
        {
          "schema_version": 0,
          "attributes": {
            "account_id": "462068371076",
            "arn": "arn:aws:iam::462068371076:user/minh_luu",
            "id": "462068371076",
            "user_id": "AIDAWXFLLZ2CCNO364PQ3"
          },
          "sensitive_attributes": []
        }
      ]
    },
    {
      "module": "module.eks.module.eks_managed_node_group[\"mng_addon\"]",
      "mode": "data",
      "type": "aws_iam_policy_document",
      "name": "assume_role_policy",
      "provider": "provider[\"registry.terraform.io/hashicorp/aws\"]",
      "instances": [
        {
          "index_key": 0,
          "schema_version": 0,
          "attributes": {
            "id": "2560088296",
            "json": "{\n  \"Version\": \"2012-10-17\",\n  \"Statement\": [\n    {\n      \"Sid\": \"EKSNodeAssumeRole\",\n      \"Effect\": \"Allow\",\n      \"Action\": \"sts:AssumeRole\",\n      \"Principal\": {\n        \"Service\": \"ec2.amazonaws.com\"\n      }\n    }\n  ]\n}",
            "override_json": null,
            "override_policy_documents": null,
            "policy_id": null,
            "source_json": null,
            "source_policy_documents": null,
            "statement": [
              {
                "actions": [
                  "sts:AssumeRole"
                ],
                "condition": [],
                "effect": "Allow",
                "not_actions": [],
                "not_principals": [],
                "not_resources": [],
                "principals": [
                  {
                    "identifiers": [
                      "ec2.amazonaws.com"
                    ],
                    "type": "Service"
                  }
                ],
                "resources": [],
                "sid": "EKSNodeAssumeRole"
              }
            ],
            "version": "2012-10-17"
          },
          "sensitive_attributes": []
        }
      ]
    },
    {
      "module": "module.eks.module.eks_managed_node_group[\"mng_addon\"]",
      "mode": "data",
      "type": "aws_partition",
      "name": "current",
      "provider": "provider[\"registry.terraform.io/hashicorp/aws\"]",
      "instances": [
        {
          "schema_version": 0,
          "attributes": {
            "dns_suffix": "amazonaws.com",
            "id": "aws",
            "partition": "aws",
            "reverse_dns_prefix": "com.amazonaws"
          },
          "sensitive_attributes": []
        }
      ]
    },
    {
      "module": "module.eks.module.eks_managed_node_group[\"mng_addon\"]",
      "mode": "managed",
      "type": "aws_eks_node_group",
      "name": "this",
      "provider": "provider[\"registry.terraform.io/hashicorp/aws\"]",
      "instances": [
        {
          "index_key": 0,
          "schema_version": 0,
          "attributes": {
            "ami_type": "BOTTLEROCKET_x86_64",
            "arn": "arn:aws:eks:eu-west-2:462068371076:nodegroup/462068371076-dev-ops-eks/mng_addon-20220128034552271000000001/f8bf4f65-0e92-1398-919c-0ba3d0b44a3d",
            "capacity_type": "ON_DEMAND",
            "cluster_name": "462068371076-dev-ops-eks",
            "disk_size": 20,
            "force_update_version": null,
            "id": "462068371076-dev-ops-eks:mng_addon-20220128034552271000000001",
            "instance_types": [
              "m6i.large"
            ],
            "labels": {
              "dedicated": "addon"
            },
            "launch_template": [],
            "node_group_name": "mng_addon-20220128034552271000000001",
            "node_group_name_prefix": "mng_addon-",
            "node_role_arn": "arn:aws:iam::462068371076:role/mng_addon-eks-node-group-2022012713513830560000000a",
            "release_version": "1.5.3-f37bd7cb",
            "remote_access": [],
            "resources": [
              {
                "autoscaling_groups": [
                  {
                    "name": "eks-mng_addon-20220128034552271000000001-f8bf4f65-0e92-1398-919c-0ba3d0b44a3d"
                  }
                ],
                "remote_access_security_group_id": ""
              }
            ],
            "scaling_config": [
              {
                "desired_size": 2,
                "max_size": 2,
                "min_size": 1
              }
            ],
            "status": "ACTIVE",
            "subnet_ids": [
              "subnet-017c07b88b48eb51f",
              "subnet-044a2b84ce8b24885",
              "subnet-05429611be9e990f5"
            ],
            "tags": {
              "Name": "mng_addon",
              "environment": "dev",
              "karpenter.sh/discovery": "462068371076-dev-ops-eks",
              "project": "Minh",
              "provision_by": "Terraform",
              "tenant": "462068371076",
              "terraform_version": "v1.1.2",
              "zone": "ops"
            },
            "tags_all": {
              "Name": "mng_addon",
              "environment": "dev",
              "karpenter.sh/discovery": "462068371076-dev-ops-eks",
              "project": "Minh",
              "provision_by": "Terraform",
              "tenant": "462068371076",
              "terraform_version": "v1.1.2",
              "zone": "ops"
            },
            "taint": [],
            "timeouts": {
              "create": null,
              "delete": null,
              "update": null
            },
            "update_config": [
              {
                "max_unavailable": 1,
                "max_unavailable_percentage": 0
              }
            ],
            "version": "1.21"
          },
          "sensitive_attributes": [],
          "private": "eyJlMmJmYjczMC1lY2FhLTExZTYtOGY4OC0zNDM2M2JjN2M0YzAiOnsiY3JlYXRlIjozNjAwMDAwMDAwMDAwLCJkZWxldGUiOjM2MDAwMDAwMDAwMDAsInVwZGF0ZSI6MzYwMDAwMDAwMDAwMH19",
          "dependencies": [
            "aws_kms_key.key",
            "module.eks.aws_cloudwatch_log_group.this",
            "module.eks.aws_eks_cluster.this",
            "module.eks.aws_iam_role.this",
            "module.eks.aws_iam_role_policy_attachment.this",
            "module.eks.aws_security_group.cluster",
            "module.eks.aws_security_group.node",
            "module.eks.aws_security_group_rule.cluster",
            "module.eks.aws_security_group_rule.node",
            "module.eks.data.aws_iam_policy_document.assume_role_policy",
            "module.eks.data.aws_partition.current",
            "module.eks.module.eks_managed_node_group.aws_iam_role.this",
            "module.eks.module.eks_managed_node_group.aws_iam_role_policy_attachment.this",
            "module.eks.module.eks_managed_node_group.aws_launch_template.this",
            "module.eks.module.eks_managed_node_group.aws_security_group.this",
            "module.eks.module.eks_managed_node_group.aws_security_group_rule.this",
            "module.eks.module.eks_managed_node_group.data.aws_caller_identity.current",
            "module.eks.module.eks_managed_node_group.data.aws_iam_policy_document.assume_role_policy",
            "module.eks.module.eks_managed_node_group.data.aws_partition.current",
            "module.eks.module.eks_managed_node_group.module.user_data.data.cloudinit_config.linux_eks_managed_node_group",
            "module.vpc.aws_subnet.private",
            "module.vpc.aws_subnet.public",
            "module.vpc.aws_vpc.this",
            "module.vpc.aws_vpc_ipv4_cidr_block_association.this"
          ],
          "create_before_destroy": true
        }
      ]
    },
    {
      "module": "module.eks.module.eks_managed_node_group[\"mng_addon\"]",
      "mode": "managed",
      "type": "aws_iam_role",
      "name": "this",
      "provider": "provider[\"registry.terraform.io/hashicorp/aws\"]",
      "instances": [
        {
          "index_key": 0,
          "schema_version": 0,
          "attributes": {
            "arn": "arn:aws:iam::462068371076:role/mng_addon-eks-node-group-2022012713513830560000000a",
            "assume_role_policy": "{\"Version\":\"2012-10-17\",\"Statement\":[{\"Sid\":\"EKSNodeAssumeRole\",\"Effect\":\"Allow\",\"Principal\":{\"Service\":\"ec2.amazonaws.com\"},\"Action\":\"sts:AssumeRole\"}]}",
            "create_date": "2022-01-27T13:51:39Z",
            "description": "EKS managed node group IAM role",
            "force_detach_policies": true,
            "id": "mng_addon-eks-node-group-2022012713513830560000000a",
            "inline_policy": [
              {
                "name": "",
                "policy": ""
              }
            ],
            "managed_policy_arns": [
              "arn:aws:iam::462068371076:policy/462068371076-dev-ops-eks-efs-policy",
              "arn:aws:iam::aws:policy/AmazonEC2ContainerRegistryReadOnly",
              "arn:aws:iam::aws:policy/AmazonEKSWorkerNodePolicy",
              "arn:aws:iam::aws:policy/AmazonEKS_CNI_Policy"
            ],
            "max_session_duration": 3600,
            "name": "mng_addon-eks-node-group-2022012713513830560000000a",
            "name_prefix": "mng_addon-eks-node-group-",
            "path": "/",
            "permissions_boundary": null,
            "tags": {
              "Name": "mng-addon",
              "environment": "dev",
              "karpenter.sh/discovery": "462068371076-dev-ops-eks",
              "project": "Minh",
              "provision_by": "Terraform",
              "tenant": "462068371076",
              "terraform_version": "v1.1.2",
              "zone": "ops"
            },
            "tags_all": {
              "Name": "mng-addon",
              "environment": "dev",
              "karpenter.sh/discovery": "462068371076-dev-ops-eks",
              "project": "Minh",
              "provision_by": "Terraform",
              "tenant": "462068371076",
              "terraform_version": "v1.1.2",
              "zone": "ops"
            },
            "unique_id": "AROAWXFLLZ2COOLHS4CCH"
          },
          "sensitive_attributes": [],
          "private": "bnVsbA==",
          "dependencies": [
            "module.eks.module.eks_managed_node_group.data.aws_iam_policy_document.assume_role_policy",
            "module.eks.module.eks_managed_node_group.data.aws_partition.current",
            "module.vpc.aws_subnet.private",
            "module.vpc.aws_vpc.this",
            "module.vpc.aws_vpc_ipv4_cidr_block_association.this"
          ],
          "create_before_destroy": true
        }
      ]
    },
    {
      "module": "module.eks.module.eks_managed_node_group[\"mng_addon\"]",
      "mode": "managed",
      "type": "aws_iam_role_policy_attachment",
      "name": "this",
      "provider": "provider[\"registry.terraform.io/hashicorp/aws\"]",
      "instances": [
        {
          "index_key": "arn:aws:iam::aws:policy/AmazonEC2ContainerRegistryReadOnly",
          "schema_version": 0,
          "attributes": {
            "id": "mng_addon-eks-node-group-2022012713513830560000000a-2022012713514666380000000c",
            "policy_arn": "arn:aws:iam::aws:policy/AmazonEC2ContainerRegistryReadOnly",
            "role": "mng_addon-eks-node-group-2022012713513830560000000a"
          },
          "sensitive_attributes": [],
          "private": "bnVsbA==",
          "dependencies": [
            "module.eks.module.eks_managed_node_group.aws_iam_role.this",
            "module.eks.module.eks_managed_node_group.data.aws_caller_identity.current",
            "module.eks.module.eks_managed_node_group.data.aws_iam_policy_document.assume_role_policy",
            "module.eks.module.eks_managed_node_group.data.aws_partition.current",
            "module.vpc.aws_subnet.private",
            "module.vpc.aws_vpc.this",
            "module.vpc.aws_vpc_ipv4_cidr_block_association.this"
          ],
          "create_before_destroy": true
        },
        {
          "index_key": "arn:aws:iam::aws:policy/AmazonEKSWorkerNodePolicy",
          "schema_version": 0,
          "attributes": {
            "id": "mng_addon-eks-node-group-2022012713513830560000000a-2022012713514858250000000e",
            "policy_arn": "arn:aws:iam::aws:policy/AmazonEKSWorkerNodePolicy",
            "role": "mng_addon-eks-node-group-2022012713513830560000000a"
          },
          "sensitive_attributes": [],
          "private": "bnVsbA==",
          "dependencies": [
            "module.eks.module.eks_managed_node_group.aws_iam_role.this",
            "module.eks.module.eks_managed_node_group.data.aws_caller_identity.current",
            "module.eks.module.eks_managed_node_group.data.aws_iam_policy_document.assume_role_policy",
            "module.eks.module.eks_managed_node_group.data.aws_partition.current",
            "module.vpc.aws_subnet.private",
            "module.vpc.aws_vpc.this",
            "module.vpc.aws_vpc_ipv4_cidr_block_association.this"
          ],
          "create_before_destroy": true
        },
        {
          "index_key": "arn:aws:iam::aws:policy/AmazonEKS_CNI_Policy",
          "schema_version": 0,
          "attributes": {
            "id": "mng_addon-eks-node-group-2022012713513830560000000a-2022012713514670620000000d",
            "policy_arn": "arn:aws:iam::aws:policy/AmazonEKS_CNI_Policy",
            "role": "mng_addon-eks-node-group-2022012713513830560000000a"
          },
          "sensitive_attributes": [],
          "private": "bnVsbA==",
          "dependencies": [
            "module.eks.module.eks_managed_node_group.aws_iam_role.this",
            "module.eks.module.eks_managed_node_group.data.aws_caller_identity.current",
            "module.eks.module.eks_managed_node_group.data.aws_iam_policy_document.assume_role_policy",
            "module.eks.module.eks_managed_node_group.data.aws_partition.current",
            "module.vpc.aws_subnet.private",
            "module.vpc.aws_vpc.this",
            "module.vpc.aws_vpc_ipv4_cidr_block_association.this"
          ],
          "create_before_destroy": true
        }
      ]
    },
    {
      "module": "module.eks.module.eks_managed_node_group[\"mng_addon\"]",
      "mode": "managed",
      "type": "aws_security_group",
      "name": "this",
      "provider": "provider[\"registry.terraform.io/hashicorp/aws\"]",
      "instances": [
        {
          "index_key": 0,
          "schema_version": 1,
          "attributes": {
            "arn": "arn:aws:ec2:eu-west-2:462068371076:security-group/sg-0118187859f273d2c",
            "description": "EKS managed node group security group",
            "egress": [],
            "id": "sg-0118187859f273d2c",
            "ingress": [],
            "name": "mng_addon-eks-node-group-2022012713513835210000000b",
            "name_prefix": "mng_addon-eks-node-group-",
            "owner_id": "462068371076",
            "revoke_rules_on_delete": false,
            "tags": {
              "Name": "mng_addon-eks-node-group",
              "environment": "dev",
              "karpenter.sh/discovery": "462068371076-dev-ops-eks",
              "project": "Minh",
              "provision_by": "Terraform",
              "tenant": "462068371076",
              "terraform_version": "v1.1.2",
              "zone": "ops"
            },
            "tags_all": {
              "Name": "mng_addon-eks-node-group",
              "environment": "dev",
              "karpenter.sh/discovery": "462068371076-dev-ops-eks",
              "project": "Minh",
              "provision_by": "Terraform",
              "tenant": "462068371076",
              "terraform_version": "v1.1.2",
              "zone": "ops"
            },
            "timeouts": null,
            "vpc_id": "vpc-03bfe955d560ff194"
          },
          "sensitive_attributes": [],
          "private": "eyJlMmJmYjczMC1lY2FhLTExZTYtOGY4OC0zNDM2M2JjN2M0YzAiOnsiY3JlYXRlIjo2MDAwMDAwMDAwMDAsImRlbGV0ZSI6OTAwMDAwMDAwMDAwfSwic2NoZW1hX3ZlcnNpb24iOiIxIn0=",
          "dependencies": [
            "module.vpc.aws_subnet.private",
            "module.vpc.aws_vpc.this",
            "module.vpc.aws_vpc_ipv4_cidr_block_association.this"
          ],
          "create_before_destroy": true
        }
      ]
    },
    {
      "module": "module.eks_ng_app",
      "mode": "data",
      "type": "aws_caller_identity",
      "name": "current",
      "provider": "provider[\"registry.terraform.io/hashicorp/aws\"]",
      "instances": [
        {
          "schema_version": 0,
          "attributes": {
            "account_id": "462068371076",
            "arn": "arn:aws:iam::462068371076:user/minh_luu",
            "id": "462068371076",
            "user_id": "AIDAWXFLLZ2CCNO364PQ3"
          },
          "sensitive_attributes": []
        }
      ]
    },
    {
      "module": "module.eks_ng_app",
      "mode": "data",
      "type": "aws_iam_policy_document",
      "name": "assume_role_policy",
      "provider": "provider[\"registry.terraform.io/hashicorp/aws\"]",
      "instances": [
        {
          "index_key": 0,
          "schema_version": 0,
          "attributes": {
            "id": "2560088296",
            "json": "{\n  \"Version\": \"2012-10-17\",\n  \"Statement\": [\n    {\n      \"Sid\": \"EKSNodeAssumeRole\",\n      \"Effect\": \"Allow\",\n      \"Action\": \"sts:AssumeRole\",\n      \"Principal\": {\n        \"Service\": \"ec2.amazonaws.com\"\n      }\n    }\n  ]\n}",
            "override_json": null,
            "override_policy_documents": null,
            "policy_id": null,
            "source_json": null,
            "source_policy_documents": null,
            "statement": [
              {
                "actions": [
                  "sts:AssumeRole"
                ],
                "condition": [],
                "effect": "Allow",
                "not_actions": [],
                "not_principals": [],
                "not_resources": [],
                "principals": [
                  {
                    "identifiers": [
                      "ec2.amazonaws.com"
                    ],
                    "type": "Service"
                  }
                ],
                "resources": [],
                "sid": "EKSNodeAssumeRole"
              }
            ],
            "version": "2012-10-17"
          },
          "sensitive_attributes": []
        }
      ]
    },
    {
      "module": "module.eks_ng_app",
      "mode": "data",
      "type": "aws_partition",
      "name": "current",
      "provider": "provider[\"registry.terraform.io/hashicorp/aws\"]",
      "instances": [
        {
          "schema_version": 0,
          "attributes": {
            "dns_suffix": "amazonaws.com",
            "id": "aws",
            "partition": "aws",
            "reverse_dns_prefix": "com.amazonaws"
          },
          "sensitive_attributes": []
        }
      ]
    },
    {
      "module": "module.eks_ng_app",
      "mode": "managed",
      "type": "aws_eks_node_group",
      "name": "this",
      "provider": "provider[\"registry.terraform.io/hashicorp/aws\"]",
      "instances": [
        {
          "index_key": 0,
          "schema_version": 0,
          "attributes": {
            "ami_type": "AL2_x86_64",
            "arn": "arn:aws:eks:eu-west-2:462068371076:nodegroup/462068371076-dev-ops-eks/mng-app-20220128072603094700000018/f0bf4fc9-d8f6-d499-aef8-d66d75a69a5e",
            "capacity_type": "ON_DEMAND",
            "cluster_name": "462068371076-dev-ops-eks",
            "disk_size": 20,
            "force_update_version": null,
            "id": "462068371076-dev-ops-eks:mng-app-20220128072603094700000018",
            "instance_types": [
              "t3.medium"
            ],
            "labels": {
              "dedicated": "app",
              "zone-app": "true"
            },
            "launch_template": [],
            "node_group_name": "mng-app-20220128072603094700000018",
            "node_group_name_prefix": "mng-app-",
            "node_role_arn": "arn:aws:iam::462068371076:role/mng-app-eks-node-group-20220128072554362400000004",
            "release_version": "1.21.5-20220123",
            "remote_access": [],
            "resources": [
              {
                "autoscaling_groups": [
                  {
                    "name": "eks-mng-app-20220128072603094700000018-f0bf4fc9-d8f6-d499-aef8-d66d75a69a5e"
                  }
                ],
                "remote_access_security_group_id": ""
              }
            ],
            "scaling_config": [
              {
                "desired_size": 1,
                "max_size": 10,
                "min_size": 1
              }
            ],
            "status": "ACTIVE",
            "subnet_ids": [
              "subnet-017c07b88b48eb51f",
              "subnet-044a2b84ce8b24885",
              "subnet-05429611be9e990f5"
            ],
            "tags": {
              "Name": "mng-app",
              "environment": "dev",
              "project": "Minh",
              "provision_by": "Terraform",
              "tenant": "462068371076",
              "terraform_version": "v1.1.2",
              "zone": "ops"
            },
            "tags_all": {
              "Name": "mng-app",
              "environment": "dev",
              "project": "Minh",
              "provision_by": "Terraform",
              "tenant": "462068371076",
              "terraform_version": "v1.1.2",
              "zone": "ops"
            },
            "taint": [],
            "timeouts": {
              "create": null,
              "delete": null,
              "update": null
            },
            "update_config": [
              {
                "max_unavailable": 1,
                "max_unavailable_percentage": 0
              }
            ],
            "version": "1.21"
          },
          "sensitive_attributes": [],
          "private": "eyJlMmJmYjczMC1lY2FhLTExZTYtOGY4OC0zNDM2M2JjN2M0YzAiOnsiY3JlYXRlIjozNjAwMDAwMDAwMDAwLCJkZWxldGUiOjM2MDAwMDAwMDAwMDAsInVwZGF0ZSI6MzYwMDAwMDAwMDAwMH19",
          "dependencies": [
            "aws_kms_key.key",
            "module.eks.aws_cloudwatch_log_group.this",
            "module.eks.aws_eks_cluster.this",
            "module.eks.aws_iam_role.this",
            "module.eks.aws_iam_role_policy_attachment.this",
            "module.eks.aws_security_group.cluster",
            "module.eks.aws_security_group.node",
            "module.eks.aws_security_group_rule.cluster",
            "module.eks.aws_security_group_rule.node",
            "module.eks.data.aws_iam_policy_document.assume_role_policy",
            "module.eks.data.aws_partition.current",
            "module.eks_ng_app.aws_iam_role.this",
            "module.eks_ng_app.aws_iam_role_policy_attachment.this",
            "module.eks_ng_app.aws_launch_template.this",
            "module.eks_ng_app.aws_security_group.this",
            "module.eks_ng_app.aws_security_group_rule.this",
            "module.eks_ng_app.data.aws_caller_identity.current",
            "module.eks_ng_app.data.aws_iam_policy_document.assume_role_policy",
            "module.eks_ng_app.data.aws_partition.current",
            "module.eks_ng_app.module.user_data.data.cloudinit_config.linux_eks_managed_node_group",
            "module.vpc.aws_subnet.private",
            "module.vpc.aws_subnet.public",
            "module.vpc.aws_vpc.this",
            "module.vpc.aws_vpc_ipv4_cidr_block_association.this"
          ],
          "create_before_destroy": true
        }
      ]
    },
    {
      "module": "module.eks_ng_app",
      "mode": "managed",
      "type": "aws_iam_role",
      "name": "this",
      "provider": "provider[\"registry.terraform.io/hashicorp/aws\"]",
      "instances": [
        {
          "index_key": 0,
          "schema_version": 0,
          "attributes": {
            "arn": "arn:aws:iam::462068371076:role/mng-app-eks-node-group-20220128072554362400000004",
            "assume_role_policy": "{\"Version\":\"2012-10-17\",\"Statement\":[{\"Sid\":\"EKSNodeAssumeRole\",\"Effect\":\"Allow\",\"Principal\":{\"Service\":\"ec2.amazonaws.com\"},\"Action\":\"sts:AssumeRole\"}]}",
            "create_date": "2022-01-28T07:25:55Z",
            "description": "",
            "force_detach_policies": true,
            "id": "mng-app-eks-node-group-20220128072554362400000004",
            "inline_policy": [
              {
                "name": "",
                "policy": ""
              }
            ],
            "managed_policy_arns": [
              "arn:aws:iam::462068371076:policy/462068371076-dev-ops-eks-efs-policy",
              "arn:aws:iam::aws:policy/AmazonEC2ContainerRegistryReadOnly",
              "arn:aws:iam::aws:policy/AmazonEKSWorkerNodePolicy",
              "arn:aws:iam::aws:policy/AmazonEKS_CNI_Policy"
            ],
            "max_session_duration": 3600,
            "name": "mng-app-eks-node-group-20220128072554362400000004",
            "name_prefix": "mng-app-eks-node-group-",
            "path": "/",
            "permissions_boundary": null,
            "tags": {
              "Name": "mng-app-linux",
              "environment": "dev",
              "project": "Minh",
              "provision_by": "Terraform",
              "tenant": "462068371076",
              "terraform_version": "v1.1.2",
              "zone": "ops"
            },
            "tags_all": {
              "Name": "mng-app-linux",
              "environment": "dev",
              "project": "Minh",
              "provision_by": "Terraform",
              "tenant": "462068371076",
              "terraform_version": "v1.1.2",
              "zone": "ops"
            },
            "unique_id": "AROAWXFLLZ2CIVU3OAEQC"
          },
          "sensitive_attributes": [],
          "private": "bnVsbA==",
          "dependencies": [
            "aws_kms_key.key",
            "module.eks.aws_cloudwatch_log_group.this",
            "module.eks.aws_eks_cluster.this",
            "module.eks.aws_iam_role.this",
            "module.eks.aws_iam_role_policy_attachment.this",
            "module.eks.aws_security_group.cluster",
            "module.eks.aws_security_group.node",
            "module.eks.aws_security_group_rule.cluster",
            "module.eks.aws_security_group_rule.node",
            "module.eks.data.aws_iam_policy_document.assume_role_policy",
            "module.eks.data.aws_partition.current",
            "module.eks_ng_app.data.aws_iam_policy_document.assume_role_policy",
            "module.eks_ng_app.data.aws_partition.current",
            "module.vpc.aws_subnet.private",
            "module.vpc.aws_subnet.public",
            "module.vpc.aws_vpc.this",
            "module.vpc.aws_vpc_ipv4_cidr_block_association.this"
          ],
          "create_before_destroy": true
        }
      ]
    },
    {
      "module": "module.eks_ng_app",
      "mode": "managed",
      "type": "aws_iam_role_policy_attachment",
      "name": "this",
      "provider": "provider[\"registry.terraform.io/hashicorp/aws\"]",
      "instances": [
        {
          "index_key": "arn:aws:iam::aws:policy/AmazonEC2ContainerRegistryReadOnly",
          "schema_version": 0,
          "attributes": {
            "id": "mng-app-eks-node-group-20220128072554362400000004-2022012807255986170000000b",
            "policy_arn": "arn:aws:iam::aws:policy/AmazonEC2ContainerRegistryReadOnly",
            "role": "mng-app-eks-node-group-20220128072554362400000004"
          },
          "sensitive_attributes": [],
          "private": "bnVsbA==",
          "dependencies": [
            "aws_kms_key.key",
            "module.eks.aws_cloudwatch_log_group.this",
            "module.eks.aws_eks_cluster.this",
            "module.eks.aws_iam_role.this",
            "module.eks.aws_iam_role_policy_attachment.this",
            "module.eks.aws_security_group.cluster",
            "module.eks.aws_security_group.node",
            "module.eks.aws_security_group_rule.cluster",
            "module.eks.aws_security_group_rule.node",
            "module.eks.data.aws_iam_policy_document.assume_role_policy",
            "module.eks.data.aws_partition.current",
            "module.eks_ng_app.aws_iam_role.this",
            "module.eks_ng_app.data.aws_caller_identity.current",
            "module.eks_ng_app.data.aws_iam_policy_document.assume_role_policy",
            "module.eks_ng_app.data.aws_partition.current",
            "module.vpc.aws_subnet.private",
            "module.vpc.aws_subnet.public",
            "module.vpc.aws_vpc.this",
            "module.vpc.aws_vpc_ipv4_cidr_block_association.this"
          ],
          "create_before_destroy": true
        },
        {
          "index_key": "arn:aws:iam::aws:policy/AmazonEKSWorkerNodePolicy",
          "schema_version": 0,
          "attributes": {
            "id": "mng-app-eks-node-group-20220128072554362400000004-20220128072559843200000008",
            "policy_arn": "arn:aws:iam::aws:policy/AmazonEKSWorkerNodePolicy",
            "role": "mng-app-eks-node-group-20220128072554362400000004"
          },
          "sensitive_attributes": [],
          "private": "bnVsbA==",
          "dependencies": [
            "aws_kms_key.key",
            "module.eks.aws_cloudwatch_log_group.this",
            "module.eks.aws_eks_cluster.this",
            "module.eks.aws_iam_role.this",
            "module.eks.aws_iam_role_policy_attachment.this",
            "module.eks.aws_security_group.cluster",
            "module.eks.aws_security_group.node",
            "module.eks.aws_security_group_rule.cluster",
            "module.eks.aws_security_group_rule.node",
            "module.eks.data.aws_iam_policy_document.assume_role_policy",
            "module.eks.data.aws_partition.current",
            "module.eks_ng_app.aws_iam_role.this",
            "module.eks_ng_app.data.aws_caller_identity.current",
            "module.eks_ng_app.data.aws_iam_policy_document.assume_role_policy",
            "module.eks_ng_app.data.aws_partition.current",
            "module.vpc.aws_subnet.private",
            "module.vpc.aws_subnet.public",
            "module.vpc.aws_vpc.this",
            "module.vpc.aws_vpc_ipv4_cidr_block_association.this"
          ],
          "create_before_destroy": true
        },
        {
          "index_key": "arn:aws:iam::aws:policy/AmazonEKS_CNI_Policy",
          "schema_version": 0,
          "attributes": {
            "id": "mng-app-eks-node-group-20220128072554362400000004-20220128072559843500000009",
            "policy_arn": "arn:aws:iam::aws:policy/AmazonEKS_CNI_Policy",
            "role": "mng-app-eks-node-group-20220128072554362400000004"
          },
          "sensitive_attributes": [],
          "private": "bnVsbA==",
          "dependencies": [
            "aws_kms_key.key",
            "module.eks.aws_cloudwatch_log_group.this",
            "module.eks.aws_eks_cluster.this",
            "module.eks.aws_iam_role.this",
            "module.eks.aws_iam_role_policy_attachment.this",
            "module.eks.aws_security_group.cluster",
            "module.eks.aws_security_group.node",
            "module.eks.aws_security_group_rule.cluster",
            "module.eks.aws_security_group_rule.node",
            "module.eks.data.aws_iam_policy_document.assume_role_policy",
            "module.eks.data.aws_partition.current",
            "module.eks_ng_app.aws_iam_role.this",
            "module.eks_ng_app.data.aws_caller_identity.current",
            "module.eks_ng_app.data.aws_iam_policy_document.assume_role_policy",
            "module.eks_ng_app.data.aws_partition.current",
            "module.vpc.aws_subnet.private",
            "module.vpc.aws_subnet.public",
            "module.vpc.aws_vpc.this",
            "module.vpc.aws_vpc_ipv4_cidr_block_association.this"
          ],
          "create_before_destroy": true
        }
      ]
    },
    {
      "module": "module.eks_ng_app",
      "mode": "managed",
      "type": "aws_launch_template",
      "name": "this",
      "provider": "provider[\"registry.terraform.io/hashicorp/aws\"]",
      "instances": [
        {
          "index_key": 0,
          "schema_version": 0,
          "attributes": {
            "arn": "arn:aws:ec2:eu-west-2:462068371076:launch-template/lt-0a1384cb7b0df7da4",
            "block_device_mappings": [],
            "capacity_reservation_specification": [],
            "cpu_options": [],
            "credit_specification": [],
            "default_version": 1,
            "description": "",
            "disable_api_termination": false,
            "ebs_optimized": "",
            "elastic_gpu_specifications": [],
            "elastic_inference_accelerator": [],
            "enclave_options": [],
            "hibernation_options": [],
            "iam_instance_profile": [],
            "id": "lt-0a1384cb7b0df7da4",
            "image_id": "",
            "instance_initiated_shutdown_behavior": "",
            "instance_market_options": [],
            "instance_type": "",
            "kernel_id": "",
            "key_name": "",
            "latest_version": 1,
            "license_specification": [],
            "metadata_options": [
              {
                "http_endpoint": "enabled",
                "http_protocol_ipv6": "disabled",
                "http_put_response_hop_limit": 2,
                "http_tokens": "required",
                "instance_metadata_tags": "disabled"
              }
            ],
            "monitoring": [
              {
                "enabled": true
              }
            ],
            "name": "mng-app-eks-node-group-2022012807260084190000000e",
            "name_prefix": "mng-app-eks-node-group-",
            "network_interfaces": [],
            "placement": [],
            "ram_disk_id": "",
            "security_group_names": [],
            "tag_specifications": [
              {
                "resource_type": "instance",
                "tags": {
                  "Name": "mng-app",
                  "environment": "dev",
                  "project": "Minh",
                  "provision_by": "Terraform",
                  "tenant": "462068371076",
                  "terraform_version": "v1.1.2",
                  "zone": "ops"
                }
              },
              {
                "resource_type": "network-interface",
                "tags": {
                  "Name": "mng-app",
                  "environment": "dev",
                  "project": "Minh",
                  "provision_by": "Terraform",
                  "tenant": "462068371076",
                  "terraform_version": "v1.1.2",
                  "zone": "ops"
                }
              },
              {
                "resource_type": "volume",
                "tags": {
                  "Name": "mng-app",
                  "environment": "dev",
                  "project": "Minh",
                  "provision_by": "Terraform",
                  "tenant": "462068371076",
                  "terraform_version": "v1.1.2",
                  "zone": "ops"
                }
              }
            ],
            "tags": {
              "Name": "mng-app-linux",
              "environment": "dev",
              "project": "Minh",
              "provision_by": "Terraform",
              "tenant": "462068371076",
              "terraform_version": "v1.1.2",
              "zone": "ops"
            },
            "tags_all": {
              "Name": "mng-app-linux",
              "environment": "dev",
              "project": "Minh",
              "provision_by": "Terraform",
              "tenant": "462068371076",
              "terraform_version": "v1.1.2",
              "zone": "ops"
            },
            "update_default_version": true,
            "user_data": "",
            "vpc_security_group_ids": [
              "sg-0c5b7e4918ab82f98"
            ]
          },
          "sensitive_attributes": [],
          "private": "bnVsbA==",
          "dependencies": [
            "aws_kms_key.key",
            "module.eks.aws_cloudwatch_log_group.this",
            "module.eks.aws_eks_cluster.this",
            "module.eks.aws_iam_role.this",
            "module.eks.aws_iam_role_policy_attachment.this",
            "module.eks.aws_security_group.cluster",
            "module.eks.aws_security_group.node",
            "module.eks.aws_security_group_rule.cluster",
            "module.eks.aws_security_group_rule.node",
            "module.eks.data.aws_iam_policy_document.assume_role_policy",
            "module.eks.data.aws_partition.current",
            "module.eks_ng_app.aws_iam_role.this",
            "module.eks_ng_app.aws_iam_role_policy_attachment.this",
            "module.eks_ng_app.aws_security_group.this",
            "module.eks_ng_app.aws_security_group_rule.this",
            "module.eks_ng_app.data.aws_caller_identity.current",
            "module.eks_ng_app.data.aws_iam_policy_document.assume_role_policy",
            "module.eks_ng_app.data.aws_partition.current",
            "module.eks_ng_app.module.user_data.data.cloudinit_config.linux_eks_managed_node_group",
            "module.vpc.aws_subnet.private",
            "module.vpc.aws_subnet.public",
            "module.vpc.aws_vpc.this",
            "module.vpc.aws_vpc_ipv4_cidr_block_association.this"
          ],
          "create_before_destroy": true
        }
      ]
    },
    {
      "module": "module.eks_ng_app",
      "mode": "managed",
      "type": "aws_security_group",
      "name": "this",
      "provider": "provider[\"registry.terraform.io/hashicorp/aws\"]",
      "instances": [
        {
          "index_key": 0,
          "schema_version": 1,
          "attributes": {
            "arn": "arn:aws:ec2:eu-west-2:462068371076:security-group/sg-0c5b7e4918ab82f98",
            "description": "EKS managed node group security group",
            "egress": [],
            "id": "sg-0c5b7e4918ab82f98",
            "ingress": [],
            "name": "mng-app-eks-node-group-20220128072554363100000005",
            "name_prefix": "mng-app-eks-node-group-",
            "owner_id": "462068371076",
            "revoke_rules_on_delete": false,
            "tags": {
              "Name": "mng-app-eks-node-group",
              "environment": "dev",
              "project": "Minh",
              "provision_by": "Terraform",
              "tenant": "462068371076",
              "terraform_version": "v1.1.2",
              "zone": "ops"
            },
            "tags_all": {
              "Name": "mng-app-eks-node-group",
              "environment": "dev",
              "project": "Minh",
              "provision_by": "Terraform",
              "tenant": "462068371076",
              "terraform_version": "v1.1.2",
              "zone": "ops"
            },
            "timeouts": null,
            "vpc_id": "vpc-03bfe955d560ff194"
          },
          "sensitive_attributes": [],
          "private": "eyJlMmJmYjczMC1lY2FhLTExZTYtOGY4OC0zNDM2M2JjN2M0YzAiOnsiY3JlYXRlIjo2MDAwMDAwMDAwMDAsImRlbGV0ZSI6OTAwMDAwMDAwMDAwfSwic2NoZW1hX3ZlcnNpb24iOiIxIn0=",
          "dependencies": [
            "aws_kms_key.key",
            "module.eks.aws_cloudwatch_log_group.this",
            "module.eks.aws_eks_cluster.this",
            "module.eks.aws_iam_role.this",
            "module.eks.aws_iam_role_policy_attachment.this",
            "module.eks.aws_security_group.cluster",
            "module.eks.aws_security_group.node",
            "module.eks.aws_security_group_rule.cluster",
            "module.eks.aws_security_group_rule.node",
            "module.eks.data.aws_iam_policy_document.assume_role_policy",
            "module.eks.data.aws_partition.current",
            "module.vpc.aws_subnet.private",
            "module.vpc.aws_subnet.public",
            "module.vpc.aws_vpc.this",
            "module.vpc.aws_vpc_ipv4_cidr_block_association.this"
          ],
          "create_before_destroy": true
        }
      ]
    },
    {
      "module": "module.eks_ng_media",
      "mode": "data",
      "type": "aws_caller_identity",
      "name": "current",
      "provider": "provider[\"registry.terraform.io/hashicorp/aws\"]",
      "instances": [
        {
          "schema_version": 0,
          "attributes": {
            "account_id": "462068371076",
            "arn": "arn:aws:iam::462068371076:user/minh_luu",
            "id": "462068371076",
            "user_id": "AIDAWXFLLZ2CCNO364PQ3"
          },
          "sensitive_attributes": []
        }
      ]
    },
    {
      "module": "module.eks_ng_media",
      "mode": "data",
      "type": "aws_iam_policy_document",
      "name": "assume_role_policy",
      "provider": "provider[\"registry.terraform.io/hashicorp/aws\"]",
      "instances": [
        {
          "index_key": 0,
          "schema_version": 0,
          "attributes": {
            "id": "2560088296",
            "json": "{\n  \"Version\": \"2012-10-17\",\n  \"Statement\": [\n    {\n      \"Sid\": \"EKSNodeAssumeRole\",\n      \"Effect\": \"Allow\",\n      \"Action\": \"sts:AssumeRole\",\n      \"Principal\": {\n        \"Service\": \"ec2.amazonaws.com\"\n      }\n    }\n  ]\n}",
            "override_json": null,
            "override_policy_documents": null,
            "policy_id": null,
            "source_json": null,
            "source_policy_documents": null,
            "statement": [
              {
                "actions": [
                  "sts:AssumeRole"
                ],
                "condition": [],
                "effect": "Allow",
                "not_actions": [],
                "not_principals": [],
                "not_resources": [],
                "principals": [
                  {
                    "identifiers": [
                      "ec2.amazonaws.com"
                    ],
                    "type": "Service"
                  }
                ],
                "resources": [],
                "sid": "EKSNodeAssumeRole"
              }
            ],
            "version": "2012-10-17"
          },
          "sensitive_attributes": []
        }
      ]
    },
    {
      "module": "module.eks_ng_media",
      "mode": "data",
      "type": "aws_partition",
      "name": "current",
      "provider": "provider[\"registry.terraform.io/hashicorp/aws\"]",
      "instances": [
        {
          "schema_version": 0,
          "attributes": {
            "dns_suffix": "amazonaws.com",
            "id": "aws",
            "partition": "aws",
            "reverse_dns_prefix": "com.amazonaws"
          },
          "sensitive_attributes": []
        }
      ]
    },
    {
      "module": "module.eks_ng_media",
      "mode": "managed",
      "type": "aws_eks_node_group",
      "name": "this",
      "provider": "provider[\"registry.terraform.io/hashicorp/aws\"]",
      "instances": [
        {
          "index_key": 0,
          "schema_version": 0,
          "attributes": {
            "ami_type": "AL2_x86_64",
            "arn": "arn:aws:eks:eu-west-2:462068371076:nodegroup/462068371076-dev-ops-eks/mng-mediasoup-2022012807260480820000001a/d4bf4fc9-dc43-93c3-ba77-be544f590635",
            "capacity_type": "ON_DEMAND",
            "cluster_name": "462068371076-dev-ops-eks",
            "disk_size": 20,
            "force_update_version": null,
            "id": "462068371076-dev-ops-eks:mng-mediasoup-2022012807260480820000001a",
            "instance_types": [
              "t3.small"
            ],
            "labels": {
              "app_role": "mediasoup",
              "dedicated": "media-server",
              "zone-mediasoup": "true"
            },
            "launch_template": [],
            "node_group_name": "mng-mediasoup-2022012807260480820000001a",
            "node_group_name_prefix": "mng-mediasoup-",
            "node_role_arn": "arn:aws:iam::462068371076:role/mng-mediasoup-eks-node-group-20220128072554365300000006",
            "release_version": "1.21.5-20220123",
            "remote_access": [],
            "resources": [
              {
                "autoscaling_groups": [
                  {
                    "name": "eks-mng-mediasoup-2022012807260480820000001a-d4bf4fc9-dc43-93c3-ba77-be544f590635"
                  }
                ],
                "remote_access_security_group_id": ""
              }
            ],
            "scaling_config": [
              {
                "desired_size": 1,
                "max_size": 10,
                "min_size": 1
              }
            ],
            "status": "ACTIVE",
            "subnet_ids": [
              "subnet-00a2172c7548f0f62",
              "subnet-0c94e7e5c66eddadd",
              "subnet-0f4d84020cfe352f7"
            ],
            "tags": {
              "Name": "mng-mediasoup",
              "environment": "dev",
              "project": "Minh",
              "provision_by": "Terraform",
              "tenant": "462068371076",
              "terraform_version": "v1.1.2",
              "zone": "ops"
            },
            "tags_all": {
              "Name": "mng-mediasoup",
              "environment": "dev",
              "project": "Minh",
              "provision_by": "Terraform",
              "tenant": "462068371076",
              "terraform_version": "v1.1.2",
              "zone": "ops"
            },
            "taint": [],
            "timeouts": {
              "create": null,
              "delete": null,
              "update": null
            },
            "update_config": [
              {
                "max_unavailable": 1,
                "max_unavailable_percentage": 0
              }
            ],
            "version": "1.21"
          },
          "sensitive_attributes": [],
          "private": "eyJlMmJmYjczMC1lY2FhLTExZTYtOGY4OC0zNDM2M2JjN2M0YzAiOnsiY3JlYXRlIjozNjAwMDAwMDAwMDAwLCJkZWxldGUiOjM2MDAwMDAwMDAwMDAsInVwZGF0ZSI6MzYwMDAwMDAwMDAwMH19",
          "dependencies": [
            "aws_kms_key.key",
            "module.eks.aws_cloudwatch_log_group.this",
            "module.eks.aws_eks_cluster.this",
            "module.eks.aws_iam_role.this",
            "module.eks.aws_iam_role_policy_attachment.this",
            "module.eks.aws_security_group.cluster",
            "module.eks.aws_security_group.node",
            "module.eks.aws_security_group_rule.cluster",
            "module.eks.aws_security_group_rule.node",
            "module.eks.data.aws_iam_policy_document.assume_role_policy",
            "module.eks.data.aws_partition.current",
            "module.eks_ng_media.aws_iam_role.this",
            "module.eks_ng_media.aws_iam_role_policy_attachment.this",
            "module.eks_ng_media.aws_launch_template.this",
            "module.eks_ng_media.aws_security_group.this",
            "module.eks_ng_media.aws_security_group_rule.this",
            "module.eks_ng_media.data.aws_caller_identity.current",
            "module.eks_ng_media.data.aws_iam_policy_document.assume_role_policy",
            "module.eks_ng_media.data.aws_partition.current",
            "module.eks_ng_media.module.user_data.data.cloudinit_config.linux_eks_managed_node_group",
            "module.vpc.aws_subnet.private",
            "module.vpc.aws_subnet.public",
            "module.vpc.aws_vpc.this",
            "module.vpc.aws_vpc_ipv4_cidr_block_association.this"
          ],
          "create_before_destroy": true
        }
      ]
    },
    {
      "module": "module.eks_ng_media",
      "mode": "managed",
      "type": "aws_iam_role",
      "name": "this",
      "provider": "provider[\"registry.terraform.io/hashicorp/aws\"]",
      "instances": [
        {
          "index_key": 0,
          "schema_version": 0,
          "attributes": {
            "arn": "arn:aws:iam::462068371076:role/mng-mediasoup-eks-node-group-20220128072554365300000006",
            "assume_role_policy": "{\"Version\":\"2012-10-17\",\"Statement\":[{\"Sid\":\"EKSNodeAssumeRole\",\"Effect\":\"Allow\",\"Principal\":{\"Service\":\"ec2.amazonaws.com\"},\"Action\":\"sts:AssumeRole\"}]}",
            "create_date": "2022-01-28T07:25:55Z",
            "description": "",
            "force_detach_policies": true,
            "id": "mng-mediasoup-eks-node-group-20220128072554365300000006",
            "inline_policy": [
              {
                "name": "",
                "policy": ""
              }
            ],
            "managed_policy_arns": [
              "arn:aws:iam::462068371076:policy/462068371076-dev-ops-eks-efs-policy",
              "arn:aws:iam::aws:policy/AmazonEC2ContainerRegistryReadOnly",
              "arn:aws:iam::aws:policy/AmazonEKSWorkerNodePolicy",
              "arn:aws:iam::aws:policy/AmazonEKS_CNI_Policy"
            ],
            "max_session_duration": 3600,
            "name": "mng-mediasoup-eks-node-group-20220128072554365300000006",
            "name_prefix": "mng-mediasoup-eks-node-group-",
            "path": "/",
            "permissions_boundary": null,
            "tags": {
              "Name": "mng-mediasoup-linux",
              "environment": "dev",
              "project": "Minh",
              "provision_by": "Terraform",
              "tenant": "462068371076",
              "terraform_version": "v1.1.2",
              "zone": "ops"
            },
            "tags_all": {
              "Name": "mng-mediasoup-linux",
              "environment": "dev",
              "project": "Minh",
              "provision_by": "Terraform",
              "tenant": "462068371076",
              "terraform_version": "v1.1.2",
              "zone": "ops"
            },
            "unique_id": "AROAWXFLLZ2CAXE3KCF7K"
          },
          "sensitive_attributes": [],
          "private": "bnVsbA==",
          "dependencies": [
            "aws_kms_key.key",
            "module.eks.aws_cloudwatch_log_group.this",
            "module.eks.aws_eks_cluster.this",
            "module.eks.aws_iam_role.this",
            "module.eks.aws_iam_role_policy_attachment.this",
            "module.eks.aws_security_group.cluster",
            "module.eks.aws_security_group.node",
            "module.eks.aws_security_group_rule.cluster",
            "module.eks.aws_security_group_rule.node",
            "module.eks.data.aws_iam_policy_document.assume_role_policy",
            "module.eks.data.aws_partition.current",
            "module.eks_ng_media.data.aws_iam_policy_document.assume_role_policy",
            "module.eks_ng_media.data.aws_partition.current",
            "module.vpc.aws_subnet.private",
            "module.vpc.aws_subnet.public",
            "module.vpc.aws_vpc.this",
            "module.vpc.aws_vpc_ipv4_cidr_block_association.this"
          ],
          "create_before_destroy": true
        }
      ]
    },
    {
      "module": "module.eks_ng_media",
      "mode": "managed",
      "type": "aws_iam_role_policy_attachment",
      "name": "this",
      "provider": "provider[\"registry.terraform.io/hashicorp/aws\"]",
      "instances": [
        {
          "index_key": "arn:aws:iam::aws:policy/AmazonEC2ContainerRegistryReadOnly",
          "schema_version": 0,
          "attributes": {
            "id": "mng-mediasoup-eks-node-group-20220128072554365300000006-2022012807260034000000000d",
            "policy_arn": "arn:aws:iam::aws:policy/AmazonEC2ContainerRegistryReadOnly",
            "role": "mng-mediasoup-eks-node-group-20220128072554365300000006"
          },
          "sensitive_attributes": [],
          "private": "bnVsbA==",
          "dependencies": [
            "aws_kms_key.key",
            "module.eks.aws_cloudwatch_log_group.this",
            "module.eks.aws_eks_cluster.this",
            "module.eks.aws_iam_role.this",
            "module.eks.aws_iam_role_policy_attachment.this",
            "module.eks.aws_security_group.cluster",
            "module.eks.aws_security_group.node",
            "module.eks.aws_security_group_rule.cluster",
            "module.eks.aws_security_group_rule.node",
            "module.eks.data.aws_iam_policy_document.assume_role_policy",
            "module.eks.data.aws_partition.current",
            "module.eks_ng_media.aws_iam_role.this",
            "module.eks_ng_media.data.aws_caller_identity.current",
            "module.eks_ng_media.data.aws_iam_policy_document.assume_role_policy",
            "module.eks_ng_media.data.aws_partition.current",
            "module.vpc.aws_subnet.private",
            "module.vpc.aws_subnet.public",
            "module.vpc.aws_vpc.this",
            "module.vpc.aws_vpc_ipv4_cidr_block_association.this"
          ],
          "create_before_destroy": true
        },
        {
          "index_key": "arn:aws:iam::aws:policy/AmazonEKSWorkerNodePolicy",
          "schema_version": 0,
          "attributes": {
            "id": "mng-mediasoup-eks-node-group-20220128072554365300000006-20220128072601551700000013",
            "policy_arn": "arn:aws:iam::aws:policy/AmazonEKSWorkerNodePolicy",
            "role": "mng-mediasoup-eks-node-group-20220128072554365300000006"
          },
          "sensitive_attributes": [],
          "private": "bnVsbA==",
          "dependencies": [
            "aws_kms_key.key",
            "module.eks.aws_cloudwatch_log_group.this",
            "module.eks.aws_eks_cluster.this",
            "module.eks.aws_iam_role.this",
            "module.eks.aws_iam_role_policy_attachment.this",
            "module.eks.aws_security_group.cluster",
            "module.eks.aws_security_group.node",
            "module.eks.aws_security_group_rule.cluster",
            "module.eks.aws_security_group_rule.node",
            "module.eks.data.aws_iam_policy_document.assume_role_policy",
            "module.eks.data.aws_partition.current",
            "module.eks_ng_media.aws_iam_role.this",
            "module.eks_ng_media.data.aws_caller_identity.current",
            "module.eks_ng_media.data.aws_iam_policy_document.assume_role_policy",
            "module.eks_ng_media.data.aws_partition.current",
            "module.vpc.aws_subnet.private",
            "module.vpc.aws_subnet.public",
            "module.vpc.aws_vpc.this",
            "module.vpc.aws_vpc_ipv4_cidr_block_association.this"
          ],
          "create_before_destroy": true
        },
        {
          "index_key": "arn:aws:iam::aws:policy/AmazonEKS_CNI_Policy",
          "schema_version": 0,
          "attributes": {
            "id": "mng-mediasoup-eks-node-group-20220128072554365300000006-20220128072601549400000012",
            "policy_arn": "arn:aws:iam::aws:policy/AmazonEKS_CNI_Policy",
            "role": "mng-mediasoup-eks-node-group-20220128072554365300000006"
          },
          "sensitive_attributes": [],
          "private": "bnVsbA==",
          "dependencies": [
            "aws_kms_key.key",
            "module.eks.aws_cloudwatch_log_group.this",
            "module.eks.aws_eks_cluster.this",
            "module.eks.aws_iam_role.this",
            "module.eks.aws_iam_role_policy_attachment.this",
            "module.eks.aws_security_group.cluster",
            "module.eks.aws_security_group.node",
            "module.eks.aws_security_group_rule.cluster",
            "module.eks.aws_security_group_rule.node",
            "module.eks.data.aws_iam_policy_document.assume_role_policy",
            "module.eks.data.aws_partition.current",
            "module.eks_ng_media.aws_iam_role.this",
            "module.eks_ng_media.data.aws_caller_identity.current",
            "module.eks_ng_media.data.aws_iam_policy_document.assume_role_policy",
            "module.eks_ng_media.data.aws_partition.current",
            "module.vpc.aws_subnet.private",
            "module.vpc.aws_subnet.public",
            "module.vpc.aws_vpc.this",
            "module.vpc.aws_vpc_ipv4_cidr_block_association.this"
          ],
          "create_before_destroy": true
        }
      ]
    },
    {
      "module": "module.eks_ng_media",
      "mode": "managed",
      "type": "aws_launch_template",
      "name": "this",
      "provider": "provider[\"registry.terraform.io/hashicorp/aws\"]",
      "instances": [
        {
          "index_key": 0,
          "schema_version": 0,
          "attributes": {
            "arn": "arn:aws:ec2:eu-west-2:462068371076:launch-template/lt-0d7621bb569ba53c5",
            "block_device_mappings": [],
            "capacity_reservation_specification": [],
            "cpu_options": [],
            "credit_specification": [],
            "default_version": 1,
            "description": "",
            "disable_api_termination": false,
            "ebs_optimized": "",
            "elastic_gpu_specifications": [],
            "elastic_inference_accelerator": [],
            "enclave_options": [],
            "hibernation_options": [],
            "iam_instance_profile": [],
            "id": "lt-0d7621bb569ba53c5",
            "image_id": "",
            "instance_initiated_shutdown_behavior": "",
            "instance_market_options": [],
            "instance_type": "",
            "kernel_id": "",
            "key_name": "",
            "latest_version": 1,
            "license_specification": [],
            "metadata_options": [
              {
                "http_endpoint": "enabled",
                "http_protocol_ipv6": "disabled",
                "http_put_response_hop_limit": 2,
                "http_tokens": "required",
                "instance_metadata_tags": "disabled"
              }
            ],
            "monitoring": [
              {
                "enabled": true
              }
            ],
            "name": "mng-mediasoup-eks-node-group-20220128072602547500000014",
            "name_prefix": "mng-mediasoup-eks-node-group-",
            "network_interfaces": [],
            "placement": [],
            "ram_disk_id": "",
            "security_group_names": [],
            "tag_specifications": [
              {
                "resource_type": "instance",
                "tags": {
                  "Name": "mng-mediasoup",
                  "environment": "dev",
                  "project": "Minh",
                  "provision_by": "Terraform",
                  "tenant": "462068371076",
                  "terraform_version": "v1.1.2",
                  "zone": "ops"
                }
              },
              {
                "resource_type": "network-interface",
                "tags": {
                  "Name": "mng-mediasoup",
                  "environment": "dev",
                  "project": "Minh",
                  "provision_by": "Terraform",
                  "tenant": "462068371076",
                  "terraform_version": "v1.1.2",
                  "zone": "ops"
                }
              },
              {
                "resource_type": "volume",
                "tags": {
                  "Name": "mng-mediasoup",
                  "environment": "dev",
                  "project": "Minh",
                  "provision_by": "Terraform",
                  "tenant": "462068371076",
                  "terraform_version": "v1.1.2",
                  "zone": "ops"
                }
              }
            ],
            "tags": {
              "Name": "mng-mediasoup-linux",
              "environment": "dev",
              "project": "Minh",
              "provision_by": "Terraform",
              "tenant": "462068371076",
              "terraform_version": "v1.1.2",
              "zone": "ops"
            },
            "tags_all": {
              "Name": "mng-mediasoup-linux",
              "environment": "dev",
              "project": "Minh",
              "provision_by": "Terraform",
              "tenant": "462068371076",
              "terraform_version": "v1.1.2",
              "zone": "ops"
            },
            "update_default_version": true,
            "user_data": "",
            "vpc_security_group_ids": [
              "sg-032e1d7fcea6ef508"
            ]
          },
          "sensitive_attributes": [],
          "private": "bnVsbA==",
          "dependencies": [
            "aws_kms_key.key",
            "module.eks.aws_cloudwatch_log_group.this",
            "module.eks.aws_eks_cluster.this",
            "module.eks.aws_iam_role.this",
            "module.eks.aws_iam_role_policy_attachment.this",
            "module.eks.aws_security_group.cluster",
            "module.eks.aws_security_group.node",
            "module.eks.aws_security_group_rule.cluster",
            "module.eks.aws_security_group_rule.node",
            "module.eks.data.aws_iam_policy_document.assume_role_policy",
            "module.eks.data.aws_partition.current",
            "module.eks_ng_media.aws_iam_role.this",
            "module.eks_ng_media.aws_iam_role_policy_attachment.this",
            "module.eks_ng_media.aws_security_group.this",
            "module.eks_ng_media.aws_security_group_rule.this",
            "module.eks_ng_media.data.aws_caller_identity.current",
            "module.eks_ng_media.data.aws_iam_policy_document.assume_role_policy",
            "module.eks_ng_media.data.aws_partition.current",
            "module.eks_ng_media.module.user_data.data.cloudinit_config.linux_eks_managed_node_group",
            "module.vpc.aws_subnet.private",
            "module.vpc.aws_subnet.public",
            "module.vpc.aws_vpc.this",
            "module.vpc.aws_vpc_ipv4_cidr_block_association.this"
          ],
          "create_before_destroy": true
        }
      ]
    },
    {
      "module": "module.eks_ng_media",
      "mode": "managed",
      "type": "aws_security_group",
      "name": "this",
      "provider": "provider[\"registry.terraform.io/hashicorp/aws\"]",
      "instances": [
        {
          "index_key": 0,
          "schema_version": 1,
          "attributes": {
            "arn": "arn:aws:ec2:eu-west-2:462068371076:security-group/sg-032e1d7fcea6ef508",
            "description": "EKS managed node group security group",
            "egress": [],
            "id": "sg-032e1d7fcea6ef508",
            "ingress": [],
            "name": "mng-mediasoup-eks-node-group-20220128072554343900000001",
            "name_prefix": "mng-mediasoup-eks-node-group-",
            "owner_id": "462068371076",
            "revoke_rules_on_delete": false,
            "tags": {
              "Name": "mng-mediasoup-eks-node-group",
              "environment": "dev",
              "project": "Minh",
              "provision_by": "Terraform",
              "tenant": "462068371076",
              "terraform_version": "v1.1.2",
              "zone": "ops"
            },
            "tags_all": {
              "Name": "mng-mediasoup-eks-node-group",
              "environment": "dev",
              "project": "Minh",
              "provision_by": "Terraform",
              "tenant": "462068371076",
              "terraform_version": "v1.1.2",
              "zone": "ops"
            },
            "timeouts": null,
            "vpc_id": "vpc-03bfe955d560ff194"
          },
          "sensitive_attributes": [],
          "private": "eyJlMmJmYjczMC1lY2FhLTExZTYtOGY4OC0zNDM2M2JjN2M0YzAiOnsiY3JlYXRlIjo2MDAwMDAwMDAwMDAsImRlbGV0ZSI6OTAwMDAwMDAwMDAwfSwic2NoZW1hX3ZlcnNpb24iOiIxIn0=",
          "dependencies": [
            "aws_kms_key.key",
            "module.eks.aws_cloudwatch_log_group.this",
            "module.eks.aws_eks_cluster.this",
            "module.eks.aws_iam_role.this",
            "module.eks.aws_iam_role_policy_attachment.this",
            "module.eks.aws_security_group.cluster",
            "module.eks.aws_security_group.node",
            "module.eks.aws_security_group_rule.cluster",
            "module.eks.aws_security_group_rule.node",
            "module.eks.data.aws_iam_policy_document.assume_role_policy",
            "module.eks.data.aws_partition.current",
            "module.vpc.aws_subnet.private",
            "module.vpc.aws_subnet.public",
            "module.vpc.aws_vpc.this",
            "module.vpc.aws_vpc_ipv4_cidr_block_association.this"
          ],
          "create_before_destroy": true
        }
      ]
    },
    {
      "module": "module.eks_ng_mixer",
      "mode": "data",
      "type": "aws_caller_identity",
      "name": "current",
      "provider": "provider[\"registry.terraform.io/hashicorp/aws\"]",
      "instances": [
        {
          "schema_version": 0,
          "attributes": {
            "account_id": "462068371076",
            "arn": "arn:aws:iam::462068371076:user/minh_luu",
            "id": "462068371076",
            "user_id": "AIDAWXFLLZ2CCNO364PQ3"
          },
          "sensitive_attributes": []
        }
      ]
    },
    {
      "module": "module.eks_ng_mixer",
      "mode": "data",
      "type": "aws_iam_policy_document",
      "name": "assume_role_policy",
      "provider": "provider[\"registry.terraform.io/hashicorp/aws\"]",
      "instances": [
        {
          "index_key": 0,
          "schema_version": 0,
          "attributes": {
            "id": "2560088296",
            "json": "{\n  \"Version\": \"2012-10-17\",\n  \"Statement\": [\n    {\n      \"Sid\": \"EKSNodeAssumeRole\",\n      \"Effect\": \"Allow\",\n      \"Action\": \"sts:AssumeRole\",\n      \"Principal\": {\n        \"Service\": \"ec2.amazonaws.com\"\n      }\n    }\n  ]\n}",
            "override_json": null,
            "override_policy_documents": null,
            "policy_id": null,
            "source_json": null,
            "source_policy_documents": null,
            "statement": [
              {
                "actions": [
                  "sts:AssumeRole"
                ],
                "condition": [],
                "effect": "Allow",
                "not_actions": [],
                "not_principals": [],
                "not_resources": [],
                "principals": [
                  {
                    "identifiers": [
                      "ec2.amazonaws.com"
                    ],
                    "type": "Service"
                  }
                ],
                "resources": [],
                "sid": "EKSNodeAssumeRole"
              }
            ],
            "version": "2012-10-17"
          },
          "sensitive_attributes": []
        }
      ]
    },
    {
      "module": "module.eks_ng_mixer",
      "mode": "data",
      "type": "aws_partition",
      "name": "current",
      "provider": "provider[\"registry.terraform.io/hashicorp/aws\"]",
      "instances": [
        {
          "schema_version": 0,
          "attributes": {
            "dns_suffix": "amazonaws.com",
            "id": "aws",
            "partition": "aws",
            "reverse_dns_prefix": "com.amazonaws"
          },
          "sensitive_attributes": []
        }
      ]
    },
    {
      "module": "module.eks_ng_mixer",
      "mode": "managed",
      "type": "aws_eks_node_group",
      "name": "this",
      "provider": "provider[\"registry.terraform.io/hashicorp/aws\"]",
      "instances": [
        {
          "index_key": 0,
          "schema_version": 0,
          "attributes": {
            "ami_type": "AL2_x86_64",
            "arn": "arn:aws:eks:eu-west-2:462068371076:nodegroup/462068371076-dev-ops-eks/mng-mediasoup-20220128072603086500000016/88bf4fc9-d8e6-461d-c634-012d38f0f93a",
            "capacity_type": "ON_DEMAND",
            "cluster_name": "462068371076-dev-ops-eks",
            "disk_size": 20,
            "force_update_version": null,
            "id": "462068371076-dev-ops-eks:mng-mediasoup-20220128072603086500000016",
            "instance_types": [
              "t3.large"
            ],
            "labels": {
              "dedicated": "mixer-process",
              "zone-mixer": "true"
            },
            "launch_template": [],
            "node_group_name": "mng-mediasoup-20220128072603086500000016",
            "node_group_name_prefix": "mng-mediasoup-",
            "node_role_arn": "arn:aws:iam::462068371076:role/mng-mediasoup-eks-node-group-20220128072554358400000003",
            "release_version": "1.21.5-20220123",
            "remote_access": [],
            "resources": [
              {
                "autoscaling_groups": [
                  {
                    "name": "eks-mng-mediasoup-20220128072603086500000016-88bf4fc9-d8e6-461d-c634-012d38f0f93a"
                  }
                ],
                "remote_access_security_group_id": ""
              }
            ],
            "scaling_config": [
              {
                "desired_size": 1,
                "max_size": 10,
                "min_size": 1
              }
            ],
            "status": "ACTIVE",
            "subnet_ids": [
              "subnet-017c07b88b48eb51f",
              "subnet-044a2b84ce8b24885",
              "subnet-05429611be9e990f5"
            ],
            "tags": {
              "Name": "mng-mediasoup",
              "environment": "dev",
              "project": "Minh",
              "provision_by": "Terraform",
              "tenant": "462068371076",
              "terraform_version": "v1.1.2",
              "zone": "ops"
            },
            "tags_all": {
              "Name": "mng-mediasoup",
              "environment": "dev",
              "project": "Minh",
              "provision_by": "Terraform",
              "tenant": "462068371076",
              "terraform_version": "v1.1.2",
              "zone": "ops"
            },
            "taint": [],
            "timeouts": {
              "create": null,
              "delete": null,
              "update": null
            },
            "update_config": [
              {
                "max_unavailable": 1,
                "max_unavailable_percentage": 0
              }
            ],
            "version": "1.21"
          },
          "sensitive_attributes": [],
          "private": "eyJlMmJmYjczMC1lY2FhLTExZTYtOGY4OC0zNDM2M2JjN2M0YzAiOnsiY3JlYXRlIjozNjAwMDAwMDAwMDAwLCJkZWxldGUiOjM2MDAwMDAwMDAwMDAsInVwZGF0ZSI6MzYwMDAwMDAwMDAwMH19",
          "dependencies": [
            "aws_kms_key.key",
            "aws_security_group.node_mediasoup",
            "module.eks.aws_cloudwatch_log_group.this",
            "module.eks.aws_eks_cluster.this",
            "module.eks.aws_iam_role.this",
            "module.eks.aws_iam_role_policy_attachment.this",
            "module.eks.aws_security_group.cluster",
            "module.eks.aws_security_group.node",
            "module.eks.aws_security_group_rule.cluster",
            "module.eks.aws_security_group_rule.node",
            "module.eks.data.aws_iam_policy_document.assume_role_policy",
            "module.eks.data.aws_partition.current",
            "module.eks_ng_mixer.aws_iam_role.this",
            "module.eks_ng_mixer.aws_iam_role_policy_attachment.this",
            "module.eks_ng_mixer.aws_launch_template.this",
            "module.eks_ng_mixer.aws_security_group.this",
            "module.eks_ng_mixer.aws_security_group_rule.this",
            "module.eks_ng_mixer.data.aws_caller_identity.current",
            "module.eks_ng_mixer.data.aws_iam_policy_document.assume_role_policy",
            "module.eks_ng_mixer.data.aws_partition.current",
            "module.eks_ng_mixer.module.user_data.data.cloudinit_config.linux_eks_managed_node_group",
            "module.vpc.aws_subnet.private",
            "module.vpc.aws_subnet.public",
            "module.vpc.aws_vpc.this",
            "module.vpc.aws_vpc_ipv4_cidr_block_association.this"
          ],
          "create_before_destroy": true
        }
      ]
    },
    {
      "module": "module.eks_ng_mixer",
      "mode": "managed",
      "type": "aws_iam_role",
      "name": "this",
      "provider": "provider[\"registry.terraform.io/hashicorp/aws\"]",
      "instances": [
        {
          "index_key": 0,
          "schema_version": 0,
          "attributes": {
            "arn": "arn:aws:iam::462068371076:role/mng-mediasoup-eks-node-group-20220128072554358400000003",
            "assume_role_policy": "{\"Version\":\"2012-10-17\",\"Statement\":[{\"Sid\":\"EKSNodeAssumeRole\",\"Effect\":\"Allow\",\"Principal\":{\"Service\":\"ec2.amazonaws.com\"},\"Action\":\"sts:AssumeRole\"}]}",
            "create_date": "2022-01-28T07:25:55Z",
            "description": "",
            "force_detach_policies": true,
            "id": "mng-mediasoup-eks-node-group-20220128072554358400000003",
            "inline_policy": [
              {
                "name": "",
                "policy": ""
              }
            ],
            "managed_policy_arns": [
              "arn:aws:iam::462068371076:policy/462068371076-dev-ops-eks-efs-policy",
              "arn:aws:iam::aws:policy/AmazonEC2ContainerRegistryReadOnly",
              "arn:aws:iam::aws:policy/AmazonEKSWorkerNodePolicy",
              "arn:aws:iam::aws:policy/AmazonEKS_CNI_Policy"
            ],
            "max_session_duration": 3600,
            "name": "mng-mediasoup-eks-node-group-20220128072554358400000003",
            "name_prefix": "mng-mediasoup-eks-node-group-",
            "path": "/",
            "permissions_boundary": null,
            "tags": {
              "Name": "mng-mixer-linux",
              "environment": "dev",
              "project": "Minh",
              "provision_by": "Terraform",
              "tenant": "462068371076",
              "terraform_version": "v1.1.2",
              "zone": "ops"
            },
            "tags_all": {
              "Name": "mng-mixer-linux",
              "environment": "dev",
              "project": "Minh",
              "provision_by": "Terraform",
              "tenant": "462068371076",
              "terraform_version": "v1.1.2",
              "zone": "ops"
            },
            "unique_id": "AROAWXFLLZ2CFKAV72FTN"
          },
          "sensitive_attributes": [],
          "private": "bnVsbA==",
          "dependencies": [
            "aws_kms_key.key",
            "module.eks.aws_cloudwatch_log_group.this",
            "module.eks.aws_eks_cluster.this",
            "module.eks.aws_iam_role.this",
            "module.eks.aws_iam_role_policy_attachment.this",
            "module.eks.aws_security_group.cluster",
            "module.eks.aws_security_group.node",
            "module.eks.aws_security_group_rule.cluster",
            "module.eks.aws_security_group_rule.node",
            "module.eks.data.aws_iam_policy_document.assume_role_policy",
            "module.eks.data.aws_partition.current",
            "module.eks_ng_mixer.data.aws_iam_policy_document.assume_role_policy",
            "module.eks_ng_mixer.data.aws_partition.current",
            "module.vpc.aws_subnet.private",
            "module.vpc.aws_subnet.public",
            "module.vpc.aws_vpc.this",
            "module.vpc.aws_vpc_ipv4_cidr_block_association.this"
          ],
          "create_before_destroy": true
        }
      ]
    },
    {
      "module": "module.eks_ng_mixer",
      "mode": "managed",
      "type": "aws_iam_role_policy_attachment",
      "name": "this",
      "provider": "provider[\"registry.terraform.io/hashicorp/aws\"]",
      "instances": [
        {
          "index_key": "arn:aws:iam::aws:policy/AmazonEC2ContainerRegistryReadOnly",
          "schema_version": 0,
          "attributes": {
            "id": "mng-mediasoup-eks-node-group-20220128072554358400000003-20220128072559822400000007",
            "policy_arn": "arn:aws:iam::aws:policy/AmazonEC2ContainerRegistryReadOnly",
            "role": "mng-mediasoup-eks-node-group-20220128072554358400000003"
          },
          "sensitive_attributes": [],
          "private": "bnVsbA==",
          "dependencies": [
            "aws_kms_key.key",
            "module.eks.aws_cloudwatch_log_group.this",
            "module.eks.aws_eks_cluster.this",
            "module.eks.aws_iam_role.this",
            "module.eks.aws_iam_role_policy_attachment.this",
            "module.eks.aws_security_group.cluster",
            "module.eks.aws_security_group.node",
            "module.eks.aws_security_group_rule.cluster",
            "module.eks.aws_security_group_rule.node",
            "module.eks.data.aws_iam_policy_document.assume_role_policy",
            "module.eks.data.aws_partition.current",
            "module.eks_ng_mixer.aws_iam_role.this",
            "module.eks_ng_mixer.data.aws_caller_identity.current",
            "module.eks_ng_mixer.data.aws_iam_policy_document.assume_role_policy",
            "module.eks_ng_mixer.data.aws_partition.current",
            "module.vpc.aws_subnet.private",
            "module.vpc.aws_subnet.public",
            "module.vpc.aws_vpc.this",
            "module.vpc.aws_vpc_ipv4_cidr_block_association.this"
          ],
          "create_before_destroy": true
        },
        {
          "index_key": "arn:aws:iam::aws:policy/AmazonEKSWorkerNodePolicy",
          "schema_version": 0,
          "attributes": {
            "id": "mng-mediasoup-eks-node-group-20220128072554358400000003-2022012807255985330000000a",
            "policy_arn": "arn:aws:iam::aws:policy/AmazonEKSWorkerNodePolicy",
            "role": "mng-mediasoup-eks-node-group-20220128072554358400000003"
          },
          "sensitive_attributes": [],
          "private": "bnVsbA==",
          "dependencies": [
            "aws_kms_key.key",
            "module.eks.aws_cloudwatch_log_group.this",
            "module.eks.aws_eks_cluster.this",
            "module.eks.aws_iam_role.this",
            "module.eks.aws_iam_role_policy_attachment.this",
            "module.eks.aws_security_group.cluster",
            "module.eks.aws_security_group.node",
            "module.eks.aws_security_group_rule.cluster",
            "module.eks.aws_security_group_rule.node",
            "module.eks.data.aws_iam_policy_document.assume_role_policy",
            "module.eks.data.aws_partition.current",
            "module.eks_ng_mixer.aws_iam_role.this",
            "module.eks_ng_mixer.data.aws_caller_identity.current",
            "module.eks_ng_mixer.data.aws_iam_policy_document.assume_role_policy",
            "module.eks_ng_mixer.data.aws_partition.current",
            "module.vpc.aws_subnet.private",
            "module.vpc.aws_subnet.public",
            "module.vpc.aws_vpc.this",
            "module.vpc.aws_vpc_ipv4_cidr_block_association.this"
          ],
          "create_before_destroy": true
        },
        {
          "index_key": "arn:aws:iam::aws:policy/AmazonEKS_CNI_Policy",
          "schema_version": 0,
          "attributes": {
            "id": "mng-mediasoup-eks-node-group-20220128072554358400000003-2022012807255988820000000c",
            "policy_arn": "arn:aws:iam::aws:policy/AmazonEKS_CNI_Policy",
            "role": "mng-mediasoup-eks-node-group-20220128072554358400000003"
          },
          "sensitive_attributes": [],
          "private": "bnVsbA==",
          "dependencies": [
            "aws_kms_key.key",
            "module.eks.aws_cloudwatch_log_group.this",
            "module.eks.aws_eks_cluster.this",
            "module.eks.aws_iam_role.this",
            "module.eks.aws_iam_role_policy_attachment.this",
            "module.eks.aws_security_group.cluster",
            "module.eks.aws_security_group.node",
            "module.eks.aws_security_group_rule.cluster",
            "module.eks.aws_security_group_rule.node",
            "module.eks.data.aws_iam_policy_document.assume_role_policy",
            "module.eks.data.aws_partition.current",
            "module.eks_ng_mixer.aws_iam_role.this",
            "module.eks_ng_mixer.data.aws_caller_identity.current",
            "module.eks_ng_mixer.data.aws_iam_policy_document.assume_role_policy",
            "module.eks_ng_mixer.data.aws_partition.current",
            "module.vpc.aws_subnet.private",
            "module.vpc.aws_subnet.public",
            "module.vpc.aws_vpc.this",
            "module.vpc.aws_vpc_ipv4_cidr_block_association.this"
          ],
          "create_before_destroy": true
        }
      ]
    },
    {
      "module": "module.eks_ng_mixer",
      "mode": "managed",
      "type": "aws_launch_template",
      "name": "this",
      "provider": "provider[\"registry.terraform.io/hashicorp/aws\"]",
      "instances": [
        {
          "index_key": 0,
          "schema_version": 0,
          "attributes": {
            "arn": "arn:aws:ec2:eu-west-2:462068371076:launch-template/lt-0a7021ecaa536266d",
            "block_device_mappings": [],
            "capacity_reservation_specification": [],
            "cpu_options": [],
            "credit_specification": [],
            "default_version": 2,
            "description": "",
            "disable_api_termination": false,
            "ebs_optimized": "",
            "elastic_gpu_specifications": [],
            "elastic_inference_accelerator": [],
            "enclave_options": [],
            "hibernation_options": [],
            "iam_instance_profile": [],
            "id": "lt-0a7021ecaa536266d",
            "image_id": "",
            "instance_initiated_shutdown_behavior": "",
            "instance_market_options": [],
            "instance_type": "",
            "kernel_id": "",
            "key_name": "",
            "latest_version": 2,
            "license_specification": [],
            "metadata_options": [
              {
                "http_endpoint": "enabled",
                "http_protocol_ipv6": "disabled",
                "http_put_response_hop_limit": 2,
                "http_tokens": "required",
                "instance_metadata_tags": "disabled"
              }
            ],
            "monitoring": [
              {
                "enabled": true
              }
            ],
            "name": "mng-mediasoup-eks-node-group-20220128072600915200000010",
            "name_prefix": "mng-mediasoup-eks-node-group-",
            "network_interfaces": [],
            "placement": [],
            "ram_disk_id": "",
            "security_group_names": [],
            "tag_specifications": [
              {
                "resource_type": "instance",
                "tags": {
                  "Name": "mng-mediasoup",
                  "environment": "dev",
                  "project": "Minh",
                  "provision_by": "Terraform",
                  "tenant": "462068371076",
                  "terraform_version": "v1.1.2",
                  "zone": "ops"
                }
              },
              {
                "resource_type": "network-interface",
                "tags": {
                  "Name": "mng-mediasoup",
                  "environment": "dev",
                  "project": "Minh",
                  "provision_by": "Terraform",
                  "tenant": "462068371076",
                  "terraform_version": "v1.1.2",
                  "zone": "ops"
                }
              },
              {
                "resource_type": "volume",
                "tags": {
                  "Name": "mng-mediasoup",
                  "environment": "dev",
                  "project": "Minh",
                  "provision_by": "Terraform",
                  "tenant": "462068371076",
                  "terraform_version": "v1.1.2",
                  "zone": "ops"
                }
              }
            ],
            "tags": {
              "Name": "mng-mixer-linux",
              "environment": "dev",
              "project": "Minh",
              "provision_by": "Terraform",
              "tenant": "462068371076",
              "terraform_version": "v1.1.2",
              "zone": "ops"
            },
            "tags_all": {
              "Name": "mng-mixer-linux",
              "environment": "dev",
              "project": "Minh",
              "provision_by": "Terraform",
              "tenant": "462068371076",
              "terraform_version": "v1.1.2",
              "zone": "ops"
            },
            "update_default_version": true,
            "user_data": "",
            "vpc_security_group_ids": [
              "sg-040b1e349ba4dac2c",
              "sg-0b0e8ad71c1165216"
            ]
          },
          "sensitive_attributes": [],
          "private": "bnVsbA==",
          "dependencies": [
            "aws_kms_key.key",
            "aws_security_group.node_mediasoup",
            "module.eks.aws_cloudwatch_log_group.this",
            "module.eks.aws_eks_cluster.this",
            "module.eks.aws_iam_role.this",
            "module.eks.aws_iam_role_policy_attachment.this",
            "module.eks.aws_security_group.cluster",
            "module.eks.aws_security_group.node",
            "module.eks.aws_security_group_rule.cluster",
            "module.eks.aws_security_group_rule.node",
            "module.eks.data.aws_iam_policy_document.assume_role_policy",
            "module.eks.data.aws_partition.current",
            "module.eks_ng_mixer.aws_iam_role.this",
            "module.eks_ng_mixer.aws_iam_role_policy_attachment.this",
            "module.eks_ng_mixer.aws_security_group.this",
            "module.eks_ng_mixer.aws_security_group_rule.this",
            "module.eks_ng_mixer.data.aws_caller_identity.current",
            "module.eks_ng_mixer.data.aws_iam_policy_document.assume_role_policy",
            "module.eks_ng_mixer.data.aws_partition.current",
            "module.eks_ng_mixer.module.user_data.data.cloudinit_config.linux_eks_managed_node_group",
            "module.vpc.aws_subnet.private",
            "module.vpc.aws_subnet.public",
            "module.vpc.aws_vpc.this",
            "module.vpc.aws_vpc_ipv4_cidr_block_association.this"
          ],
          "create_before_destroy": true
        }
      ]
    },
    {
      "module": "module.eks_ng_mixer",
      "mode": "managed",
      "type": "aws_security_group",
      "name": "this",
      "provider": "provider[\"registry.terraform.io/hashicorp/aws\"]",
      "instances": [
        {
          "index_key": 0,
          "schema_version": 1,
          "attributes": {
            "arn": "arn:aws:ec2:eu-west-2:462068371076:security-group/sg-040b1e349ba4dac2c",
            "description": "EKS managed node group security group",
            "egress": [],
            "id": "sg-040b1e349ba4dac2c",
            "ingress": [],
            "name": "mng-mediasoup-eks-node-group-20220128072554349400000002",
            "name_prefix": "mng-mediasoup-eks-node-group-",
            "owner_id": "462068371076",
            "revoke_rules_on_delete": false,
            "tags": {
              "Name": "mng-mediasoup-eks-node-group",
              "environment": "dev",
              "project": "Minh",
              "provision_by": "Terraform",
              "tenant": "462068371076",
              "terraform_version": "v1.1.2",
              "zone": "ops"
            },
            "tags_all": {
              "Name": "mng-mediasoup-eks-node-group",
              "environment": "dev",
              "project": "Minh",
              "provision_by": "Terraform",
              "tenant": "462068371076",
              "terraform_version": "v1.1.2",
              "zone": "ops"
            },
            "timeouts": null,
            "vpc_id": "vpc-03bfe955d560ff194"
          },
          "sensitive_attributes": [],
          "private": "eyJlMmJmYjczMC1lY2FhLTExZTYtOGY4OC0zNDM2M2JjN2M0YzAiOnsiY3JlYXRlIjo2MDAwMDAwMDAwMDAsImRlbGV0ZSI6OTAwMDAwMDAwMDAwfSwic2NoZW1hX3ZlcnNpb24iOiIxIn0=",
          "dependencies": [
            "aws_kms_key.key",
            "module.eks.aws_cloudwatch_log_group.this",
            "module.eks.aws_eks_cluster.this",
            "module.eks.aws_iam_role.this",
            "module.eks.aws_iam_role_policy_attachment.this",
            "module.eks.aws_security_group.cluster",
            "module.eks.aws_security_group.node",
            "module.eks.aws_security_group_rule.cluster",
            "module.eks.aws_security_group_rule.node",
            "module.eks.data.aws_iam_policy_document.assume_role_policy",
            "module.eks.data.aws_partition.current",
            "module.vpc.aws_subnet.private",
            "module.vpc.aws_subnet.public",
            "module.vpc.aws_vpc.this",
            "module.vpc.aws_vpc_ipv4_cidr_block_association.this"
          ],
          "create_before_destroy": true
        }
      ]
    },
    {
      "module": "module.kubernetes-addons.module.argocd[0]",
      "mode": "data",
      "type": "aws_caller_identity",
      "name": "current",
      "provider": "provider[\"registry.terraform.io/hashicorp/aws\"]",
      "instances": [
        {
          "schema_version": 0,
          "attributes": {
            "account_id": "462068371076",
            "arn": "arn:aws:iam::462068371076:user/minh_luu",
            "id": "462068371076",
            "user_id": "AIDAWXFLLZ2CCNO364PQ3"
          },
          "sensitive_attributes": []
        }
      ]
    },
    {
      "module": "module.kubernetes-addons.module.argocd[0]",
      "mode": "data",
      "type": "aws_region",
      "name": "current",
      "provider": "provider[\"registry.terraform.io/hashicorp/aws\"]",
      "instances": [
        {
          "schema_version": 0,
          "attributes": {
            "description": "Europe (London)",
            "endpoint": "ec2.eu-west-2.amazonaws.com",
            "id": "eu-west-2",
            "name": "eu-west-2"
          },
          "sensitive_attributes": []
        }
      ]
    },
    {
      "module": "module.kubernetes-addons.module.argocd[0]",
      "mode": "managed",
      "type": "helm_release",
      "name": "argocd",
      "provider": "provider[\"registry.terraform.io/hashicorp/helm\"]",
      "instances": [
        {
          "schema_version": 0,
          "attributes": {
            "atomic": false,
            "chart": "argo-cd",
            "cleanup_on_fail": false,
            "create_namespace": true,
            "dependency_update": false,
            "description": "The argocd HelmChart Ingress Controller deployment configuration",
            "devel": null,
            "disable_crd_hooks": false,
            "disable_openapi_validation": false,
            "disable_webhooks": false,
            "force_update": false,
            "id": "argo-cd",
            "keyring": "",
            "lint": false,
            "manifest": null,
            "max_history": 0,
            "metadata": [
              {
                "app_version": "v2.2.3",
                "chart": "argo-cd",
                "name": "argo-cd",
                "namespace": "argocd",
                "revision": 4,
                "values": "{\"controller\":{\"enableStatefulSet\":true,\"nodeselector\":{\"dedicated\":\"addon\"}},\"dex\":{\"nodeselector\":{\"dedicated\":\"addon\"}},\"redis\":{\"nodeselector\":{\"dedicated\":\"addon\"}},\"redis-ha\":{\"enabled\":false},\"repoServer\":{\"autoscaling\":{\"enabled\":true,\"minReplicas\":2}},\"server\":{\"autoscaling\":{\"enabled\":true,\"minReplicas\":2},\"extraArgs\":[\"--insecure\"],\"nodeSelector\":{\"dedicated\":\"addon\"}}}",
                "version": "3.33.1"
              }
            ],
            "name": "argo-cd",
            "namespace": "argocd",
            "postrender": [
              {
                "binary_path": ""
              }
            ],
            "recreate_pods": false,
            "render_subchart_notes": true,
            "replace": false,
            "repository": "https://argoproj.github.io/argo-helm",
            "repository_ca_file": "",
            "repository_cert_file": "",
            "repository_key_file": "",
            "repository_password": "",
            "repository_username": "",
            "reset_values": false,
            "reuse_values": false,
            "set": [
              {
                "name": "controller.nodeselector.dedicated",
                "type": "",
                "value": "addon"
              },
              {
                "name": "dex.nodeselector.dedicated",
                "type": "",
                "value": "addon"
              },
              {
                "name": "redis.nodeselector.dedicated",
                "type": "",
                "value": "addon"
              },
              {
                "name": "server.nodeSelector.dedicated",
                "type": "",
                "value": "addon"
              }
            ],
            "set_sensitive": [],
            "skip_crds": false,
            "status": "deployed",
            "timeout": 1200,
            "values": [
              "redis-ha:\n  enabled: false\n\ncontroller:\n  enableStatefulSet: true\n\nserver:\n  autoscaling:\n    enabled: true\n    minReplicas: 2\n  extraArgs:\n    - --insecure\n\nrepoServer:\n  autoscaling:\n    enabled: true\n    minReplicas: 2\n\n"
            ],
            "verify": false,
            "version": "3.33.1",
            "wait": true,
            "wait_for_jobs": false
          },
          "sensitive_attributes": [],
          "private": "bnVsbA==",
          "dependencies": [
            "aws_kms_key.key",
            "module.efs.aws_efs_file_system.efs",
            "module.efs.aws_efs_mount_target.efs-mt",
            "module.efs.aws_security_group.efs",
            "module.efs.data.aws_availability_zones.available",
            "module.eks.aws_cloudwatch_log_group.this",
            "module.eks.aws_eks_cluster.this",
            "module.eks.aws_iam_role.this",
            "module.eks.aws_iam_role_policy_attachment.this",
            "module.eks.aws_security_group.cluster",
            "module.eks.aws_security_group.node",
            "module.eks.aws_security_group_rule.cluster",
            "module.eks.aws_security_group_rule.node",
            "module.eks.data.aws_iam_policy_document.assume_role_policy",
            "module.eks.data.aws_partition.current",
            "module.vpc.aws_subnet.private",
            "module.vpc.aws_subnet.public",
            "module.vpc.aws_vpc.this",
            "module.vpc.aws_vpc_ipv4_cidr_block_association.this"
          ]
        }
      ]
    },
    {
      "module": "module.kubernetes-addons.module.aws_ebs_csi_driver[0]",
      "mode": "data",
      "type": "aws_iam_policy_document",
      "name": "aws-ebs-csi-driver",
      "provider": "provider[\"registry.terraform.io/hashicorp/aws\"]",
      "instances": [
        {
          "schema_version": 0,
          "attributes": {
            "id": "1888929143",
            "json": "{\n  \"Version\": \"2012-10-17\",\n  \"Statement\": [\n    {\n      \"Sid\": \"\",\n      \"Effect\": \"Allow\",\n      \"Action\": [\n        \"ec2:ModifyVolume\",\n        \"ec2:DetachVolume\",\n        \"ec2:DescribeVolumesModifications\",\n        \"ec2:DescribeVolumes\",\n        \"ec2:DescribeTags\",\n        \"ec2:DescribeSnapshots\",\n        \"ec2:DescribeInstances\",\n        \"ec2:DescribeAvailabilityZones\",\n        \"ec2:CreateSnapshot\",\n        \"ec2:AttachVolume\"\n      ],\n      \"Resource\": \"*\"\n    },\n    {\n      \"Sid\": \"\",\n      \"Effect\": \"Allow\",\n      \"Action\": \"ec2:CreateTags\",\n      \"Resource\": [\n        \"arn:aws:ec2:*:*:volume/*\",\n        \"arn:aws:ec2:*:*:snapshot/*\"\n      ],\n      \"Condition\": {\n        \"StringEquals\": {\n          \"ec2:CreateAction\": [\n            \"CreateVolume\",\n            \"CreateSnapshot\"\n          ]\n        }\n      }\n    },\n    {\n      \"Sid\": \"\",\n      \"Effect\": \"Allow\",\n      \"Action\": \"ec2:DeleteTags\",\n      \"Resource\": [\n        \"arn:aws:ec2:*:*:volume/*\",\n        \"arn:aws:ec2:*:*:snapshot/*\"\n      ]\n    },\n    {\n      \"Sid\": \"\",\n      \"Effect\": \"Allow\",\n      \"Action\": \"ec2:CreateVolume\",\n      \"Resource\": \"*\",\n      \"Condition\": {\n        \"StringLike\": {\n          \"aws:RequestTag/ebs.csi.aws.com/cluster\": \"true\"\n        }\n      }\n    },\n    {\n      \"Sid\": \"\",\n      \"Effect\": \"Allow\",\n      \"Action\": \"ec2:CreateVolume\",\n      \"Resource\": \"*\",\n      \"Condition\": {\n        \"StringLike\": {\n          \"aws:RequestTag/CSIVolumeName\": \"*\"\n        }\n      }\n    },\n    {\n      \"Sid\": \"\",\n      \"Effect\": \"Allow\",\n      \"Action\": \"ec2:CreateVolume\",\n      \"Resource\": \"*\",\n      \"Condition\": {\n        \"StringLike\": {\n          \"aws:RequestTag/kubernetes.io/cluster/*\": \"owned\"\n        }\n      }\n    },\n    {\n      \"Sid\": \"\",\n      \"Effect\": \"Allow\",\n      \"Action\": \"ec2:DeleteVolume\",\n      \"Resource\": \"*\",\n      \"Condition\": {\n        \"StringLike\": {\n          \"ec2:ResourceTag/ebs.csi.aws.com/cluster\": \"true\"\n        }\n      }\n    },\n    {\n      \"Sid\": \"\",\n      \"Effect\": \"Allow\",\n      \"Action\": \"ec2:DeleteVolume\",\n      \"Resource\": \"*\",\n      \"Condition\": {\n        \"StringLike\": {\n          \"ec2:ResourceTag/CSIVolumeName\": \"*\"\n        }\n      }\n    },\n    {\n      \"Sid\": \"\",\n      \"Effect\": \"Allow\",\n      \"Action\": \"ec2:DeleteVolume\",\n      \"Resource\": \"*\",\n      \"Condition\": {\n        \"StringLike\": {\n          \"ec2:ResourceTag/kubernetes.io/cluster/*\": \"owned\"\n        }\n      }\n    },\n    {\n      \"Sid\": \"\",\n      \"Effect\": \"Allow\",\n      \"Action\": \"ec2:DeleteSnapshot\",\n      \"Resource\": \"*\",\n      \"Condition\": {\n        \"StringLike\": {\n          \"ec2:ResourceTag/CSIVolumeSnapshotName\": \"*\"\n        }\n      }\n    },\n    {\n      \"Sid\": \"\",\n      \"Effect\": \"Allow\",\n      \"Action\": \"ec2:DeleteSnapshot\",\n      \"Resource\": \"*\",\n      \"Condition\": {\n        \"StringLike\": {\n          \"ec2:ResourceTag/ebs.csi.aws.com/cluster\": \"true\"\n        }\n      }\n    }\n  ]\n}",
            "override_json": null,
            "override_policy_documents": null,
            "policy_id": null,
            "source_json": null,
            "source_policy_documents": null,
            "statement": [
              {
                "actions": [
                  "ec2:AttachVolume",
                  "ec2:CreateSnapshot",
                  "ec2:DescribeAvailabilityZones",
                  "ec2:DescribeInstances",
                  "ec2:DescribeSnapshots",
                  "ec2:DescribeTags",
                  "ec2:DescribeVolumes",
                  "ec2:DescribeVolumesModifications",
                  "ec2:DetachVolume",
                  "ec2:ModifyVolume"
                ],
                "condition": [],
                "effect": "Allow",
                "not_actions": [],
                "not_principals": [],
                "not_resources": [],
                "principals": [],
                "resources": [
                  "*"
                ],
                "sid": ""
              },
              {
                "actions": [
                  "ec2:CreateTags"
                ],
                "condition": [
                  {
                    "test": "StringEquals",
                    "values": [
                      "CreateVolume",
                      "CreateSnapshot"
                    ],
                    "variable": "ec2:CreateAction"
                  }
                ],
                "effect": "Allow",
                "not_actions": [],
                "not_principals": [],
                "not_resources": [],
                "principals": [],
                "resources": [
                  "arn:aws:ec2:*:*:snapshot/*",
                  "arn:aws:ec2:*:*:volume/*"
                ],
                "sid": ""
              },
              {
                "actions": [
                  "ec2:DeleteTags"
                ],
                "condition": [],
                "effect": "Allow",
                "not_actions": [],
                "not_principals": [],
                "not_resources": [],
                "principals": [],
                "resources": [
                  "arn:aws:ec2:*:*:snapshot/*",
                  "arn:aws:ec2:*:*:volume/*"
                ],
                "sid": ""
              },
              {
                "actions": [
                  "ec2:CreateVolume"
                ],
                "condition": [
                  {
                    "test": "StringLike",
                    "values": [
                      "true"
                    ],
                    "variable": "aws:RequestTag/ebs.csi.aws.com/cluster"
                  }
                ],
                "effect": "Allow",
                "not_actions": [],
                "not_principals": [],
                "not_resources": [],
                "principals": [],
                "resources": [
                  "*"
                ],
                "sid": ""
              },
              {
                "actions": [
                  "ec2:CreateVolume"
                ],
                "condition": [
                  {
                    "test": "StringLike",
                    "values": [
                      "*"
                    ],
                    "variable": "aws:RequestTag/CSIVolumeName"
                  }
                ],
                "effect": "Allow",
                "not_actions": [],
                "not_principals": [],
                "not_resources": [],
                "principals": [],
                "resources": [
                  "*"
                ],
                "sid": ""
              },
              {
                "actions": [
                  "ec2:CreateVolume"
                ],
                "condition": [
                  {
                    "test": "StringLike",
                    "values": [
                      "owned"
                    ],
                    "variable": "aws:RequestTag/kubernetes.io/cluster/*"
                  }
                ],
                "effect": "Allow",
                "not_actions": [],
                "not_principals": [],
                "not_resources": [],
                "principals": [],
                "resources": [
                  "*"
                ],
                "sid": ""
              },
              {
                "actions": [
                  "ec2:DeleteVolume"
                ],
                "condition": [
                  {
                    "test": "StringLike",
                    "values": [
                      "true"
                    ],
                    "variable": "ec2:ResourceTag/ebs.csi.aws.com/cluster"
                  }
                ],
                "effect": "Allow",
                "not_actions": [],
                "not_principals": [],
                "not_resources": [],
                "principals": [],
                "resources": [
                  "*"
                ],
                "sid": ""
              },
              {
                "actions": [
                  "ec2:DeleteVolume"
                ],
                "condition": [
                  {
                    "test": "StringLike",
                    "values": [
                      "*"
                    ],
                    "variable": "ec2:ResourceTag/CSIVolumeName"
                  }
                ],
                "effect": "Allow",
                "not_actions": [],
                "not_principals": [],
                "not_resources": [],
                "principals": [],
                "resources": [
                  "*"
                ],
                "sid": ""
              },
              {
                "actions": [
                  "ec2:DeleteVolume"
                ],
                "condition": [
                  {
                    "test": "StringLike",
                    "values": [
                      "owned"
                    ],
                    "variable": "ec2:ResourceTag/kubernetes.io/cluster/*"
                  }
                ],
                "effect": "Allow",
                "not_actions": [],
                "not_principals": [],
                "not_resources": [],
                "principals": [],
                "resources": [
                  "*"
                ],
                "sid": ""
              },
              {
                "actions": [
                  "ec2:DeleteSnapshot"
                ],
                "condition": [
                  {
                    "test": "StringLike",
                    "values": [
                      "*"
                    ],
                    "variable": "ec2:ResourceTag/CSIVolumeSnapshotName"
                  }
                ],
                "effect": "Allow",
                "not_actions": [],
                "not_principals": [],
                "not_resources": [],
                "principals": [],
                "resources": [
                  "*"
                ],
                "sid": ""
              },
              {
                "actions": [
                  "ec2:DeleteSnapshot"
                ],
                "condition": [
                  {
                    "test": "StringLike",
                    "values": [
                      "true"
                    ],
                    "variable": "ec2:ResourceTag/ebs.csi.aws.com/cluster"
                  }
                ],
                "effect": "Allow",
                "not_actions": [],
                "not_principals": [],
                "not_resources": [],
                "principals": [],
                "resources": [
                  "*"
                ],
                "sid": ""
              }
            ],
            "version": "2012-10-17"
          },
          "sensitive_attributes": []
        }
      ]
    },
    {
      "module": "module.kubernetes-addons.module.aws_ebs_csi_driver[0]",
      "mode": "managed",
      "type": "aws_eks_addon",
      "name": "aws_ebs_csi_driver",
      "provider": "provider[\"registry.terraform.io/hashicorp/aws\"]",
      "instances": [
        {
          "schema_version": 0,
          "attributes": {
            "addon_name": "aws-ebs-csi-driver",
            "addon_version": "v1.4.0-eksbuild.preview",
            "arn": "arn:aws:eks:eu-west-2:462068371076:addon/462068371076-dev-ops-eks/aws-ebs-csi-driver/42bf4feb-e67a-1b70-18a4-e15802f7eb81",
            "cluster_name": "462068371076-dev-ops-eks",
            "created_at": "2022-01-28T08:40:27Z",
            "id": "462068371076-dev-ops-eks:aws-ebs-csi-driver",
            "modified_at": "2022-01-28T08:41:34Z",
            "resolve_conflicts": "OVERWRITE",
            "service_account_role_arn": "arn:aws:iam::462068371076:role/462068371076-dev-ops-eks-ebs-csi-controller-sa-irsa",
            "tags": {
              "eks_addon": "aws-ebs-csi-driver",
              "environment": "dev",
              "project": "Minh",
              "provision_by": "Terraform",
              "tenant": "462068371076",
              "terraform_version": "v1.1.2",
              "zone": "ops"
            },
            "tags_all": {
              "eks_addon": "aws-ebs-csi-driver",
              "environment": "dev",
              "project": "Minh",
              "provision_by": "Terraform",
              "tenant": "462068371076",
              "terraform_version": "v1.1.2",
              "zone": "ops"
            }
          },
          "sensitive_attributes": [],
          "private": "bnVsbA==",
          "dependencies": [
            "aws_kms_key.key",
            "module.efs.aws_efs_file_system.efs",
            "module.efs.aws_efs_mount_target.efs-mt",
            "module.efs.aws_security_group.efs",
            "module.efs.data.aws_availability_zones.available",
            "module.eks.aws_cloudwatch_log_group.this",
            "module.eks.aws_eks_cluster.this",
            "module.eks.aws_iam_role.this",
            "module.eks.aws_iam_role_policy_attachment.this",
            "module.eks.aws_security_group.cluster",
            "module.eks.aws_security_group.node",
            "module.eks.aws_security_group_rule.cluster",
            "module.eks.aws_security_group_rule.node",
            "module.eks.data.aws_iam_policy_document.assume_role_policy",
            "module.eks.data.aws_partition.current",
            "module.kubernetes-addons.module.aws_ebs_csi_driver.aws_iam_policy.aws_ebs_csi_driver",
            "module.kubernetes-addons.module.aws_ebs_csi_driver.data.aws_iam_policy_document.aws-ebs-csi-driver",
            "module.kubernetes-addons.module.aws_ebs_csi_driver.module.irsa_addon.aws_iam_role.irsa",
            "module.kubernetes-addons.module.aws_ebs_csi_driver.module.irsa_addon.aws_iam_role_policy_attachment.irsa",
            "module.kubernetes-addons.module.aws_ebs_csi_driver.module.irsa_addon.data.aws_caller_identity.current",
            "module.kubernetes-addons.module.aws_ebs_csi_driver.module.irsa_addon.data.aws_eks_cluster.eks_cluster",
            "module.kubernetes-addons.module.aws_ebs_csi_driver.module.irsa_addon.data.aws_iam_policy_document.irsa_with_oidc",
            "module.kubernetes-addons.module.aws_ebs_csi_driver.module.irsa_addon.data.aws_partition.current",
            "module.kubernetes-addons.module.aws_ebs_csi_driver.module.irsa_addon.kubernetes_namespace.irsa",
            "module.kubernetes-addons.module.aws_ebs_csi_driver.module.irsa_addon.kubernetes_service_account.irsa",
            "module.vpc.aws_subnet.private",
            "module.vpc.aws_subnet.public",
            "module.vpc.aws_vpc.this",
            "module.vpc.aws_vpc_ipv4_cidr_block_association.this"
          ]
        }
      ]
    },
    {
      "module": "module.kubernetes-addons.module.aws_ebs_csi_driver[0]",
      "mode": "managed",
      "type": "aws_iam_policy",
      "name": "aws_ebs_csi_driver",
      "provider": "provider[\"registry.terraform.io/hashicorp/aws\"]",
      "instances": [
        {
          "schema_version": 0,
          "attributes": {
            "arn": "arn:aws:iam::462068371076:policy/462068371076-dev-ops-eks-aws-ebs-csi-driver-irsa",
            "description": "IAM Policy for AWS EBS CSI Driver",
            "id": "arn:aws:iam::462068371076:policy/462068371076-dev-ops-eks-aws-ebs-csi-driver-irsa",
            "name": "462068371076-dev-ops-eks-aws-ebs-csi-driver-irsa",
            "name_prefix": null,
            "path": "/",
            "policy": "{\"Statement\":[{\"Action\":[\"ec2:ModifyVolume\",\"ec2:DetachVolume\",\"ec2:DescribeVolumesModifications\",\"ec2:DescribeVolumes\",\"ec2:DescribeTags\",\"ec2:DescribeSnapshots\",\"ec2:DescribeInstances\",\"ec2:DescribeAvailabilityZones\",\"ec2:CreateSnapshot\",\"ec2:AttachVolume\"],\"Effect\":\"Allow\",\"Resource\":\"*\",\"Sid\":\"\"},{\"Action\":\"ec2:CreateTags\",\"Condition\":{\"StringEquals\":{\"ec2:CreateAction\":[\"CreateVolume\",\"CreateSnapshot\"]}},\"Effect\":\"Allow\",\"Resource\":[\"arn:aws:ec2:*:*:volume/*\",\"arn:aws:ec2:*:*:snapshot/*\"],\"Sid\":\"\"},{\"Action\":\"ec2:DeleteTags\",\"Effect\":\"Allow\",\"Resource\":[\"arn:aws:ec2:*:*:volume/*\",\"arn:aws:ec2:*:*:snapshot/*\"],\"Sid\":\"\"},{\"Action\":\"ec2:CreateVolume\",\"Condition\":{\"StringLike\":{\"aws:RequestTag/ebs.csi.aws.com/cluster\":\"true\"}},\"Effect\":\"Allow\",\"Resource\":\"*\",\"Sid\":\"\"},{\"Action\":\"ec2:CreateVolume\",\"Condition\":{\"StringLike\":{\"aws:RequestTag/CSIVolumeName\":\"*\"}},\"Effect\":\"Allow\",\"Resource\":\"*\",\"Sid\":\"\"},{\"Action\":\"ec2:CreateVolume\",\"Condition\":{\"StringLike\":{\"aws:RequestTag/kubernetes.io/cluster/*\":\"owned\"}},\"Effect\":\"Allow\",\"Resource\":\"*\",\"Sid\":\"\"},{\"Action\":\"ec2:DeleteVolume\",\"Condition\":{\"StringLike\":{\"ec2:ResourceTag/ebs.csi.aws.com/cluster\":\"true\"}},\"Effect\":\"Allow\",\"Resource\":\"*\",\"Sid\":\"\"},{\"Action\":\"ec2:DeleteVolume\",\"Condition\":{\"StringLike\":{\"ec2:ResourceTag/CSIVolumeName\":\"*\"}},\"Effect\":\"Allow\",\"Resource\":\"*\",\"Sid\":\"\"},{\"Action\":\"ec2:DeleteVolume\",\"Condition\":{\"StringLike\":{\"ec2:ResourceTag/kubernetes.io/cluster/*\":\"owned\"}},\"Effect\":\"Allow\",\"Resource\":\"*\",\"Sid\":\"\"},{\"Action\":\"ec2:DeleteSnapshot\",\"Condition\":{\"StringLike\":{\"ec2:ResourceTag/CSIVolumeSnapshotName\":\"*\"}},\"Effect\":\"Allow\",\"Resource\":\"*\",\"Sid\":\"\"},{\"Action\":\"ec2:DeleteSnapshot\",\"Condition\":{\"StringLike\":{\"ec2:ResourceTag/ebs.csi.aws.com/cluster\":\"true\"}},\"Effect\":\"Allow\",\"Resource\":\"*\",\"Sid\":\"\"}],\"Version\":\"2012-10-17\"}",
            "policy_id": "ANPAWXFLLZ2CBKJEIAOWX",
            "tags": {},
            "tags_all": {}
          },
          "sensitive_attributes": [],
          "private": "bnVsbA==",
          "dependencies": [
            "aws_kms_key.key",
            "module.efs.aws_efs_file_system.efs",
            "module.efs.aws_efs_mount_target.efs-mt",
            "module.efs.aws_security_group.efs",
            "module.efs.data.aws_availability_zones.available",
            "module.eks.aws_cloudwatch_log_group.this",
            "module.eks.aws_eks_cluster.this",
            "module.eks.aws_iam_role.this",
            "module.eks.aws_iam_role_policy_attachment.this",
            "module.eks.aws_security_group.cluster",
            "module.eks.aws_security_group.node",
            "module.eks.aws_security_group_rule.cluster",
            "module.eks.aws_security_group_rule.node",
            "module.eks.data.aws_iam_policy_document.assume_role_policy",
            "module.eks.data.aws_partition.current",
            "module.kubernetes-addons.module.aws_ebs_csi_driver.data.aws_iam_policy_document.aws-ebs-csi-driver",
            "module.vpc.aws_subnet.private",
            "module.vpc.aws_subnet.public",
            "module.vpc.aws_vpc.this",
            "module.vpc.aws_vpc_ipv4_cidr_block_association.this"
          ]
        }
      ]
    },
    {
      "module": "module.kubernetes-addons.module.aws_ebs_csi_driver[0].module.irsa_addon",
      "mode": "data",
      "type": "aws_caller_identity",
      "name": "current",
      "provider": "provider[\"registry.terraform.io/hashicorp/aws\"]",
      "instances": [
        {
          "schema_version": 0,
          "attributes": {
            "account_id": "462068371076",
            "arn": "arn:aws:iam::462068371076:user/minh_luu",
            "id": "462068371076",
            "user_id": "AIDAWXFLLZ2CCNO364PQ3"
          },
          "sensitive_attributes": []
        }
      ]
    },
    {
      "module": "module.kubernetes-addons.module.aws_ebs_csi_driver[0].module.irsa_addon",
      "mode": "data",
      "type": "aws_eks_cluster",
      "name": "eks_cluster",
      "provider": "provider[\"registry.terraform.io/hashicorp/aws\"]",
      "instances": [
        {
          "schema_version": 0,
          "attributes": {
            "arn": "arn:aws:eks:eu-west-2:462068371076:cluster/462068371076-dev-ops-eks",
            "certificate_authority": [
              {
                "data": "LS0tLS1CRUdJTiBDRVJUSUZJQ0FURS0tLS0tCk1JSUM1ekNDQWMrZ0F3SUJBZ0lCQURBTkJna3Foa2lHOXcwQkFRc0ZBREFWTVJNd0VRWURWUVFERXdwcmRXSmwKY201bGRHVnpNQjRYRFRJeU1ERXlOekV6TlRjME4xb1hEVE15TURFeU5URXpOVGMwTjFvd0ZURVRNQkVHQTFVRQpBeE1LYTNWaVpYSnVaWFJsY3pDQ0FTSXdEUVlKS29aSWh2Y05BUUVCQlFBRGdnRVBBRENDQVFvQ2dnRUJBS3dRCjMyNU54YTVuTGVSRERBV3NaQk1XZjBNWnNZWUNsdlAycVNsaHFidG83ZCtWb3lmUnVMOEw4N2haWllpSnd4aTUKOXNyT2QyMldoU1EzRVA3bVFUb1JtVDdqcDdPWUFLUGhCQXcwalR0aFdFcWlJb3Q3TG1xSEYyTjdnN1ZxOElyVAoybG5Cd3dleWJCbmZjNmVSNWs1eFZqdW52NUN5TnIrSy93bDFVeW9mWVE3K1FkRXdJc0E3K1hPYVcxbWN0LzBLCmpyWkFCSnRxazlhVmFRUnZRQ3VXczM0VlQ5ckRHQnpvSmpscVJVbWx1ZUYvcVdSTWlsZXMvcUlMcXlCNndZWlAKbEtOWHlVb0wzYVh6bGRpUUVUenNtbVZ3ZkI1RnI3Z0FhWk0vVW1FbFp0eHZ0T1RxTEx5dCtscS80T21GMUhoMQpjSG54V3drSlFYMGgydWI3VVZFQ0F3RUFBYU5DTUVBd0RnWURWUjBQQVFIL0JBUURBZ0trTUE4R0ExVWRFd0VCCi93UUZNQU1CQWY4d0hRWURWUjBPQkJZRUZQM2FUSTA4VzM3MG0rU0crMzJyMjZFdDA2ZC9NQTBHQ1NxR1NJYjMKRFFFQkN3VUFBNElCQVFBYUZ6VGpZVXFwU2krbTJnVDBFZCtlbG1VMEFlUExhSmdmRjc5blJOMDUzcjlkeDZCYgo0ZWRVWWliQ2ZQeXlOVVo1dXdMM1RXRk44eGUxeG1JYU1qbjkyYXBGRjBqSmhST3Z2THZPdnR4Y0JMM2k2ZmtLCjJWWS90Z0k1UUliWU42cmI2eW54a2k2S1p1YjM5MnhvSFBqTmdoQ3lTMUdPZVlTZkJoTENvUWorSjA3MjVpd0YKT1A0Wm5DS292YVI1cnhORGV4NnZvWm04VHM5dzVxNjFpUHZXNW01VnFkcXJ6OGxiRklocnRCK2crMGpLeDdnWgpNWWFyQk5qUmVpQ25uS1NMU0s3U2F1U0thTjgxcnBDemRTWmdCYkhoMjk3YzJZTW5tUFp0dXFML1k1M0N5Rm1KCk1RVEF5Nk4vUDQxWmpQaVcrQ0dXYmdWek5hQW1FeWwzSGtJeQotLS0tLUVORCBDRVJUSUZJQ0FURS0tLS0tCg=="
              }
            ],
            "created_at": "2022-01-27 13:52:03.732 +0000 UTC",
            "enabled_cluster_log_types": [
              "api",
              "audit",
              "authenticator"
            ],
            "endpoint": "https://5FD58B36912CA4C80BD586B5F559C171.yl4.eu-west-2.eks.amazonaws.com",
            "id": "462068371076-dev-ops-eks",
            "identity": [
              {
                "oidc": [
                  {
                    "issuer": "https://oidc.eks.eu-west-2.amazonaws.com/id/5FD58B36912CA4C80BD586B5F559C171"
                  }
                ]
              }
            ],
            "kubernetes_network_config": [
              {
                "ip_family": "ipv4",
                "service_ipv4_cidr": "172.20.0.0/16"
              }
            ],
            "name": "462068371076-dev-ops-eks",
            "platform_version": "eks.4",
            "role_arn": "arn:aws:iam::462068371076:role/462068371076-dev-ops-eks-cluster-20220127135112865800000003",
            "status": "ACTIVE",
            "tags": {
              "environment": "dev",
              "karpenter.sh/discovery": "462068371076-dev-ops-eks",
              "project": "Minh",
              "provision_by": "Terraform",
              "tenant": "462068371076",
              "terraform_version": "v1.1.2",
              "zone": "ops"
            },
            "version": "1.21",
            "vpc_config": [
              {
                "cluster_security_group_id": "sg-0767ad0acd46f4616",
                "endpoint_private_access": true,
                "endpoint_public_access": true,
                "public_access_cidrs": [
                  "0.0.0.0/0"
                ],
                "security_group_ids": [
                  "sg-0c2c61f402120463e"
                ],
                "subnet_ids": [
                  "subnet-00a2172c7548f0f62",
                  "subnet-017c07b88b48eb51f",
                  "subnet-044a2b84ce8b24885",
                  "subnet-05429611be9e990f5",
                  "subnet-0c94e7e5c66eddadd",
                  "subnet-0f4d84020cfe352f7"
                ],
                "vpc_id": "vpc-03bfe955d560ff194"
              }
            ]
          },
          "sensitive_attributes": []
        }
      ]
    },
    {
      "module": "module.kubernetes-addons.module.aws_ebs_csi_driver[0].module.irsa_addon",
      "mode": "data",
      "type": "aws_iam_policy_document",
      "name": "irsa_with_oidc",
      "provider": "provider[\"registry.terraform.io/hashicorp/aws\"]",
      "instances": [
        {
          "schema_version": 0,
          "attributes": {
            "id": "340336083",
            "json": "{\n  \"Version\": \"2012-10-17\",\n  \"Statement\": [\n    {\n      \"Sid\": \"\",\n      \"Effect\": \"Allow\",\n      \"Action\": \"sts:AssumeRoleWithWebIdentity\",\n      \"Principal\": {\n        \"Federated\": \"arn:aws:iam::462068371076:oidc-provider/oidc.eks.eu-west-2.amazonaws.com/id/5FD58B36912CA4C80BD586B5F559C171\"\n      },\n      \"Condition\": {\n        \"StringEquals\": {\n          \"oidc.eks.eu-west-2.amazonaws.com/id/5FD58B36912CA4C80BD586B5F559C171:sub\": \"system:serviceaccount:kube-system:ebs-csi-controller-sa\"\n        }\n      }\n    }\n  ]\n}",
            "override_json": null,
            "override_policy_documents": null,
            "policy_id": null,
            "source_json": null,
            "source_policy_documents": null,
            "statement": [
              {
                "actions": [
                  "sts:AssumeRoleWithWebIdentity"
                ],
                "condition": [
                  {
                    "test": "StringEquals",
                    "values": [
                      "system:serviceaccount:kube-system:ebs-csi-controller-sa"
                    ],
                    "variable": "oidc.eks.eu-west-2.amazonaws.com/id/5FD58B36912CA4C80BD586B5F559C171:sub"
                  }
                ],
                "effect": "Allow",
                "not_actions": [],
                "not_principals": [],
                "not_resources": [],
                "principals": [
                  {
                    "identifiers": [
                      "arn:aws:iam::462068371076:oidc-provider/oidc.eks.eu-west-2.amazonaws.com/id/5FD58B36912CA4C80BD586B5F559C171"
                    ],
                    "type": "Federated"
                  }
                ],
                "resources": [],
                "sid": ""
              }
            ],
            "version": "2012-10-17"
          },
          "sensitive_attributes": []
        }
      ]
    },
    {
      "module": "module.kubernetes-addons.module.aws_ebs_csi_driver[0].module.irsa_addon",
      "mode": "data",
      "type": "aws_partition",
      "name": "current",
      "provider": "provider[\"registry.terraform.io/hashicorp/aws\"]",
      "instances": [
        {
          "schema_version": 0,
          "attributes": {
            "dns_suffix": "amazonaws.com",
            "id": "aws",
            "partition": "aws",
            "reverse_dns_prefix": "com.amazonaws"
          },
          "sensitive_attributes": []
        }
      ]
    },
    {
      "module": "module.kubernetes-addons.module.aws_ebs_csi_driver[0].module.irsa_addon",
      "mode": "managed",
      "type": "aws_iam_role",
      "name": "irsa",
      "provider": "provider[\"registry.terraform.io/hashicorp/aws\"]",
      "instances": [
        {
          "schema_version": 0,
          "attributes": {
            "arn": "arn:aws:iam::462068371076:role/462068371076-dev-ops-eks-ebs-csi-controller-sa-irsa",
            "assume_role_policy": "{\"Version\":\"2012-10-17\",\"Statement\":[{\"Sid\":\"\",\"Effect\":\"Allow\",\"Principal\":{\"Federated\":\"arn:aws:iam::462068371076:oidc-provider/oidc.eks.eu-west-2.amazonaws.com/id/5FD58B36912CA4C80BD586B5F559C171\"},\"Action\":\"sts:AssumeRoleWithWebIdentity\",\"Condition\":{\"StringEquals\":{\"oidc.eks.eu-west-2.amazonaws.com/id/5FD58B36912CA4C80BD586B5F559C171:sub\":\"system:serviceaccount:kube-system:ebs-csi-controller-sa\"}}}]}",
            "create_date": "2022-01-28T08:40:21Z",
            "description": "",
            "force_detach_policies": true,
            "id": "462068371076-dev-ops-eks-ebs-csi-controller-sa-irsa",
            "inline_policy": [
              {
                "name": "",
                "policy": ""
              }
            ],
            "managed_policy_arns": [
              "arn:aws:iam::462068371076:policy/462068371076-dev-ops-eks-aws-ebs-csi-driver-irsa"
            ],
            "max_session_duration": 3600,
            "name": "462068371076-dev-ops-eks-ebs-csi-controller-sa-irsa",
            "name_prefix": "",
            "path": "/",
            "permissions_boundary": null,
            "tags": {
              "environment": "dev",
              "project": "Minh",
              "provision_by": "Terraform",
              "tenant": "462068371076",
              "terraform_version": "v1.1.2",
              "zone": "ops"
            },
            "tags_all": {
              "environment": "dev",
              "project": "Minh",
              "provision_by": "Terraform",
              "tenant": "462068371076",
              "terraform_version": "v1.1.2",
              "zone": "ops"
            },
            "unique_id": "AROAWXFLLZ2CISKYX2H6K"
          },
          "sensitive_attributes": [],
          "private": "bnVsbA==",
          "dependencies": [
            "aws_kms_key.key",
            "module.efs.aws_efs_file_system.efs",
            "module.efs.aws_efs_mount_target.efs-mt",
            "module.efs.aws_security_group.efs",
            "module.efs.data.aws_availability_zones.available",
            "module.eks.aws_cloudwatch_log_group.this",
            "module.eks.aws_eks_cluster.this",
            "module.eks.aws_iam_role.this",
            "module.eks.aws_iam_role_policy_attachment.this",
            "module.eks.aws_security_group.cluster",
            "module.eks.aws_security_group.node",
            "module.eks.aws_security_group_rule.cluster",
            "module.eks.aws_security_group_rule.node",
            "module.eks.data.aws_iam_policy_document.assume_role_policy",
            "module.eks.data.aws_partition.current",
            "module.kubernetes-addons.module.aws_ebs_csi_driver.module.irsa_addon.data.aws_caller_identity.current",
            "module.kubernetes-addons.module.aws_ebs_csi_driver.module.irsa_addon.data.aws_eks_cluster.eks_cluster",
            "module.kubernetes-addons.module.aws_ebs_csi_driver.module.irsa_addon.data.aws_iam_policy_document.irsa_with_oidc",
            "module.kubernetes-addons.module.aws_ebs_csi_driver.module.irsa_addon.data.aws_partition.current",
            "module.vpc.aws_subnet.private",
            "module.vpc.aws_subnet.public",
            "module.vpc.aws_vpc.this",
            "module.vpc.aws_vpc_ipv4_cidr_block_association.this"
          ]
        }
      ]
    },
    {
      "module": "module.kubernetes-addons.module.aws_ebs_csi_driver[0].module.irsa_addon",
      "mode": "managed",
      "type": "aws_iam_role_policy_attachment",
      "name": "irsa",
      "provider": "provider[\"registry.terraform.io/hashicorp/aws\"]",
      "instances": [
        {
          "index_key": 0,
          "schema_version": 0,
          "attributes": {
            "id": "462068371076-dev-ops-eks-ebs-csi-controller-sa-irsa-20220128084025520100000002",
            "policy_arn": "arn:aws:iam::462068371076:policy/462068371076-dev-ops-eks-aws-ebs-csi-driver-irsa",
            "role": "462068371076-dev-ops-eks-ebs-csi-controller-sa-irsa"
          },
          "sensitive_attributes": [],
          "private": "bnVsbA==",
          "dependencies": [
            "aws_kms_key.key",
            "module.efs.aws_efs_file_system.efs",
            "module.efs.aws_efs_mount_target.efs-mt",
            "module.efs.aws_security_group.efs",
            "module.efs.data.aws_availability_zones.available",
            "module.eks.aws_cloudwatch_log_group.this",
            "module.eks.aws_eks_cluster.this",
            "module.eks.aws_iam_role.this",
            "module.eks.aws_iam_role_policy_attachment.this",
            "module.eks.aws_security_group.cluster",
            "module.eks.aws_security_group.node",
            "module.eks.aws_security_group_rule.cluster",
            "module.eks.aws_security_group_rule.node",
            "module.eks.data.aws_iam_policy_document.assume_role_policy",
            "module.eks.data.aws_partition.current",
            "module.kubernetes-addons.module.aws_ebs_csi_driver.aws_iam_policy.aws_ebs_csi_driver",
            "module.kubernetes-addons.module.aws_ebs_csi_driver.data.aws_iam_policy_document.aws-ebs-csi-driver",
            "module.kubernetes-addons.module.aws_ebs_csi_driver.module.irsa_addon.aws_iam_role.irsa",
            "module.kubernetes-addons.module.aws_ebs_csi_driver.module.irsa_addon.data.aws_caller_identity.current",
            "module.kubernetes-addons.module.aws_ebs_csi_driver.module.irsa_addon.data.aws_eks_cluster.eks_cluster",
            "module.kubernetes-addons.module.aws_ebs_csi_driver.module.irsa_addon.data.aws_iam_policy_document.irsa_with_oidc",
            "module.kubernetes-addons.module.aws_ebs_csi_driver.module.irsa_addon.data.aws_partition.current",
            "module.vpc.aws_subnet.private",
            "module.vpc.aws_subnet.public",
            "module.vpc.aws_vpc.this",
            "module.vpc.aws_vpc_ipv4_cidr_block_association.this"
          ]
        }
      ]
    },
    {
      "module": "module.kubernetes-addons.module.aws_efs_csi[0]",
      "mode": "data",
      "type": "aws_iam_policy_document",
      "name": "aws-efs-csi-driver",
      "provider": "provider[\"registry.terraform.io/hashicorp/aws\"]",
      "instances": [
        {
          "schema_version": 0,
          "attributes": {
            "id": "988229073",
            "json": "{\n  \"Version\": \"2012-10-17\",\n  \"Statement\": [\n    {\n      \"Sid\": \"\",\n      \"Effect\": \"Allow\",\n      \"Action\": [\n        \"elasticfilesystem:DescribeAccessPoints\",\n        \"elasticfilesystem:DescribeFileSystems\",\n        \"elasticfilesystem:DescribeMountTargets\",\n        \"ec2:DescribeAvailabilityZones\"\n      ],\n      \"Resource\": \"*\"\n    },\n    {\n      \"Sid\": \"\",\n      \"Effect\": \"Allow\",\n      \"Action\": [\n        \"elasticfilesystem:CreateAccessPoint\"\n      ],\n      \"Resource\": \"*\",\n      \"Condition\": {\n        \"StringLike\": {\n          \"aws:RequestTag/efs.csi.aws.com/cluster\": [\n            \"true\"\n          ]\n        }\n      }\n    },\n    {\n      \"Sid\": \"\",\n      \"Effect\": \"Allow\",\n      \"Action\": \"elasticfilesystem:DeleteAccessPoint\",\n      \"Resource\": \"*\",\n      \"Condition\": {\n        \"StringEquals\": {\n          \"aws:ResourceTag/efs.csi.aws.com/cluster\": [\n            \"true\"\n          ]\n        }\n      }\n    }\n  ]\n}",
            "override_json": null,
            "override_policy_documents": null,
            "policy_id": null,
            "source_json": "{\n    \"Version\": \"2012-10-17\",\n    \"Statement\": [\n      {\n        \"Effect\": \"Allow\",\n        \"Action\": [\n          \"elasticfilesystem:DescribeAccessPoints\",\n          \"elasticfilesystem:DescribeFileSystems\",\n          \"elasticfilesystem:DescribeMountTargets\",\n          \"ec2:DescribeAvailabilityZones\"\n        ],\n        \"Resource\": \"*\"\n      },\n      {\n        \"Effect\": \"Allow\",\n        \"Action\": [\n          \"elasticfilesystem:CreateAccessPoint\"\n        ],\n        \"Resource\": \"*\",\n        \"Condition\": {\n          \"StringLike\": {\n            \"aws:RequestTag/efs.csi.aws.com/cluster\": \"true\"\n          }\n        }\n      },\n      {\n        \"Effect\": \"Allow\",\n        \"Action\": \"elasticfilesystem:DeleteAccessPoint\",\n        \"Resource\": \"*\",\n        \"Condition\": {\n          \"StringEquals\": {\n            \"aws:ResourceTag/efs.csi.aws.com/cluster\": \"true\"\n          }\n        }\n      }\n    ]\n  }",
            "source_policy_documents": null,
            "statement": null,
            "version": "2012-10-17"
          },
          "sensitive_attributes": []
        }
      ]
    },
    {
      "module": "module.kubernetes-addons.module.aws_efs_csi[0]",
      "mode": "data",
      "type": "aws_region",
      "name": "current",
      "provider": "provider[\"registry.terraform.io/hashicorp/aws\"]",
      "instances": [
        {
          "schema_version": 0,
          "attributes": {
            "description": "Europe (London)",
            "endpoint": "ec2.eu-west-2.amazonaws.com",
            "id": "eu-west-2",
            "name": "eu-west-2"
          },
          "sensitive_attributes": []
        }
      ]
    },
    {
      "module": "module.kubernetes-addons.module.aws_efs_csi[0]",
      "mode": "managed",
      "type": "aws_iam_policy",
      "name": "aws_efs_csi_driver",
      "provider": "provider[\"registry.terraform.io/hashicorp/aws\"]",
      "instances": [
        {
          "schema_version": 0,
          "attributes": {
            "arn": "arn:aws:iam::462068371076:policy/aws-efs-csi-driver-policy",
            "description": "IAM Policy for AWS EFS CSI Driver",
            "id": "arn:aws:iam::462068371076:policy/aws-efs-csi-driver-policy",
            "name": "aws-efs-csi-driver-policy",
            "name_prefix": null,
            "path": "/",
            "policy": "{\"Statement\":[{\"Action\":[\"elasticfilesystem:DescribeAccessPoints\",\"elasticfilesystem:DescribeFileSystems\",\"elasticfilesystem:DescribeMountTargets\",\"ec2:DescribeAvailabilityZones\"],\"Effect\":\"Allow\",\"Resource\":\"*\",\"Sid\":\"\"},{\"Action\":[\"elasticfilesystem:CreateAccessPoint\"],\"Condition\":{\"StringLike\":{\"aws:RequestTag/efs.csi.aws.com/cluster\":[\"true\"]}},\"Effect\":\"Allow\",\"Resource\":\"*\",\"Sid\":\"\"},{\"Action\":\"elasticfilesystem:DeleteAccessPoint\",\"Condition\":{\"StringEquals\":{\"aws:ResourceTag/efs.csi.aws.com/cluster\":[\"true\"]}},\"Effect\":\"Allow\",\"Resource\":\"*\",\"Sid\":\"\"}],\"Version\":\"2012-10-17\"}",
            "policy_id": "ANPAWXFLLZ2CJ6J6QGGWV",
            "tags": {},
            "tags_all": {}
          },
          "sensitive_attributes": [],
          "private": "bnVsbA==",
          "dependencies": [
            "aws_kms_key.key",
            "module.efs.aws_efs_file_system.efs",
            "module.efs.aws_efs_mount_target.efs-mt",
            "module.efs.aws_security_group.efs",
            "module.efs.data.aws_availability_zones.available",
            "module.eks.aws_cloudwatch_log_group.this",
            "module.eks.aws_eks_cluster.this",
            "module.eks.aws_iam_role.this",
            "module.eks.aws_iam_role_policy_attachment.this",
            "module.eks.aws_security_group.cluster",
            "module.eks.aws_security_group.node",
            "module.eks.aws_security_group_rule.cluster",
            "module.eks.aws_security_group_rule.node",
            "module.eks.data.aws_iam_policy_document.assume_role_policy",
            "module.eks.data.aws_partition.current",
            "module.kubernetes-addons.module.aws_efs_csi.data.aws_iam_policy_document.aws-efs-csi-driver",
            "module.vpc.aws_subnet.private",
            "module.vpc.aws_subnet.public",
            "module.vpc.aws_vpc.this",
            "module.vpc.aws_vpc_ipv4_cidr_block_association.this"
          ]
        }
      ]
    },
    {
      "module": "module.kubernetes-addons.module.aws_efs_csi[0]",
      "mode": "managed",
      "type": "helm_release",
      "name": "aws-efs-csi-driver",
      "provider": "provider[\"registry.terraform.io/hashicorp/helm\"]",
      "instances": [
        {
          "schema_version": 0,
          "attributes": {
            "atomic": false,
            "chart": "aws-efs-csi-driver",
            "cleanup_on_fail": false,
            "create_namespace": true,
            "dependency_update": false,
            "description": "The AWS EFS Helm Chartconfiguration",
            "devel": null,
            "disable_crd_hooks": false,
            "disable_openapi_validation": false,
            "disable_webhooks": false,
            "force_update": false,
            "id": "aws-efs-csi-driver",
            "keyring": "",
            "lint": false,
            "manifest": null,
            "max_history": 0,
            "metadata": [
              {
                "app_version": "1.3.6",
                "chart": "aws-efs-csi-driver",
                "name": "aws-efs-csi-driver",
                "namespace": "kube-system",
                "revision": 3,
                "values": "{\"controller\":{\"affinity\":{},\"create\":true,\"deleteAccessPointRootDir\":true,\"extraCreateMetadata\":true,\"healthPort\":9909,\"logLevel\":2,\"nodeSelector\":{\"dedicated\":\"addon\"},\"podAnnotations\":{},\"resources\":{},\"serviceAccount\":{\"annotations\":{\"eks.amazonaws.com/role-arn\":\"arn:aws:iam::462068371076:role/462068371076-dev-ops-eks-efs-csi-controller-sa-irsa\"},\"create\":true,\"name\":\"efs-csi-controller-sa\"},\"tags\":{},\"tolerations\":[]},\"fullnameOverride\":\"\",\"image\":{\"pullPolicy\":\"IfNotPresent\",\"repository\":\"amazon/aws-efs-csi-driver\",\"tag\":\"v1.3.6\"},\"imagePullSecrets\":[],\"nameOverride\":\"\",\"node\":{\"dnsConfig\":{},\"dnsPolicy\":\"ClusterFirst\",\"healthPort\":9809,\"hostAliases\":{},\"logLevel\":2,\"nodeSelector\":{},\"podAnnotations\":{},\"resources\":{},\"serviceAccount\":{\"annotations\":{},\"create\":true,\"name\":\"efs-csi-node-sa\"},\"tolerations\":[{\"operator\":\"Exists\"}]},\"replicaCount\":2,\"sidecars\":{\"csiProvisioner\":{\"image\":{\"pullPolicy\":\"IfNotPresent\",\"repository\":\"public.ecr.aws/eks-distro/kubernetes-csi/external-provisioner\",\"tag\":\"v2.1.1-eks-1-18-2\"},\"resources\":{}},\"livenessProbe\":{\"image\":{\"pullPolicy\":\"IfNotPresent\",\"repository\":\"public.ecr.aws/eks-distro/kubernetes-csi/livenessprobe\",\"tag\":\"v2.2.0-eks-1-18-2\"},\"resources\":{}},\"nodeDriverRegistrar\":{\"image\":{\"pullPolicy\":\"IfNotPresent\",\"repository\":\"public.ecr.aws/eks-distro/kubernetes-csi/node-driver-registrar\",\"tag\":\"v2.1.0-eks-1-18-2\"},\"resources\":{}}},\"storageClasses\":[{\"mountOptions\":[\"tls\"],\"name\":\"efs-sc\",\"parameters\":{\"basePath\":\"/dynamic_provisioning\",\"directoryPerms\":\"700\",\"fileSystemId\":\"fs-094abe4625389fe93\",\"gidRangeEnd\":\"2000\",\"gidRangeStart\":\"1000\",\"provisioningMode\":\"efs-ap\"},\"reclaimPolicy\":\"Retain\",\"volumeBindingMode\":\"Immediate\"}]}",
                "version": "2.2.3"
              }
            ],
            "name": "aws-efs-csi-driver",
            "namespace": "kube-system",
            "postrender": [
              {
                "binary_path": ""
              }
            ],
            "recreate_pods": false,
            "render_subchart_notes": true,
            "replace": false,
            "repository": "https://kubernetes-sigs.github.io/aws-efs-csi-driver",
            "repository_ca_file": "",
            "repository_cert_file": "",
            "repository_key_file": "",
            "repository_password": "",
            "repository_username": "",
            "reset_values": false,
            "reuse_values": false,
            "set": [
              {
                "name": "controller.nodeSelector.dedicated",
                "type": "",
                "value": "addon"
              },
              {
                "name": "controller.serviceAccount.annotations.eks\\.amazonaws\\.com/role-arn",
                "type": "string",
                "value": "arn:aws:iam::462068371076:role/462068371076-dev-ops-eks-efs-csi-controller-sa-irsa"
              },
              {
                "name": "controller.serviceAccount.name",
                "type": "string",
                "value": "efs-csi-controller-sa"
              },
              {
                "name": "storageClasses[0].parameters.fileSystemId",
                "type": "string",
                "value": "fs-094abe4625389fe93"
              }
            ],
            "set_sensitive": [],
            "skip_crds": false,
            "status": "deployed",
            "timeout": 1200,
            "values": [
              "# Default values for aws-efs-csi-driver.\n# This is a YAML-formatted file.\n# Declare variables to be passed into your templates.\n\nnameOverride: \"\"\nfullnameOverride: \"\"\n\nreplicaCount: 2\n\nimage:\n  repository: amazon/aws-efs-csi-driver\n  tag: \"v1.3.6\"\n  pullPolicy: IfNotPresent\n\nsidecars:\n  livenessProbe:\n    image:\n      repository: public.ecr.aws/eks-distro/kubernetes-csi/livenessprobe\n      tag: v2.2.0-eks-1-18-2\n      pullPolicy: IfNotPresent\n    resources: {}\n  nodeDriverRegistrar:\n    image:\n      repository: public.ecr.aws/eks-distro/kubernetes-csi/node-driver-registrar\n      tag: v2.1.0-eks-1-18-2\n      pullPolicy: IfNotPresent\n    resources: {}\n  csiProvisioner:\n    image:\n      repository: public.ecr.aws/eks-distro/kubernetes-csi/external-provisioner\n      tag: v2.1.1-eks-1-18-2\n      pullPolicy: IfNotPresent\n    resources: {}\n\nimagePullSecrets: []\n\n## Controller deployment variables\n\ncontroller:\n  # Specifies whether a deployment should be created\n  create: true\n  # Number for the log level verbosity\n  logLevel: 2\n  # If set, add pv/pvc metadata to plugin create requests as parameters.\n  extraCreateMetadata: true\n  # Add additional tags to access points\n  tags:\n    {}\n    # environment: prod\n    # region: us-east-1\n  # Enable if you want the controller to also delete the\n  # path on efs when deleteing an access point\n  deleteAccessPointRootDir: true\n  podAnnotations: {}\n  resources:\n    {}\n    # We usually recommend not to specify default resources and to leave this as a conscious\n    # choice for the user. This also increases chances charts run on environments with little\n    # resources, such as Minikube. If you do want to specify resources, uncomment the following\n    # lines, adjust them as necessary, and remove the curly braces after 'resources:'.\n    # limits:\n    #   cpu: 100m\n    #   memory: 128Mi\n    # requests:\n    #   cpu: 100m\n    #   memory: 128Mi\n  nodeSelector: {}\n  tolerations: []\n  affinity: {}\n  # Specifies whether a service account should be created\n  serviceAccount:\n    create: true\n    name: efs-csi-controller-sa\n    annotations: {}\n    ## Enable if EKS IAM for SA is used\n    #  eks.amazonaws.com/role-arn: arn:aws:iam::111122223333:role/efs-csi-role\n  healthPort: 9909\n\n## Node daemonset variables\n\nnode:\n  # Number for the log level verbosity\n  logLevel: 2\n  hostAliases:\n    {}\n    # For cross VPC EFS, you need to poison or overwrite the DNS for the efs volume as per\n    # https://docs.aws.amazon.com/efs/latest/ug/efs-different-vpc.html#wt6-efs-utils-step3\n    # implementing the suggested solution found here:\n    # https://github.com/kubernetes-sigs/aws-efs-csi-driver/issues/240#issuecomment-676849346\n    # EFS Vol ID, IP, Region\n    # \"fs-01234567\":\n    #   ip: 10.10.2.2\n    #   region: us-east-2\n  dnsPolicy: ClusterFirst\n  dnsConfig:\n    {}\n    # Example config which uses the AWS nameservers\n    # dnsPolicy: \"None\"\n    # dnsConfig:\n    #   nameservers:\n    #     - 169.254.169.253\n  podAnnotations: {}\n  resources:\n    {}\n    # limits:\n    #   cpu: 100m\n    #   memory: 128Mi\n    # requests:\n    #   cpu: 100m\n    #   memory: 128Mi\n  nodeSelector: {}\n  tolerations:\n    - operator: Exists\n  # Specifies whether a service account should be created\n  serviceAccount:\n    create: true\n    name: efs-csi-node-sa\n    annotations: {}\n    ## Enable if EKS IAM for SA is used\n    #  eks.amazonaws.com/role-arn: arn:aws:iam::111122223333:role/efs-csi-role\n  healthPort: 9809\n\nstorageClasses: \n- name: efs-sc\n  mountOptions:\n  - tls\n  parameters:\n    provisioningMode: efs-ap\n    fileSystemId: fs-1122aabb\n    directoryPerms: \"700\"\n    gidRangeStart: \"1000\"\n    gidRangeEnd: \"2000\"\n    basePath: \"/dynamic_provisioning\"\n  reclaimPolicy: Retain\n  volumeBindingMode: Immediate"
            ],
            "verify": false,
            "version": "2.2.3",
            "wait": true,
            "wait_for_jobs": false
          },
          "sensitive_attributes": [],
          "private": "bnVsbA==",
          "dependencies": [
            "aws_kms_key.key",
            "module.efs.aws_efs_file_system.efs",
            "module.efs.aws_efs_mount_target.efs-mt",
            "module.efs.aws_security_group.efs",
            "module.efs.data.aws_availability_zones.available",
            "module.eks.aws_cloudwatch_log_group.this",
            "module.eks.aws_eks_cluster.this",
            "module.eks.aws_iam_role.this",
            "module.eks.aws_iam_role_policy_attachment.this",
            "module.eks.aws_security_group.cluster",
            "module.eks.aws_security_group.node",
            "module.eks.aws_security_group_rule.cluster",
            "module.eks.aws_security_group_rule.node",
            "module.eks.data.aws_iam_policy_document.assume_role_policy",
            "module.eks.data.aws_partition.current",
            "module.kubernetes-addons.module.aws_efs_csi.aws_iam_policy.aws_efs_csi_driver",
            "module.kubernetes-addons.module.aws_efs_csi.data.aws_iam_policy_document.aws-efs-csi-driver",
            "module.kubernetes-addons.module.aws_efs_csi.module.irsa_addon.aws_iam_role.irsa",
            "module.kubernetes-addons.module.aws_efs_csi.module.irsa_addon.aws_iam_role_policy_attachment.irsa",
            "module.kubernetes-addons.module.aws_efs_csi.module.irsa_addon.data.aws_caller_identity.current",
            "module.kubernetes-addons.module.aws_efs_csi.module.irsa_addon.data.aws_eks_cluster.eks_cluster",
            "module.kubernetes-addons.module.aws_efs_csi.module.irsa_addon.data.aws_iam_policy_document.irsa_with_oidc",
            "module.kubernetes-addons.module.aws_efs_csi.module.irsa_addon.data.aws_partition.current",
            "module.kubernetes-addons.module.aws_efs_csi.module.irsa_addon.kubernetes_namespace.irsa",
            "module.kubernetes-addons.module.aws_efs_csi.module.irsa_addon.kubernetes_service_account.irsa",
            "module.vpc.aws_subnet.private",
            "module.vpc.aws_subnet.public",
            "module.vpc.aws_vpc.this",
            "module.vpc.aws_vpc_ipv4_cidr_block_association.this"
          ]
        }
      ]
    },
    {
      "module": "module.kubernetes-addons.module.aws_efs_csi[0].module.irsa_addon",
      "mode": "data",
      "type": "aws_caller_identity",
      "name": "current",
      "provider": "provider[\"registry.terraform.io/hashicorp/aws\"]",
      "instances": [
        {
          "schema_version": 0,
          "attributes": {
            "account_id": "462068371076",
            "arn": "arn:aws:iam::462068371076:user/minh_luu",
            "id": "462068371076",
            "user_id": "AIDAWXFLLZ2CCNO364PQ3"
          },
          "sensitive_attributes": []
        }
      ]
    },
    {
      "module": "module.kubernetes-addons.module.aws_efs_csi[0].module.irsa_addon",
      "mode": "data",
      "type": "aws_eks_cluster",
      "name": "eks_cluster",
      "provider": "provider[\"registry.terraform.io/hashicorp/aws\"]",
      "instances": [
        {
          "schema_version": 0,
          "attributes": {
            "arn": "arn:aws:eks:eu-west-2:462068371076:cluster/462068371076-dev-ops-eks",
            "certificate_authority": [
              {
                "data": "LS0tLS1CRUdJTiBDRVJUSUZJQ0FURS0tLS0tCk1JSUM1ekNDQWMrZ0F3SUJBZ0lCQURBTkJna3Foa2lHOXcwQkFRc0ZBREFWTVJNd0VRWURWUVFERXdwcmRXSmwKY201bGRHVnpNQjRYRFRJeU1ERXlOekV6TlRjME4xb1hEVE15TURFeU5URXpOVGMwTjFvd0ZURVRNQkVHQTFVRQpBeE1LYTNWaVpYSnVaWFJsY3pDQ0FTSXdEUVlKS29aSWh2Y05BUUVCQlFBRGdnRVBBRENDQVFvQ2dnRUJBS3dRCjMyNU54YTVuTGVSRERBV3NaQk1XZjBNWnNZWUNsdlAycVNsaHFidG83ZCtWb3lmUnVMOEw4N2haWllpSnd4aTUKOXNyT2QyMldoU1EzRVA3bVFUb1JtVDdqcDdPWUFLUGhCQXcwalR0aFdFcWlJb3Q3TG1xSEYyTjdnN1ZxOElyVAoybG5Cd3dleWJCbmZjNmVSNWs1eFZqdW52NUN5TnIrSy93bDFVeW9mWVE3K1FkRXdJc0E3K1hPYVcxbWN0LzBLCmpyWkFCSnRxazlhVmFRUnZRQ3VXczM0VlQ5ckRHQnpvSmpscVJVbWx1ZUYvcVdSTWlsZXMvcUlMcXlCNndZWlAKbEtOWHlVb0wzYVh6bGRpUUVUenNtbVZ3ZkI1RnI3Z0FhWk0vVW1FbFp0eHZ0T1RxTEx5dCtscS80T21GMUhoMQpjSG54V3drSlFYMGgydWI3VVZFQ0F3RUFBYU5DTUVBd0RnWURWUjBQQVFIL0JBUURBZ0trTUE4R0ExVWRFd0VCCi93UUZNQU1CQWY4d0hRWURWUjBPQkJZRUZQM2FUSTA4VzM3MG0rU0crMzJyMjZFdDA2ZC9NQTBHQ1NxR1NJYjMKRFFFQkN3VUFBNElCQVFBYUZ6VGpZVXFwU2krbTJnVDBFZCtlbG1VMEFlUExhSmdmRjc5blJOMDUzcjlkeDZCYgo0ZWRVWWliQ2ZQeXlOVVo1dXdMM1RXRk44eGUxeG1JYU1qbjkyYXBGRjBqSmhST3Z2THZPdnR4Y0JMM2k2ZmtLCjJWWS90Z0k1UUliWU42cmI2eW54a2k2S1p1YjM5MnhvSFBqTmdoQ3lTMUdPZVlTZkJoTENvUWorSjA3MjVpd0YKT1A0Wm5DS292YVI1cnhORGV4NnZvWm04VHM5dzVxNjFpUHZXNW01VnFkcXJ6OGxiRklocnRCK2crMGpLeDdnWgpNWWFyQk5qUmVpQ25uS1NMU0s3U2F1U0thTjgxcnBDemRTWmdCYkhoMjk3YzJZTW5tUFp0dXFML1k1M0N5Rm1KCk1RVEF5Nk4vUDQxWmpQaVcrQ0dXYmdWek5hQW1FeWwzSGtJeQotLS0tLUVORCBDRVJUSUZJQ0FURS0tLS0tCg=="
              }
            ],
            "created_at": "2022-01-27 13:52:03.732 +0000 UTC",
            "enabled_cluster_log_types": [
              "api",
              "audit",
              "authenticator"
            ],
            "endpoint": "https://5FD58B36912CA4C80BD586B5F559C171.yl4.eu-west-2.eks.amazonaws.com",
            "id": "462068371076-dev-ops-eks",
            "identity": [
              {
                "oidc": [
                  {
                    "issuer": "https://oidc.eks.eu-west-2.amazonaws.com/id/5FD58B36912CA4C80BD586B5F559C171"
                  }
                ]
              }
            ],
            "kubernetes_network_config": [
              {
                "ip_family": "ipv4",
                "service_ipv4_cidr": "172.20.0.0/16"
              }
            ],
            "name": "462068371076-dev-ops-eks",
            "platform_version": "eks.4",
            "role_arn": "arn:aws:iam::462068371076:role/462068371076-dev-ops-eks-cluster-20220127135112865800000003",
            "status": "ACTIVE",
            "tags": {
              "environment": "dev",
              "karpenter.sh/discovery": "462068371076-dev-ops-eks",
              "project": "Minh",
              "provision_by": "Terraform",
              "tenant": "462068371076",
              "terraform_version": "v1.1.2",
              "zone": "ops"
            },
            "version": "1.21",
            "vpc_config": [
              {
                "cluster_security_group_id": "sg-0767ad0acd46f4616",
                "endpoint_private_access": true,
                "endpoint_public_access": true,
                "public_access_cidrs": [
                  "0.0.0.0/0"
                ],
                "security_group_ids": [
                  "sg-0c2c61f402120463e"
                ],
                "subnet_ids": [
                  "subnet-00a2172c7548f0f62",
                  "subnet-017c07b88b48eb51f",
                  "subnet-044a2b84ce8b24885",
                  "subnet-05429611be9e990f5",
                  "subnet-0c94e7e5c66eddadd",
                  "subnet-0f4d84020cfe352f7"
                ],
                "vpc_id": "vpc-03bfe955d560ff194"
              }
            ]
          },
          "sensitive_attributes": []
        }
      ]
    },
    {
      "module": "module.kubernetes-addons.module.aws_efs_csi[0].module.irsa_addon",
      "mode": "data",
      "type": "aws_iam_policy_document",
      "name": "irsa_with_oidc",
      "provider": "provider[\"registry.terraform.io/hashicorp/aws\"]",
      "instances": [
        {
          "schema_version": 0,
          "attributes": {
            "id": "2320555805",
            "json": "{\n  \"Version\": \"2012-10-17\",\n  \"Statement\": [\n    {\n      \"Sid\": \"\",\n      \"Effect\": \"Allow\",\n      \"Action\": \"sts:AssumeRoleWithWebIdentity\",\n      \"Principal\": {\n        \"Federated\": \"arn:aws:iam::462068371076:oidc-provider/oidc.eks.eu-west-2.amazonaws.com/id/5FD58B36912CA4C80BD586B5F559C171\"\n      },\n      \"Condition\": {\n        \"StringEquals\": {\n          \"oidc.eks.eu-west-2.amazonaws.com/id/5FD58B36912CA4C80BD586B5F559C171:sub\": \"system:serviceaccount:kube-system:efs-csi-controller-sa\"\n        }\n      }\n    }\n  ]\n}",
            "override_json": null,
            "override_policy_documents": null,
            "policy_id": null,
            "source_json": null,
            "source_policy_documents": null,
            "statement": [
              {
                "actions": [
                  "sts:AssumeRoleWithWebIdentity"
                ],
                "condition": [
                  {
                    "test": "StringEquals",
                    "values": [
                      "system:serviceaccount:kube-system:efs-csi-controller-sa"
                    ],
                    "variable": "oidc.eks.eu-west-2.amazonaws.com/id/5FD58B36912CA4C80BD586B5F559C171:sub"
                  }
                ],
                "effect": "Allow",
                "not_actions": [],
                "not_principals": [],
                "not_resources": [],
                "principals": [
                  {
                    "identifiers": [
                      "arn:aws:iam::462068371076:oidc-provider/oidc.eks.eu-west-2.amazonaws.com/id/5FD58B36912CA4C80BD586B5F559C171"
                    ],
                    "type": "Federated"
                  }
                ],
                "resources": [],
                "sid": ""
              }
            ],
            "version": "2012-10-17"
          },
          "sensitive_attributes": []
        }
      ]
    },
    {
      "module": "module.kubernetes-addons.module.aws_efs_csi[0].module.irsa_addon",
      "mode": "data",
      "type": "aws_partition",
      "name": "current",
      "provider": "provider[\"registry.terraform.io/hashicorp/aws\"]",
      "instances": [
        {
          "schema_version": 0,
          "attributes": {
            "dns_suffix": "amazonaws.com",
            "id": "aws",
            "partition": "aws",
            "reverse_dns_prefix": "com.amazonaws"
          },
          "sensitive_attributes": []
        }
      ]
    },
    {
      "module": "module.kubernetes-addons.module.aws_efs_csi[0].module.irsa_addon",
      "mode": "managed",
      "type": "aws_iam_role",
      "name": "irsa",
      "provider": "provider[\"registry.terraform.io/hashicorp/aws\"]",
      "instances": [
        {
          "schema_version": 0,
          "attributes": {
            "arn": "arn:aws:iam::462068371076:role/462068371076-dev-ops-eks-efs-csi-controller-sa-irsa",
            "assume_role_policy": "{\"Version\":\"2012-10-17\",\"Statement\":[{\"Sid\":\"\",\"Effect\":\"Allow\",\"Principal\":{\"Federated\":\"arn:aws:iam::462068371076:oidc-provider/oidc.eks.eu-west-2.amazonaws.com/id/5FD58B36912CA4C80BD586B5F559C171\"},\"Action\":\"sts:AssumeRoleWithWebIdentity\",\"Condition\":{\"StringEquals\":{\"oidc.eks.eu-west-2.amazonaws.com/id/5FD58B36912CA4C80BD586B5F559C171:sub\":\"system:serviceaccount:kube-system:efs-csi-controller-sa\"}}}]}",
            "create_date": "2022-01-30T03:48:40Z",
            "description": "",
            "force_detach_policies": true,
            "id": "462068371076-dev-ops-eks-efs-csi-controller-sa-irsa",
            "inline_policy": [
              {
                "name": "",
                "policy": ""
              }
            ],
            "managed_policy_arns": [
              "arn:aws:iam::462068371076:policy/aws-efs-csi-driver-policy"
            ],
            "max_session_duration": 3600,
            "name": "462068371076-dev-ops-eks-efs-csi-controller-sa-irsa",
            "name_prefix": "",
            "path": "/",
            "permissions_boundary": null,
            "tags": {},
            "tags_all": {},
            "unique_id": "AROAWXFLLZ2CLTWSYJGPL"
          },
          "sensitive_attributes": [],
          "private": "bnVsbA==",
          "dependencies": [
            "aws_kms_key.key",
            "module.efs.aws_efs_file_system.efs",
            "module.efs.aws_efs_mount_target.efs-mt",
            "module.efs.aws_security_group.efs",
            "module.efs.data.aws_availability_zones.available",
            "module.eks.aws_cloudwatch_log_group.this",
            "module.eks.aws_eks_cluster.this",
            "module.eks.aws_iam_role.this",
            "module.eks.aws_iam_role_policy_attachment.this",
            "module.eks.aws_security_group.cluster",
            "module.eks.aws_security_group.node",
            "module.eks.aws_security_group_rule.cluster",
            "module.eks.aws_security_group_rule.node",
            "module.eks.data.aws_iam_policy_document.assume_role_policy",
            "module.eks.data.aws_partition.current",
            "module.kubernetes-addons.module.aws_efs_csi.module.irsa_addon.data.aws_caller_identity.current",
            "module.kubernetes-addons.module.aws_efs_csi.module.irsa_addon.data.aws_eks_cluster.eks_cluster",
            "module.kubernetes-addons.module.aws_efs_csi.module.irsa_addon.data.aws_iam_policy_document.irsa_with_oidc",
            "module.kubernetes-addons.module.aws_efs_csi.module.irsa_addon.data.aws_partition.current",
            "module.vpc.aws_subnet.private",
            "module.vpc.aws_subnet.public",
            "module.vpc.aws_vpc.this",
            "module.vpc.aws_vpc_ipv4_cidr_block_association.this"
          ]
        }
      ]
    },
    {
      "module": "module.kubernetes-addons.module.aws_efs_csi[0].module.irsa_addon",
      "mode": "managed",
      "type": "aws_iam_role_policy_attachment",
      "name": "irsa",
      "provider": "provider[\"registry.terraform.io/hashicorp/aws\"]",
      "instances": [
        {
          "index_key": 0,
          "schema_version": 0,
          "attributes": {
            "id": "462068371076-dev-ops-eks-efs-csi-controller-sa-irsa-20220130034845848900000002",
            "policy_arn": "arn:aws:iam::462068371076:policy/aws-efs-csi-driver-policy",
            "role": "462068371076-dev-ops-eks-efs-csi-controller-sa-irsa"
          },
          "sensitive_attributes": [],
          "private": "bnVsbA==",
          "dependencies": [
            "aws_kms_key.key",
            "module.efs.aws_efs_file_system.efs",
            "module.efs.aws_efs_mount_target.efs-mt",
            "module.efs.aws_security_group.efs",
            "module.efs.data.aws_availability_zones.available",
            "module.eks.aws_cloudwatch_log_group.this",
            "module.eks.aws_eks_cluster.this",
            "module.eks.aws_iam_role.this",
            "module.eks.aws_iam_role_policy_attachment.this",
            "module.eks.aws_security_group.cluster",
            "module.eks.aws_security_group.node",
            "module.eks.aws_security_group_rule.cluster",
            "module.eks.aws_security_group_rule.node",
            "module.eks.data.aws_iam_policy_document.assume_role_policy",
            "module.eks.data.aws_partition.current",
            "module.kubernetes-addons.module.aws_efs_csi.aws_iam_policy.aws_efs_csi_driver",
            "module.kubernetes-addons.module.aws_efs_csi.data.aws_iam_policy_document.aws-efs-csi-driver",
            "module.kubernetes-addons.module.aws_efs_csi.module.irsa_addon.aws_iam_role.irsa",
            "module.kubernetes-addons.module.aws_efs_csi.module.irsa_addon.data.aws_caller_identity.current",
            "module.kubernetes-addons.module.aws_efs_csi.module.irsa_addon.data.aws_eks_cluster.eks_cluster",
            "module.kubernetes-addons.module.aws_efs_csi.module.irsa_addon.data.aws_iam_policy_document.irsa_with_oidc",
            "module.kubernetes-addons.module.aws_efs_csi.module.irsa_addon.data.aws_partition.current",
            "module.vpc.aws_subnet.private",
            "module.vpc.aws_subnet.public",
            "module.vpc.aws_vpc.this",
            "module.vpc.aws_vpc_ipv4_cidr_block_association.this"
          ]
        }
      ]
    },
    {
      "module": "module.kubernetes-addons.module.cluster_autoscaler[0]",
      "mode": "data",
      "type": "aws_iam_policy_document",
      "name": "cluster_autoscaler",
      "provider": "provider[\"registry.terraform.io/hashicorp/aws\"]",
      "instances": [
        {
          "schema_version": 0,
          "attributes": {
            "id": "1342303187",
            "json": "{\n  \"Version\": \"2012-10-17\",\n  \"Statement\": [\n    {\n      \"Sid\": \"\",\n      \"Effect\": \"Allow\",\n      \"Action\": [\n        \"ec2:DescribeLaunchTemplateVersions\",\n        \"autoscaling:TerminateInstanceInAutoScalingGroup\",\n        \"autoscaling:SetDesiredCapacity\",\n        \"autoscaling:DescribeTags\",\n        \"autoscaling:DescribeLaunchConfigurations\",\n        \"autoscaling:DescribeAutoScalingInstances\",\n        \"autoscaling:DescribeAutoScalingGroups\"\n      ],\n      \"Resource\": \"*\"\n    }\n  ]\n}",
            "override_json": null,
            "override_policy_documents": null,
            "policy_id": null,
            "source_json": null,
            "source_policy_documents": null,
            "statement": [
              {
                "actions": [
                  "autoscaling:DescribeAutoScalingGroups",
                  "autoscaling:DescribeAutoScalingInstances",
                  "autoscaling:DescribeLaunchConfigurations",
                  "autoscaling:DescribeTags",
                  "autoscaling:SetDesiredCapacity",
                  "autoscaling:TerminateInstanceInAutoScalingGroup",
                  "ec2:DescribeLaunchTemplateVersions"
                ],
                "condition": [],
                "effect": "Allow",
                "not_actions": [],
                "not_principals": [],
                "not_resources": [],
                "principals": [],
                "resources": [
                  "*"
                ],
                "sid": ""
              }
            ],
            "version": "2012-10-17"
          },
          "sensitive_attributes": []
        }
      ]
    },
    {
      "module": "module.kubernetes-addons.module.cluster_autoscaler[0]",
      "mode": "data",
      "type": "aws_region",
      "name": "current",
      "provider": "provider[\"registry.terraform.io/hashicorp/aws\"]",
      "instances": [
        {
          "schema_version": 0,
          "attributes": {
            "description": "Europe (London)",
            "endpoint": "ec2.eu-west-2.amazonaws.com",
            "id": "eu-west-2",
            "name": "eu-west-2"
          },
          "sensitive_attributes": []
        }
      ]
    },
    {
      "module": "module.kubernetes-addons.module.cluster_autoscaler[0]",
      "mode": "managed",
      "type": "aws_iam_policy",
      "name": "cluster_autoscaler",
      "provider": "provider[\"registry.terraform.io/hashicorp/aws\"]",
      "instances": [
        {
          "schema_version": 0,
          "attributes": {
            "arn": "arn:aws:iam::462068371076:policy/462068371076-dev-ops-eks-cluster-autoscaler-irsa",
            "description": "Cluster Autoscaler IAM policy",
            "id": "arn:aws:iam::462068371076:policy/462068371076-dev-ops-eks-cluster-autoscaler-irsa",
            "name": "462068371076-dev-ops-eks-cluster-autoscaler-irsa",
            "name_prefix": null,
            "path": "/",
            "policy": "{\"Statement\":[{\"Action\":[\"ec2:DescribeLaunchTemplateVersions\",\"autoscaling:TerminateInstanceInAutoScalingGroup\",\"autoscaling:SetDesiredCapacity\",\"autoscaling:DescribeTags\",\"autoscaling:DescribeLaunchConfigurations\",\"autoscaling:DescribeAutoScalingInstances\",\"autoscaling:DescribeAutoScalingGroups\"],\"Effect\":\"Allow\",\"Resource\":\"*\",\"Sid\":\"\"}],\"Version\":\"2012-10-17\"}",
            "policy_id": "ANPAWXFLLZ2CICNMIKEX2",
            "tags": {},
            "tags_all": {}
          },
          "sensitive_attributes": [],
          "private": "bnVsbA==",
          "dependencies": [
            "aws_kms_key.key",
            "module.efs.aws_efs_file_system.efs",
            "module.efs.aws_efs_mount_target.efs-mt",
            "module.efs.aws_security_group.efs",
            "module.efs.data.aws_availability_zones.available",
            "module.eks.aws_cloudwatch_log_group.this",
            "module.eks.aws_eks_cluster.this",
            "module.eks.aws_iam_role.this",
            "module.eks.aws_iam_role_policy_attachment.this",
            "module.eks.aws_security_group.cluster",
            "module.eks.aws_security_group.node",
            "module.eks.aws_security_group_rule.cluster",
            "module.eks.aws_security_group_rule.node",
            "module.eks.data.aws_iam_policy_document.assume_role_policy",
            "module.eks.data.aws_partition.current",
            "module.kubernetes-addons.module.cluster_autoscaler.data.aws_iam_policy_document.cluster_autoscaler",
            "module.kubernetes-addons.module.cluster_autoscaler.data.aws_region.current",
            "module.vpc.aws_subnet.private",
            "module.vpc.aws_subnet.public",
            "module.vpc.aws_vpc.this",
            "module.vpc.aws_vpc_ipv4_cidr_block_association.this"
          ]
        }
      ]
    },
    {
      "module": "module.kubernetes-addons.module.cluster_autoscaler[0]",
      "mode": "managed",
      "type": "helm_release",
      "name": "cluster_autoscaler",
      "provider": "provider[\"registry.terraform.io/hashicorp/helm\"]",
      "instances": [
        {
          "index_key": 0,
          "schema_version": 0,
          "attributes": {
            "atomic": false,
            "chart": "cluster-autoscaler",
            "cleanup_on_fail": false,
            "create_namespace": false,
            "dependency_update": false,
            "description": "Cluster AutoScaler helm Chart deployment configuration",
            "devel": null,
            "disable_crd_hooks": false,
            "disable_openapi_validation": false,
            "disable_webhooks": false,
            "force_update": false,
            "id": "cluster-autoscaler",
            "keyring": "",
            "lint": false,
            "manifest": null,
            "max_history": 0,
            "metadata": [
              {
                "app_version": "1.21.1",
                "chart": "cluster-autoscaler",
                "name": "cluster-autoscaler",
                "namespace": "kube-system",
                "revision": 2,
                "values": "{\"autoDiscovery\":{\"clusterName\":\"462068371076-dev-ops-eks\"},\"awsRegion\":\"eu-west-2\",\"extraArgs\":{\"aws-use-static-instance-list\":true},\"nodeSelector\":{\"dedicated\":\"addon\"},\"rbac\":{\"serviceAccount\":{\"create\":false,\"name\":\"cluster-autoscaler-sa\"}},\"resources\":{\"limits\":{\"cpu\":\"200m\",\"memory\":\"512Mi\"},\"requests\":{\"cpu\":\"200m\",\"memory\":\"512Mi\"}}}",
                "version": "9.10.8"
              }
            ],
            "name": "cluster-autoscaler",
            "namespace": "kube-system",
            "postrender": [
              {
                "binary_path": ""
              }
            ],
            "recreate_pods": false,
            "render_subchart_notes": true,
            "replace": false,
            "repository": "https://kubernetes.github.io/autoscaler",
            "repository_ca_file": "",
            "repository_cert_file": "",
            "repository_key_file": "",
            "repository_password": "",
            "repository_username": "",
            "reset_values": false,
            "reuse_values": false,
            "set": [
              {
                "name": "nodeSelector.dedicated",
                "type": "",
                "value": "addon"
              },
              {
                "name": "rbac.serviceAccount.create",
                "type": "",
                "value": "false"
              },
              {
                "name": "rbac.serviceAccount.name",
                "type": "",
                "value": "cluster-autoscaler-sa"
              }
            ],
            "set_sensitive": [],
            "skip_crds": false,
            "status": "deployed",
            "timeout": 300,
            "values": [
              "awsRegion: eu-west-2\n\nautoDiscovery:\n  clusterName: 462068371076-dev-ops-eks\nextraArgs:\n  aws-use-static-instance-list: true\n\nrbac:\n  serviceAccount:\n    create: false\n    name: cluster-autoscaler-sa\n\nresources:\n  limits:\n    cpu: 200m\n    memory: 512Mi\n  requests:\n    cpu: 200m\n    memory: 512Mi\n"
            ],
            "verify": false,
            "version": "9.10.8",
            "wait": true,
            "wait_for_jobs": false
          },
          "sensitive_attributes": [],
          "private": "bnVsbA==",
          "dependencies": [
            "aws_kms_key.key",
            "module.efs.aws_efs_file_system.efs",
            "module.efs.aws_efs_mount_target.efs-mt",
            "module.efs.aws_security_group.efs",
            "module.efs.data.aws_availability_zones.available",
            "module.eks.aws_cloudwatch_log_group.this",
            "module.eks.aws_eks_cluster.this",
            "module.eks.aws_iam_role.this",
            "module.eks.aws_iam_role_policy_attachment.this",
            "module.eks.aws_security_group.cluster",
            "module.eks.aws_security_group.node",
            "module.eks.aws_security_group_rule.cluster",
            "module.eks.aws_security_group_rule.node",
            "module.eks.data.aws_iam_policy_document.assume_role_policy",
            "module.eks.data.aws_partition.current",
            "module.kubernetes-addons.module.cluster_autoscaler.aws_iam_policy.cluster_autoscaler",
            "module.kubernetes-addons.module.cluster_autoscaler.data.aws_iam_policy_document.cluster_autoscaler",
            "module.kubernetes-addons.module.cluster_autoscaler.data.aws_region.current",
            "module.kubernetes-addons.module.cluster_autoscaler.module.irsa.aws_iam_role.irsa",
            "module.kubernetes-addons.module.cluster_autoscaler.module.irsa.aws_iam_role_policy_attachment.irsa",
            "module.kubernetes-addons.module.cluster_autoscaler.module.irsa.data.aws_caller_identity.current",
            "module.kubernetes-addons.module.cluster_autoscaler.module.irsa.data.aws_eks_cluster.eks_cluster",
            "module.kubernetes-addons.module.cluster_autoscaler.module.irsa.data.aws_iam_policy_document.irsa_with_oidc",
            "module.kubernetes-addons.module.cluster_autoscaler.module.irsa.data.aws_partition.current",
            "module.kubernetes-addons.module.cluster_autoscaler.module.irsa.kubernetes_namespace.irsa",
            "module.kubernetes-addons.module.cluster_autoscaler.module.irsa.kubernetes_service_account.irsa",
            "module.vpc.aws_subnet.private",
            "module.vpc.aws_subnet.public",
            "module.vpc.aws_vpc.this",
            "module.vpc.aws_vpc_ipv4_cidr_block_association.this"
          ]
        }
      ]
    },
    {
      "module": "module.kubernetes-addons.module.cluster_autoscaler[0].module.irsa",
      "mode": "data",
      "type": "aws_caller_identity",
      "name": "current",
      "provider": "provider[\"registry.terraform.io/hashicorp/aws\"]",
      "instances": [
        {
          "schema_version": 0,
          "attributes": {
            "account_id": "462068371076",
            "arn": "arn:aws:iam::462068371076:user/minh_luu",
            "id": "462068371076",
            "user_id": "AIDAWXFLLZ2CCNO364PQ3"
          },
          "sensitive_attributes": []
        }
      ]
    },
    {
      "module": "module.kubernetes-addons.module.cluster_autoscaler[0].module.irsa",
      "mode": "data",
      "type": "aws_eks_cluster",
      "name": "eks_cluster",
      "provider": "provider[\"registry.terraform.io/hashicorp/aws\"]",
      "instances": [
        {
          "schema_version": 0,
          "attributes": {
            "arn": "arn:aws:eks:eu-west-2:462068371076:cluster/462068371076-dev-ops-eks",
            "certificate_authority": [
              {
                "data": "LS0tLS1CRUdJTiBDRVJUSUZJQ0FURS0tLS0tCk1JSUM1ekNDQWMrZ0F3SUJBZ0lCQURBTkJna3Foa2lHOXcwQkFRc0ZBREFWTVJNd0VRWURWUVFERXdwcmRXSmwKY201bGRHVnpNQjRYRFRJeU1ERXlOekV6TlRjME4xb1hEVE15TURFeU5URXpOVGMwTjFvd0ZURVRNQkVHQTFVRQpBeE1LYTNWaVpYSnVaWFJsY3pDQ0FTSXdEUVlKS29aSWh2Y05BUUVCQlFBRGdnRVBBRENDQVFvQ2dnRUJBS3dRCjMyNU54YTVuTGVSRERBV3NaQk1XZjBNWnNZWUNsdlAycVNsaHFidG83ZCtWb3lmUnVMOEw4N2haWllpSnd4aTUKOXNyT2QyMldoU1EzRVA3bVFUb1JtVDdqcDdPWUFLUGhCQXcwalR0aFdFcWlJb3Q3TG1xSEYyTjdnN1ZxOElyVAoybG5Cd3dleWJCbmZjNmVSNWs1eFZqdW52NUN5TnIrSy93bDFVeW9mWVE3K1FkRXdJc0E3K1hPYVcxbWN0LzBLCmpyWkFCSnRxazlhVmFRUnZRQ3VXczM0VlQ5ckRHQnpvSmpscVJVbWx1ZUYvcVdSTWlsZXMvcUlMcXlCNndZWlAKbEtOWHlVb0wzYVh6bGRpUUVUenNtbVZ3ZkI1RnI3Z0FhWk0vVW1FbFp0eHZ0T1RxTEx5dCtscS80T21GMUhoMQpjSG54V3drSlFYMGgydWI3VVZFQ0F3RUFBYU5DTUVBd0RnWURWUjBQQVFIL0JBUURBZ0trTUE4R0ExVWRFd0VCCi93UUZNQU1CQWY4d0hRWURWUjBPQkJZRUZQM2FUSTA4VzM3MG0rU0crMzJyMjZFdDA2ZC9NQTBHQ1NxR1NJYjMKRFFFQkN3VUFBNElCQVFBYUZ6VGpZVXFwU2krbTJnVDBFZCtlbG1VMEFlUExhSmdmRjc5blJOMDUzcjlkeDZCYgo0ZWRVWWliQ2ZQeXlOVVo1dXdMM1RXRk44eGUxeG1JYU1qbjkyYXBGRjBqSmhST3Z2THZPdnR4Y0JMM2k2ZmtLCjJWWS90Z0k1UUliWU42cmI2eW54a2k2S1p1YjM5MnhvSFBqTmdoQ3lTMUdPZVlTZkJoTENvUWorSjA3MjVpd0YKT1A0Wm5DS292YVI1cnhORGV4NnZvWm04VHM5dzVxNjFpUHZXNW01VnFkcXJ6OGxiRklocnRCK2crMGpLeDdnWgpNWWFyQk5qUmVpQ25uS1NMU0s3U2F1U0thTjgxcnBDemRTWmdCYkhoMjk3YzJZTW5tUFp0dXFML1k1M0N5Rm1KCk1RVEF5Nk4vUDQxWmpQaVcrQ0dXYmdWek5hQW1FeWwzSGtJeQotLS0tLUVORCBDRVJUSUZJQ0FURS0tLS0tCg=="
              }
            ],
            "created_at": "2022-01-27 13:52:03.732 +0000 UTC",
            "enabled_cluster_log_types": [
              "api",
              "audit",
              "authenticator"
            ],
            "endpoint": "https://5FD58B36912CA4C80BD586B5F559C171.yl4.eu-west-2.eks.amazonaws.com",
            "id": "462068371076-dev-ops-eks",
            "identity": [
              {
                "oidc": [
                  {
                    "issuer": "https://oidc.eks.eu-west-2.amazonaws.com/id/5FD58B36912CA4C80BD586B5F559C171"
                  }
                ]
              }
            ],
            "kubernetes_network_config": [
              {
                "ip_family": "ipv4",
                "service_ipv4_cidr": "172.20.0.0/16"
              }
            ],
            "name": "462068371076-dev-ops-eks",
            "platform_version": "eks.4",
            "role_arn": "arn:aws:iam::462068371076:role/462068371076-dev-ops-eks-cluster-20220127135112865800000003",
            "status": "ACTIVE",
            "tags": {
              "environment": "dev",
              "karpenter.sh/discovery": "462068371076-dev-ops-eks",
              "project": "Minh",
              "provision_by": "Terraform",
              "tenant": "462068371076",
              "terraform_version": "v1.1.2",
              "zone": "ops"
            },
            "version": "1.21",
            "vpc_config": [
              {
                "cluster_security_group_id": "sg-0767ad0acd46f4616",
                "endpoint_private_access": true,
                "endpoint_public_access": true,
                "public_access_cidrs": [
                  "0.0.0.0/0"
                ],
                "security_group_ids": [
                  "sg-0c2c61f402120463e"
                ],
                "subnet_ids": [
                  "subnet-00a2172c7548f0f62",
                  "subnet-017c07b88b48eb51f",
                  "subnet-044a2b84ce8b24885",
                  "subnet-05429611be9e990f5",
                  "subnet-0c94e7e5c66eddadd",
                  "subnet-0f4d84020cfe352f7"
                ],
                "vpc_id": "vpc-03bfe955d560ff194"
              }
            ]
          },
          "sensitive_attributes": []
        }
      ]
    },
    {
      "module": "module.kubernetes-addons.module.cluster_autoscaler[0].module.irsa",
      "mode": "data",
      "type": "aws_iam_policy_document",
      "name": "irsa_with_oidc",
      "provider": "provider[\"registry.terraform.io/hashicorp/aws\"]",
      "instances": [
        {
          "schema_version": 0,
          "attributes": {
            "id": "2367409388",
            "json": "{\n  \"Version\": \"2012-10-17\",\n  \"Statement\": [\n    {\n      \"Sid\": \"\",\n      \"Effect\": \"Allow\",\n      \"Action\": \"sts:AssumeRoleWithWebIdentity\",\n      \"Principal\": {\n        \"Federated\": \"arn:aws:iam::462068371076:oidc-provider/oidc.eks.eu-west-2.amazonaws.com/id/5FD58B36912CA4C80BD586B5F559C171\"\n      },\n      \"Condition\": {\n        \"StringEquals\": {\n          \"oidc.eks.eu-west-2.amazonaws.com/id/5FD58B36912CA4C80BD586B5F559C171:sub\": \"system:serviceaccount:kube-system:cluster-autoscaler-sa\"\n        }\n      }\n    }\n  ]\n}",
            "override_json": null,
            "override_policy_documents": null,
            "policy_id": null,
            "source_json": null,
            "source_policy_documents": null,
            "statement": [
              {
                "actions": [
                  "sts:AssumeRoleWithWebIdentity"
                ],
                "condition": [
                  {
                    "test": "StringEquals",
                    "values": [
                      "system:serviceaccount:kube-system:cluster-autoscaler-sa"
                    ],
                    "variable": "oidc.eks.eu-west-2.amazonaws.com/id/5FD58B36912CA4C80BD586B5F559C171:sub"
                  }
                ],
                "effect": "Allow",
                "not_actions": [],
                "not_principals": [],
                "not_resources": [],
                "principals": [
                  {
                    "identifiers": [
                      "arn:aws:iam::462068371076:oidc-provider/oidc.eks.eu-west-2.amazonaws.com/id/5FD58B36912CA4C80BD586B5F559C171"
                    ],
                    "type": "Federated"
                  }
                ],
                "resources": [],
                "sid": ""
              }
            ],
            "version": "2012-10-17"
          },
          "sensitive_attributes": []
        }
      ]
    },
    {
      "module": "module.kubernetes-addons.module.cluster_autoscaler[0].module.irsa",
      "mode": "data",
      "type": "aws_partition",
      "name": "current",
      "provider": "provider[\"registry.terraform.io/hashicorp/aws\"]",
      "instances": [
        {
          "schema_version": 0,
          "attributes": {
            "dns_suffix": "amazonaws.com",
            "id": "aws",
            "partition": "aws",
            "reverse_dns_prefix": "com.amazonaws"
          },
          "sensitive_attributes": []
        }
      ]
    },
    {
      "module": "module.kubernetes-addons.module.cluster_autoscaler[0].module.irsa",
      "mode": "managed",
      "type": "aws_iam_role",
      "name": "irsa",
      "provider": "provider[\"registry.terraform.io/hashicorp/aws\"]",
      "instances": [
        {
          "schema_version": 0,
          "attributes": {
            "arn": "arn:aws:iam::462068371076:role/462068371076-dev-ops-eks-cluster-autoscaler-sa-irsa",
            "assume_role_policy": "{\"Version\":\"2012-10-17\",\"Statement\":[{\"Sid\":\"\",\"Effect\":\"Allow\",\"Principal\":{\"Federated\":\"arn:aws:iam::462068371076:oidc-provider/oidc.eks.eu-west-2.amazonaws.com/id/5FD58B36912CA4C80BD586B5F559C171\"},\"Action\":\"sts:AssumeRoleWithWebIdentity\",\"Condition\":{\"StringEquals\":{\"oidc.eks.eu-west-2.amazonaws.com/id/5FD58B36912CA4C80BD586B5F559C171:sub\":\"system:serviceaccount:kube-system:cluster-autoscaler-sa\"}}}]}",
            "create_date": "2022-01-28T18:15:21Z",
            "description": "",
            "force_detach_policies": true,
            "id": "462068371076-dev-ops-eks-cluster-autoscaler-sa-irsa",
            "inline_policy": [
              {
                "name": "",
                "policy": ""
              }
            ],
            "managed_policy_arns": [
              "arn:aws:iam::462068371076:policy/462068371076-dev-ops-eks-cluster-autoscaler-irsa"
            ],
            "max_session_duration": 3600,
            "name": "462068371076-dev-ops-eks-cluster-autoscaler-sa-irsa",
            "name_prefix": "",
            "path": "/",
            "permissions_boundary": null,
            "tags": {
              "environment": "dev",
              "project": "Minh",
              "provision_by": "Terraform",
              "tenant": "462068371076",
              "terraform_version": "v1.1.2",
              "zone": "ops"
            },
            "tags_all": {
              "environment": "dev",
              "project": "Minh",
              "provision_by": "Terraform",
              "tenant": "462068371076",
              "terraform_version": "v1.1.2",
              "zone": "ops"
            },
            "unique_id": "AROAWXFLLZ2CPW3YR2GUM"
          },
          "sensitive_attributes": [],
          "private": "bnVsbA==",
          "dependencies": [
            "aws_kms_key.key",
            "module.efs.aws_efs_file_system.efs",
            "module.efs.aws_efs_mount_target.efs-mt",
            "module.efs.aws_security_group.efs",
            "module.efs.data.aws_availability_zones.available",
            "module.eks.aws_cloudwatch_log_group.this",
            "module.eks.aws_eks_cluster.this",
            "module.eks.aws_iam_role.this",
            "module.eks.aws_iam_role_policy_attachment.this",
            "module.eks.aws_security_group.cluster",
            "module.eks.aws_security_group.node",
            "module.eks.aws_security_group_rule.cluster",
            "module.eks.aws_security_group_rule.node",
            "module.eks.data.aws_iam_policy_document.assume_role_policy",
            "module.eks.data.aws_partition.current",
            "module.kubernetes-addons.module.cluster_autoscaler.module.irsa.data.aws_caller_identity.current",
            "module.kubernetes-addons.module.cluster_autoscaler.module.irsa.data.aws_eks_cluster.eks_cluster",
            "module.kubernetes-addons.module.cluster_autoscaler.module.irsa.data.aws_iam_policy_document.irsa_with_oidc",
            "module.kubernetes-addons.module.cluster_autoscaler.module.irsa.data.aws_partition.current",
            "module.vpc.aws_subnet.private",
            "module.vpc.aws_subnet.public",
            "module.vpc.aws_vpc.this",
            "module.vpc.aws_vpc_ipv4_cidr_block_association.this"
          ]
        }
      ]
    },
    {
      "module": "module.kubernetes-addons.module.cluster_autoscaler[0].module.irsa",
      "mode": "managed",
      "type": "aws_iam_role_policy_attachment",
      "name": "irsa",
      "provider": "provider[\"registry.terraform.io/hashicorp/aws\"]",
      "instances": [
        {
          "index_key": 0,
          "schema_version": 0,
          "attributes": {
            "id": "462068371076-dev-ops-eks-cluster-autoscaler-sa-irsa-20220128181526139000000001",
            "policy_arn": "arn:aws:iam::462068371076:policy/462068371076-dev-ops-eks-cluster-autoscaler-irsa",
            "role": "462068371076-dev-ops-eks-cluster-autoscaler-sa-irsa"
          },
          "sensitive_attributes": [],
          "private": "bnVsbA==",
          "dependencies": [
            "aws_kms_key.key",
            "module.efs.aws_efs_file_system.efs",
            "module.efs.aws_efs_mount_target.efs-mt",
            "module.efs.aws_security_group.efs",
            "module.efs.data.aws_availability_zones.available",
            "module.eks.aws_cloudwatch_log_group.this",
            "module.eks.aws_eks_cluster.this",
            "module.eks.aws_iam_role.this",
            "module.eks.aws_iam_role_policy_attachment.this",
            "module.eks.aws_security_group.cluster",
            "module.eks.aws_security_group.node",
            "module.eks.aws_security_group_rule.cluster",
            "module.eks.aws_security_group_rule.node",
            "module.eks.data.aws_iam_policy_document.assume_role_policy",
            "module.eks.data.aws_partition.current",
            "module.kubernetes-addons.module.cluster_autoscaler.aws_iam_policy.cluster_autoscaler",
            "module.kubernetes-addons.module.cluster_autoscaler.data.aws_iam_policy_document.cluster_autoscaler",
            "module.kubernetes-addons.module.cluster_autoscaler.data.aws_region.current",
            "module.kubernetes-addons.module.cluster_autoscaler.module.irsa.aws_iam_role.irsa",
            "module.kubernetes-addons.module.cluster_autoscaler.module.irsa.data.aws_caller_identity.current",
            "module.kubernetes-addons.module.cluster_autoscaler.module.irsa.data.aws_eks_cluster.eks_cluster",
            "module.kubernetes-addons.module.cluster_autoscaler.module.irsa.data.aws_iam_policy_document.irsa_with_oidc",
            "module.kubernetes-addons.module.cluster_autoscaler.module.irsa.data.aws_partition.current",
            "module.vpc.aws_subnet.private",
            "module.vpc.aws_subnet.public",
            "module.vpc.aws_vpc.this",
            "module.vpc.aws_vpc_ipv4_cidr_block_association.this"
          ]
        }
      ]
    },
    {
      "module": "module.kubernetes-addons.module.cluster_autoscaler[0].module.irsa",
      "mode": "managed",
      "type": "kubernetes_service_account",
      "name": "irsa",
      "provider": "provider[\"registry.terraform.io/hashicorp/kubernetes\"]",
      "instances": [
        {
          "index_key": 0,
          "schema_version": 0,
          "attributes": {
            "automount_service_account_token": true,
            "default_secret_name": "cluster-autoscaler-sa-token-qn4k4",
            "id": "kube-system/cluster-autoscaler-sa",
            "image_pull_secret": [],
            "metadata": [
              {
                "annotations": {
                  "eks.amazonaws.com/role-arn": "arn:aws:iam::462068371076:role/462068371076-dev-ops-eks-cluster-autoscaler-sa-irsa"
                },
                "generate_name": "",
                "generation": 0,
                "labels": {
                  "app.kubernetes.io/environment": "dev",
                  "app.kubernetes.io/project": "minh",
                  "app.kubernetes.io/provision-by": "terraform",
                  "app.kubernetes.io/tenant": "462068371076",
                  "app.kubernetes.io/terraform-version": "v1.1.2",
                  "app.kubernetes.io/zone": "ops"
                },
                "name": "cluster-autoscaler-sa",
                "namespace": "kube-system",
                "resource_version": "581889",
                "uid": "675f3694-f6af-4658-95ba-81cbb9e9573c"
              }
            ],
            "secret": [],
            "timeouts": null
          },
          "sensitive_attributes": [],
          "private": "eyJlMmJmYjczMC1lY2FhLTExZTYtOGY4OC0zNDM2M2JjN2M0YzAiOnsiY3JlYXRlIjozMDAwMDAwMDAwMH19",
          "dependencies": [
            "aws_kms_key.key",
            "module.efs.aws_efs_file_system.efs",
            "module.efs.aws_efs_mount_target.efs-mt",
            "module.efs.aws_security_group.efs",
            "module.efs.data.aws_availability_zones.available",
            "module.eks.aws_cloudwatch_log_group.this",
            "module.eks.aws_eks_cluster.this",
            "module.eks.aws_iam_role.this",
            "module.eks.aws_iam_role_policy_attachment.this",
            "module.eks.aws_security_group.cluster",
            "module.eks.aws_security_group.node",
            "module.eks.aws_security_group_rule.cluster",
            "module.eks.aws_security_group_rule.node",
            "module.eks.data.aws_iam_policy_document.assume_role_policy",
            "module.eks.data.aws_partition.current",
            "module.kubernetes-addons.module.cluster_autoscaler.module.irsa.aws_iam_role.irsa",
            "module.kubernetes-addons.module.cluster_autoscaler.module.irsa.data.aws_caller_identity.current",
            "module.kubernetes-addons.module.cluster_autoscaler.module.irsa.data.aws_eks_cluster.eks_cluster",
            "module.kubernetes-addons.module.cluster_autoscaler.module.irsa.data.aws_iam_policy_document.irsa_with_oidc",
            "module.kubernetes-addons.module.cluster_autoscaler.module.irsa.data.aws_partition.current",
            "module.vpc.aws_subnet.private",
            "module.vpc.aws_subnet.public",
            "module.vpc.aws_vpc.this",
            "module.vpc.aws_vpc_ipv4_cidr_block_association.this"
          ]
        }
      ]
    },
    {
      "module": "module.kubernetes-addons.module.grafana[0]",
      "mode": "data",
      "type": "aws_caller_identity",
      "name": "current",
      "provider": "provider[\"registry.terraform.io/hashicorp/aws\"]",
      "instances": [
        {
          "schema_version": 0,
          "attributes": {
            "account_id": "462068371076",
            "arn": "arn:aws:iam::462068371076:user/minh_luu",
            "id": "462068371076",
            "user_id": "AIDAWXFLLZ2CCNO364PQ3"
          },
          "sensitive_attributes": []
        }
      ]
    },
    {
      "module": "module.kubernetes-addons.module.grafana[0]",
      "mode": "data",
      "type": "aws_iam_policy_document",
      "name": "cloudwatch",
      "provider": "provider[\"registry.terraform.io/hashicorp/aws\"]",
      "instances": [
        {
          "schema_version": 0,
          "attributes": {
            "id": "970685578",
            "json": "{\n  \"Version\": \"2012-10-17\",\n  \"Statement\": [\n    {\n      \"Sid\": \"AllowReadingMetricsFromCloudWatch\",\n      \"Effect\": \"Allow\",\n      \"Action\": [\n        \"cloudwatch:DescribeAlarmsForMetric\",\n        \"cloudwatch:DescribeAlarmHistory\",\n        \"cloudwatch:DescribeAlarms\",\n        \"cloudwatch:ListMetrics\",\n        \"cloudwatch:GetMetricStatistics\",\n        \"cloudwatch:GetMetricData\",\n        \"cloudwatch:GetInsightRuleReport\"\n      ],\n      \"Resource\": \"*\"\n    },\n    {\n      \"Sid\": \"AllowReadingLogsFromCloudWatch\",\n      \"Effect\": \"Allow\",\n      \"Action\": [\n        \"logs:DescribeLogGroups\",\n        \"logs:GetLogGroupFields\",\n        \"logs:StartQuery\",\n        \"logs:StopQuery\",\n        \"logs:GetQueryResults\",\n        \"logs:GetLogEvents\"\n      ],\n      \"Resource\": \"*\"\n    },\n    {\n      \"Sid\": \"AllowReadingTagsInstancesRegionsFromEC2\",\n      \"Effect\": \"Allow\",\n      \"Action\": [\n        \"ec2:DescribeTags\",\n        \"ec2:DescribeInstances\",\n        \"ec2:DescribeRegions\"\n      ],\n      \"Resource\": \"*\"\n    },\n    {\n      \"Sid\": \"AllowReadingResourcesForTags\",\n      \"Effect\": \"Allow\",\n      \"Action\": \"tag:GetResources\",\n      \"Resource\": \"*\"\n    }\n  ]\n}",
            "override_json": null,
            "override_policy_documents": null,
            "policy_id": null,
            "source_json": "{\n    \"Version\": \"2012-10-17\",\n    \"Statement\": [\n      {\n        \"Sid\": \"AllowReadingMetricsFromCloudWatch\",\n        \"Effect\": \"Allow\",\n        \"Action\": [\n          \"cloudwatch:DescribeAlarmsForMetric\",\n          \"cloudwatch:DescribeAlarmHistory\",\n          \"cloudwatch:DescribeAlarms\",\n          \"cloudwatch:ListMetrics\",\n          \"cloudwatch:GetMetricStatistics\",\n          \"cloudwatch:GetMetricData\",\n          \"cloudwatch:GetInsightRuleReport\"\n        ],\n        \"Resource\": \"*\"\n      },\n      {\n        \"Sid\": \"AllowReadingLogsFromCloudWatch\",\n        \"Effect\": \"Allow\",\n        \"Action\": [\n          \"logs:DescribeLogGroups\",\n          \"logs:GetLogGroupFields\",\n          \"logs:StartQuery\",\n          \"logs:StopQuery\",\n          \"logs:GetQueryResults\",\n          \"logs:GetLogEvents\"\n        ],\n        \"Resource\": \"*\"\n      },\n      {\n        \"Sid\": \"AllowReadingTagsInstancesRegionsFromEC2\",\n        \"Effect\": \"Allow\",\n        \"Action\": [\"ec2:DescribeTags\", \"ec2:DescribeInstances\", \"ec2:DescribeRegions\"],\n        \"Resource\": \"*\"\n      },\n      {\n        \"Sid\": \"AllowReadingResourcesForTags\",\n        \"Effect\": \"Allow\",\n        \"Action\": \"tag:GetResources\",\n        \"Resource\": \"*\"\n      }\n    ]\n  }",
            "source_policy_documents": null,
            "statement": null,
            "version": "2012-10-17"
          },
          "sensitive_attributes": []
        }
      ]
    },
    {
      "module": "module.kubernetes-addons.module.grafana[0]",
      "mode": "data",
      "type": "aws_region",
      "name": "current",
      "provider": "provider[\"registry.terraform.io/hashicorp/aws\"]",
      "instances": [
        {
          "schema_version": 0,
          "attributes": {
            "description": "Europe (London)",
            "endpoint": "ec2.eu-west-2.amazonaws.com",
            "id": "eu-west-2",
            "name": "eu-west-2"
          },
          "sensitive_attributes": []
        }
      ]
    },
    {
      "module": "module.kubernetes-addons.module.grafana[0]",
      "mode": "managed",
      "type": "aws_iam_policy",
      "name": "cloudwatch",
      "provider": "provider[\"registry.terraform.io/hashicorp/aws\"]",
      "instances": [
        {
          "schema_version": 0,
          "attributes": {
            "arn": "arn:aws:iam::462068371076:policy/grafana-policy",
            "description": "IAM Policy for Cloudwatch",
            "id": "arn:aws:iam::462068371076:policy/grafana-policy",
            "name": "grafana-policy",
            "name_prefix": null,
            "path": "/",
            "policy": "{\"Statement\":[{\"Action\":[\"cloudwatch:DescribeAlarmsForMetric\",\"cloudwatch:DescribeAlarmHistory\",\"cloudwatch:DescribeAlarms\",\"cloudwatch:ListMetrics\",\"cloudwatch:GetMetricStatistics\",\"cloudwatch:GetMetricData\",\"cloudwatch:GetInsightRuleReport\"],\"Effect\":\"Allow\",\"Resource\":\"*\",\"Sid\":\"AllowReadingMetricsFromCloudWatch\"},{\"Action\":[\"logs:DescribeLogGroups\",\"logs:GetLogGroupFields\",\"logs:StartQuery\",\"logs:StopQuery\",\"logs:GetQueryResults\",\"logs:GetLogEvents\"],\"Effect\":\"Allow\",\"Resource\":\"*\",\"Sid\":\"AllowReadingLogsFromCloudWatch\"},{\"Action\":[\"ec2:DescribeTags\",\"ec2:DescribeInstances\",\"ec2:DescribeRegions\"],\"Effect\":\"Allow\",\"Resource\":\"*\",\"Sid\":\"AllowReadingTagsInstancesRegionsFromEC2\"},{\"Action\":\"tag:GetResources\",\"Effect\":\"Allow\",\"Resource\":\"*\",\"Sid\":\"AllowReadingResourcesForTags\"}],\"Version\":\"2012-10-17\"}",
            "policy_id": "ANPAWXFLLZ2CJJIESZNMS",
            "tags": null,
            "tags_all": {}
          },
          "sensitive_attributes": [],
          "private": "bnVsbA==",
          "dependencies": [
            "module.efs.aws_efs_file_system.efs",
            "module.efs.aws_efs_mount_target.efs-mt",
            "module.efs.aws_security_group.efs",
            "module.efs.data.aws_availability_zones.available",
            "module.eks.aws_eks_cluster.this",
            "module.eks.aws_security_group.node",
            "module.kubernetes-addons.module.grafana.data.aws_iam_policy_document.cloudwatch",
            "module.vpc.aws_subnet.private",
            "module.vpc.aws_vpc.this"
          ]
        }
      ]
    },
    {
      "module": "module.kubernetes-addons.module.grafana[0]",
      "mode": "managed",
      "type": "helm_release",
      "name": "grafana",
      "provider": "provider[\"registry.terraform.io/hashicorp/helm\"]",
      "instances": [
        {
          "index_key": 0,
          "schema_version": 0,
          "attributes": {
            "atomic": false,
            "chart": "grafana",
            "cleanup_on_fail": false,
            "create_namespace": false,
            "dependency_update": false,
            "description": "Grafana helm Chart deployment configuration",
            "devel": null,
            "disable_crd_hooks": false,
            "disable_openapi_validation": false,
            "disable_webhooks": false,
            "force_update": false,
            "id": "grafana",
            "keyring": "",
            "lint": false,
            "manifest": null,
            "max_history": 0,
            "metadata": [
              {
                "app_version": "8.3.4",
                "chart": "grafana",
                "name": "grafana",
                "namespace": "monitoring",
                "revision": 1,
                "values": "{\"grafana.ini\":{\"server\":{\"domain\":\"monitoring.beam.to\",\"root_url\":\"%(protocol)s://%(domain)s/grafana\",\"serve_from_sub_path\":true}},\"ingress\":{\"enabled\":false,\"hosts\":[\"monitoring.beam.to\"],\"path\":\"/grafana\"},\"initChownData\":{\"enabled\":false},\"nodeSelector\":{\"dedicated\":\"addon\",\"kubernetes.io/os\":\"linux\"},\"persistence\":{\"accessModes\":[\"ReadWriteOnce\"],\"enabled\":true,\"finalizers\":[\"kubernetes.io/pvc-protection\"],\"inMemory\":{\"enabled\":false},\"size\":\"10Gi\",\"storageClassName\":\"efs-sc\",\"type\":\"pvc\"}}",
                "version": "6.21.1"
              }
            ],
            "name": "grafana",
            "namespace": "monitoring",
            "postrender": [
              {
                "binary_path": ""
              }
            ],
            "recreate_pods": false,
            "render_subchart_notes": true,
            "replace": false,
            "repository": "https://grafana.github.io/helm-charts",
            "repository_ca_file": "",
            "repository_cert_file": "",
            "repository_key_file": "",
            "repository_password": "",
            "repository_username": "",
            "reset_values": false,
            "reuse_values": false,
            "set": [
              {
                "name": "grafana\\.ini.server.domain",
                "type": null,
                "value": "monitoring.beam.to"
              },
              {
                "name": "ingress.enabled",
                "type": null,
                "value": "false"
              },
              {
                "name": "ingress.hosts[0]",
                "type": null,
                "value": "monitoring.beam.to"
              },
              {
                "name": "nodeSelector.dedicated",
                "type": null,
                "value": "addon"
              },
              {
                "name": "rbac.useExistingRole",
                "type": "string",
                "value": "arn:aws:iam::462068371076:role/462068371076-dev-ops-eks-grafana-irsa"
              },
              {
                "name": "serviceAccount.name",
                "type": "string",
                "value": "grafana"
              }
            ],
            "set_sensitive": [],
            "skip_crds": false,
            "status": "deployed",
            "timeout": 300,
            "values": [
              "grafana.ini:\n  server:\n    domain: monitoring.beam.to\n    root_url: \"%(protocol)s://%(domain)s/grafana\"\n    serve_from_sub_path: true\ningress:\n  enabled: false\n  hosts:\n    - \"monitoring.beam.to\"\n  path: \"/grafana\"\n\nnodeSelector:\n  kubernetes.io/os: linux\n\npersistence:\n  type: pvc\n  enabled: true\n  storageClassName: efs-sc\n  accessModes:\n    - ReadWriteOnce\n  size: 10Gi\n  # annotations: {}\n  finalizers:\n    - kubernetes.io/pvc-protection\n  inMemory:\n    enabled: false\n    \ninitChownData:\n  enabled: false\n\nsecurityContext:\n  fsGroup: 472\n  runAsUser: 472\n  runAsGroup: 472\nrbac:\n  useExistingRole: none\nserviceAccount:\n  name: grafana"
            ],
            "verify": false,
            "version": "6.21.1",
            "wait": true,
            "wait_for_jobs": false
          },
          "sensitive_attributes": [],
          "private": "bnVsbA==",
          "dependencies": [
            "module.efs.aws_efs_file_system.efs",
            "module.efs.aws_efs_mount_target.efs-mt",
            "module.efs.aws_security_group.efs",
            "module.efs.data.aws_availability_zones.available",
            "module.eks.aws_eks_cluster.this",
            "module.eks.aws_security_group.node",
            "module.kubernetes-addons.module.grafana.aws_iam_policy.cloudwatch",
            "module.kubernetes-addons.module.grafana.data.aws_iam_policy_document.cloudwatch",
            "module.kubernetes-addons.module.grafana.module.irsa_addon.aws_iam_role.irsa",
            "module.kubernetes-addons.module.grafana.module.irsa_addon.aws_iam_role_policy_attachment.irsa",
            "module.kubernetes-addons.module.grafana.module.irsa_addon.data.aws_caller_identity.current",
            "module.kubernetes-addons.module.grafana.module.irsa_addon.data.aws_eks_cluster.eks_cluster",
            "module.kubernetes-addons.module.grafana.module.irsa_addon.data.aws_iam_policy_document.irsa_with_oidc",
            "module.kubernetes-addons.module.grafana.module.irsa_addon.data.aws_partition.current",
            "module.kubernetes-addons.module.grafana.module.irsa_addon.kubernetes_namespace.irsa",
            "module.kubernetes-addons.module.grafana.module.irsa_addon.kubernetes_service_account.irsa",
            "module.vpc.aws_subnet.private",
            "module.vpc.aws_vpc.this"
          ]
        }
      ]
    },
    {
      "module": "module.kubernetes-addons.module.grafana[0].module.irsa_addon",
      "mode": "data",
      "type": "aws_caller_identity",
      "name": "current",
      "provider": "provider[\"registry.terraform.io/hashicorp/aws\"]",
      "instances": [
        {
          "schema_version": 0,
          "attributes": {
            "account_id": "462068371076",
            "arn": "arn:aws:iam::462068371076:user/minh_luu",
            "id": "462068371076",
            "user_id": "AIDAWXFLLZ2CCNO364PQ3"
          },
          "sensitive_attributes": []
        }
      ]
    },
    {
      "module": "module.kubernetes-addons.module.grafana[0].module.irsa_addon",
      "mode": "data",
      "type": "aws_eks_cluster",
      "name": "eks_cluster",
      "provider": "provider[\"registry.terraform.io/hashicorp/aws\"]",
      "instances": [
        {
          "schema_version": 0,
          "attributes": {
            "arn": "arn:aws:eks:eu-west-2:462068371076:cluster/462068371076-dev-ops-eks",
            "certificate_authority": [
              {
                "data": "LS0tLS1CRUdJTiBDRVJUSUZJQ0FURS0tLS0tCk1JSUM1ekNDQWMrZ0F3SUJBZ0lCQURBTkJna3Foa2lHOXcwQkFRc0ZBREFWTVJNd0VRWURWUVFERXdwcmRXSmwKY201bGRHVnpNQjRYRFRJeU1ERXlOekV6TlRjME4xb1hEVE15TURFeU5URXpOVGMwTjFvd0ZURVRNQkVHQTFVRQpBeE1LYTNWaVpYSnVaWFJsY3pDQ0FTSXdEUVlKS29aSWh2Y05BUUVCQlFBRGdnRVBBRENDQVFvQ2dnRUJBS3dRCjMyNU54YTVuTGVSRERBV3NaQk1XZjBNWnNZWUNsdlAycVNsaHFidG83ZCtWb3lmUnVMOEw4N2haWllpSnd4aTUKOXNyT2QyMldoU1EzRVA3bVFUb1JtVDdqcDdPWUFLUGhCQXcwalR0aFdFcWlJb3Q3TG1xSEYyTjdnN1ZxOElyVAoybG5Cd3dleWJCbmZjNmVSNWs1eFZqdW52NUN5TnIrSy93bDFVeW9mWVE3K1FkRXdJc0E3K1hPYVcxbWN0LzBLCmpyWkFCSnRxazlhVmFRUnZRQ3VXczM0VlQ5ckRHQnpvSmpscVJVbWx1ZUYvcVdSTWlsZXMvcUlMcXlCNndZWlAKbEtOWHlVb0wzYVh6bGRpUUVUenNtbVZ3ZkI1RnI3Z0FhWk0vVW1FbFp0eHZ0T1RxTEx5dCtscS80T21GMUhoMQpjSG54V3drSlFYMGgydWI3VVZFQ0F3RUFBYU5DTUVBd0RnWURWUjBQQVFIL0JBUURBZ0trTUE4R0ExVWRFd0VCCi93UUZNQU1CQWY4d0hRWURWUjBPQkJZRUZQM2FUSTA4VzM3MG0rU0crMzJyMjZFdDA2ZC9NQTBHQ1NxR1NJYjMKRFFFQkN3VUFBNElCQVFBYUZ6VGpZVXFwU2krbTJnVDBFZCtlbG1VMEFlUExhSmdmRjc5blJOMDUzcjlkeDZCYgo0ZWRVWWliQ2ZQeXlOVVo1dXdMM1RXRk44eGUxeG1JYU1qbjkyYXBGRjBqSmhST3Z2THZPdnR4Y0JMM2k2ZmtLCjJWWS90Z0k1UUliWU42cmI2eW54a2k2S1p1YjM5MnhvSFBqTmdoQ3lTMUdPZVlTZkJoTENvUWorSjA3MjVpd0YKT1A0Wm5DS292YVI1cnhORGV4NnZvWm04VHM5dzVxNjFpUHZXNW01VnFkcXJ6OGxiRklocnRCK2crMGpLeDdnWgpNWWFyQk5qUmVpQ25uS1NMU0s3U2F1U0thTjgxcnBDemRTWmdCYkhoMjk3YzJZTW5tUFp0dXFML1k1M0N5Rm1KCk1RVEF5Nk4vUDQxWmpQaVcrQ0dXYmdWek5hQW1FeWwzSGtJeQotLS0tLUVORCBDRVJUSUZJQ0FURS0tLS0tCg=="
              }
            ],
            "created_at": "2022-01-27 13:52:03.732 +0000 UTC",
            "enabled_cluster_log_types": [
              "api",
              "audit",
              "authenticator"
            ],
            "endpoint": "https://5FD58B36912CA4C80BD586B5F559C171.yl4.eu-west-2.eks.amazonaws.com",
            "id": "462068371076-dev-ops-eks",
            "identity": [
              {
                "oidc": [
                  {
                    "issuer": "https://oidc.eks.eu-west-2.amazonaws.com/id/5FD58B36912CA4C80BD586B5F559C171"
                  }
                ]
              }
            ],
            "kubernetes_network_config": [
              {
                "ip_family": "ipv4",
                "service_ipv4_cidr": "172.20.0.0/16"
              }
            ],
            "name": "462068371076-dev-ops-eks",
            "platform_version": "eks.4",
            "role_arn": "arn:aws:iam::462068371076:role/462068371076-dev-ops-eks-cluster-20220127135112865800000003",
            "status": "ACTIVE",
            "tags": {
              "environment": "dev",
              "karpenter.sh/discovery": "462068371076-dev-ops-eks",
              "project": "Minh",
              "provision_by": "Terraform",
              "tenant": "462068371076",
              "terraform_version": "v1.1.2",
              "zone": "ops"
            },
            "version": "1.21",
            "vpc_config": [
              {
                "cluster_security_group_id": "sg-0767ad0acd46f4616",
                "endpoint_private_access": true,
                "endpoint_public_access": true,
                "public_access_cidrs": [
                  "0.0.0.0/0"
                ],
                "security_group_ids": [
                  "sg-0c2c61f402120463e"
                ],
                "subnet_ids": [
                  "subnet-00a2172c7548f0f62",
                  "subnet-017c07b88b48eb51f",
                  "subnet-044a2b84ce8b24885",
                  "subnet-05429611be9e990f5",
                  "subnet-0c94e7e5c66eddadd",
                  "subnet-0f4d84020cfe352f7"
                ],
                "vpc_id": "vpc-03bfe955d560ff194"
              }
            ]
          },
          "sensitive_attributes": []
        }
      ]
    },
    {
      "module": "module.kubernetes-addons.module.grafana[0].module.irsa_addon",
      "mode": "data",
      "type": "aws_iam_policy_document",
      "name": "irsa_with_oidc",
      "provider": "provider[\"registry.terraform.io/hashicorp/aws\"]",
      "instances": [
        {
          "schema_version": 0,
          "attributes": {
            "id": "3044178290",
            "json": "{\n  \"Version\": \"2012-10-17\",\n  \"Statement\": [\n    {\n      \"Sid\": \"\",\n      \"Effect\": \"Allow\",\n      \"Action\": \"sts:AssumeRoleWithWebIdentity\",\n      \"Principal\": {\n        \"Federated\": \"arn:aws:iam::462068371076:oidc-provider/oidc.eks.eu-west-2.amazonaws.com/id/5FD58B36912CA4C80BD586B5F559C171\"\n      },\n      \"Condition\": {\n        \"StringEquals\": {\n          \"oidc.eks.eu-west-2.amazonaws.com/id/5FD58B36912CA4C80BD586B5F559C171:sub\": \"system:serviceaccount:monitoring:grafana\"\n        }\n      }\n    }\n  ]\n}",
            "override_json": null,
            "override_policy_documents": null,
            "policy_id": null,
            "source_json": null,
            "source_policy_documents": null,
            "statement": [
              {
                "actions": [
                  "sts:AssumeRoleWithWebIdentity"
                ],
                "condition": [
                  {
                    "test": "StringEquals",
                    "values": [
                      "system:serviceaccount:monitoring:grafana"
                    ],
                    "variable": "oidc.eks.eu-west-2.amazonaws.com/id/5FD58B36912CA4C80BD586B5F559C171:sub"
                  }
                ],
                "effect": "Allow",
                "not_actions": [],
                "not_principals": [],
                "not_resources": [],
                "principals": [
                  {
                    "identifiers": [
                      "arn:aws:iam::462068371076:oidc-provider/oidc.eks.eu-west-2.amazonaws.com/id/5FD58B36912CA4C80BD586B5F559C171"
                    ],
                    "type": "Federated"
                  }
                ],
                "resources": [],
                "sid": ""
              }
            ],
            "version": "2012-10-17"
          },
          "sensitive_attributes": []
        }
      ]
    },
    {
      "module": "module.kubernetes-addons.module.grafana[0].module.irsa_addon",
      "mode": "data",
      "type": "aws_partition",
      "name": "current",
      "provider": "provider[\"registry.terraform.io/hashicorp/aws\"]",
      "instances": [
        {
          "schema_version": 0,
          "attributes": {
            "dns_suffix": "amazonaws.com",
            "id": "aws",
            "partition": "aws",
            "reverse_dns_prefix": "com.amazonaws"
          },
          "sensitive_attributes": []
        }
      ]
    },
    {
      "module": "module.kubernetes-addons.module.grafana[0].module.irsa_addon",
      "mode": "managed",
      "type": "aws_iam_role",
      "name": "irsa",
      "provider": "provider[\"registry.terraform.io/hashicorp/aws\"]",
      "instances": [
        {
          "schema_version": 0,
          "attributes": {
            "arn": "arn:aws:iam::462068371076:role/462068371076-dev-ops-eks-grafana-irsa",
            "assume_role_policy": "{\"Version\":\"2012-10-17\",\"Statement\":[{\"Sid\":\"\",\"Effect\":\"Allow\",\"Principal\":{\"Federated\":\"arn:aws:iam::462068371076:oidc-provider/oidc.eks.eu-west-2.amazonaws.com/id/5FD58B36912CA4C80BD586B5F559C171\"},\"Action\":\"sts:AssumeRoleWithWebIdentity\",\"Condition\":{\"StringEquals\":{\"oidc.eks.eu-west-2.amazonaws.com/id/5FD58B36912CA4C80BD586B5F559C171:sub\":\"system:serviceaccount:monitoring:grafana\"}}}]}",
            "create_date": "2022-02-08T05:09:44Z",
            "description": "",
            "force_detach_policies": true,
            "id": "462068371076-dev-ops-eks-grafana-irsa",
            "inline_policy": [
              {
                "name": "",
                "policy": ""
              }
            ],
            "managed_policy_arns": [],
            "max_session_duration": 3600,
            "name": "462068371076-dev-ops-eks-grafana-irsa",
            "name_prefix": "",
            "path": "/",
            "permissions_boundary": null,
            "tags": null,
            "tags_all": {},
            "unique_id": "AROAWXFLLZ2CII3X3QAPG"
          },
          "sensitive_attributes": [],
          "private": "bnVsbA==",
          "dependencies": [
            "module.efs.aws_efs_file_system.efs",
            "module.efs.aws_efs_mount_target.efs-mt",
            "module.efs.aws_security_group.efs",
            "module.efs.data.aws_availability_zones.available",
            "module.eks.aws_eks_cluster.this",
            "module.eks.aws_security_group.node",
            "module.kubernetes-addons.module.grafana.module.irsa_addon.data.aws_iam_policy_document.irsa_with_oidc",
            "module.vpc.aws_subnet.private",
            "module.vpc.aws_vpc.this"
          ]
        }
      ]
    },
    {
      "module": "module.kubernetes-addons.module.grafana[0].module.irsa_addon",
      "mode": "managed",
      "type": "aws_iam_role_policy_attachment",
      "name": "irsa",
      "provider": "provider[\"registry.terraform.io/hashicorp/aws\"]",
      "instances": [
        {
          "index_key": 0,
          "schema_version": 0,
          "attributes": {
            "id": "462068371076-dev-ops-eks-grafana-irsa-20220208050952246700000001",
            "policy_arn": "arn:aws:iam::462068371076:policy/grafana-policy",
            "role": "462068371076-dev-ops-eks-grafana-irsa"
          },
          "sensitive_attributes": [],
          "private": "bnVsbA==",
          "dependencies": [
            "module.efs.aws_efs_file_system.efs",
            "module.efs.aws_efs_mount_target.efs-mt",
            "module.efs.aws_security_group.efs",
            "module.efs.data.aws_availability_zones.available",
            "module.eks.aws_eks_cluster.this",
            "module.eks.aws_security_group.node",
            "module.kubernetes-addons.module.grafana.aws_iam_policy.cloudwatch",
            "module.kubernetes-addons.module.grafana.data.aws_iam_policy_document.cloudwatch",
            "module.kubernetes-addons.module.grafana.module.irsa_addon.aws_iam_role.irsa",
            "module.kubernetes-addons.module.grafana.module.irsa_addon.data.aws_iam_policy_document.irsa_with_oidc",
            "module.vpc.aws_subnet.private",
            "module.vpc.aws_vpc.this"
          ]
        }
      ]
    },
    {
      "module": "module.kubernetes-addons.module.metrics_server[0]",
      "mode": "managed",
      "type": "helm_release",
      "name": "metrics_server",
      "provider": "provider[\"registry.terraform.io/hashicorp/helm\"]",
      "instances": [
        {
          "index_key": 0,
          "schema_version": 0,
          "attributes": {
            "atomic": false,
            "chart": "metrics-server",
            "cleanup_on_fail": false,
            "create_namespace": false,
            "dependency_update": false,
            "description": "Metric server helm Chart deployment configuration",
            "devel": null,
            "disable_crd_hooks": false,
            "disable_openapi_validation": false,
            "disable_webhooks": false,
            "force_update": false,
            "id": "metrics-server",
            "keyring": "",
            "lint": false,
            "manifest": null,
            "max_history": 0,
            "metadata": [
              {
                "app_version": "0.5.2",
                "chart": "metrics-server",
                "name": "metrics-server",
                "namespace": "kube-system",
                "revision": 2,
                "values": "{\"nodeSelector\":{\"dedicated\":\"addon\"}}",
                "version": "3.7.0"
              }
            ],
            "name": "metrics-server",
            "namespace": "kube-system",
            "postrender": [
              {
                "binary_path": ""
              }
            ],
            "recreate_pods": false,
            "render_subchart_notes": true,
            "replace": false,
            "repository": "https://kubernetes-sigs.github.io/metrics-server/",
            "repository_ca_file": "",
            "repository_cert_file": "",
            "repository_key_file": "",
            "repository_password": "",
            "repository_username": "",
            "reset_values": false,
            "reuse_values": false,
            "set": [
              {
                "name": "nodeSelector.dedicated",
                "type": "",
                "value": "addon"
              }
            ],
            "set_sensitive": [],
            "skip_crds": false,
            "status": "deployed",
            "timeout": 1200,
            "values": null,
            "verify": false,
            "version": "3.7.0",
            "wait": true,
            "wait_for_jobs": false
          },
          "sensitive_attributes": [],
          "private": "bnVsbA==",
          "dependencies": [
            "aws_kms_key.key",
            "module.efs.aws_efs_file_system.efs",
            "module.efs.aws_efs_mount_target.efs-mt",
            "module.efs.aws_security_group.efs",
            "module.efs.data.aws_availability_zones.available",
            "module.eks.aws_cloudwatch_log_group.this",
            "module.eks.aws_eks_cluster.this",
            "module.eks.aws_iam_role.this",
            "module.eks.aws_iam_role_policy_attachment.this",
            "module.eks.aws_security_group.cluster",
            "module.eks.aws_security_group.node",
            "module.eks.aws_security_group_rule.cluster",
            "module.eks.aws_security_group_rule.node",
            "module.eks.data.aws_iam_policy_document.assume_role_policy",
            "module.eks.data.aws_partition.current",
            "module.vpc.aws_subnet.private",
            "module.vpc.aws_subnet.public",
            "module.vpc.aws_vpc.this",
            "module.vpc.aws_vpc_ipv4_cidr_block_association.this"
          ]
        }
      ]
    },
    {
      "module": "module.kubernetes-addons.module.prometheus[0]",
      "mode": "data",
      "type": "aws_caller_identity",
      "name": "current",
      "provider": "provider[\"registry.terraform.io/hashicorp/aws\"]",
      "instances": [
        {
          "schema_version": 0,
          "attributes": {
            "account_id": "462068371076",
            "arn": "arn:aws:iam::462068371076:user/minh_luu",
            "id": "462068371076",
            "user_id": "AIDAWXFLLZ2CCNO364PQ3"
          },
          "sensitive_attributes": []
        }
      ]
    },
    {
      "module": "module.kubernetes-addons.module.prometheus[0]",
      "mode": "data",
      "type": "aws_iam_policy_document",
      "name": "ingest",
      "provider": "provider[\"registry.terraform.io/hashicorp/aws\"]",
      "instances": [
        {
          "schema_version": 0,
          "attributes": {
            "id": "1804921153",
            "json": "{\n  \"Version\": \"2012-10-17\",\n  \"Statement\": [\n    {\n      \"Sid\": \"\",\n      \"Effect\": \"Allow\",\n      \"Action\": [\n        \"aps:RemoteWrite\",\n        \"aps:GetSeries\",\n        \"aps:GetMetricMetadata\",\n        \"aps:GetLabels\"\n      ],\n      \"Resource\": \"*\"\n    }\n  ]\n}",
            "override_json": null,
            "override_policy_documents": null,
            "policy_id": null,
            "source_json": null,
            "source_policy_documents": null,
            "statement": [
              {
                "actions": [
                  "aps:GetLabels",
                  "aps:GetMetricMetadata",
                  "aps:GetSeries",
                  "aps:RemoteWrite"
                ],
                "condition": [],
                "effect": "Allow",
                "not_actions": [],
                "not_principals": [],
                "not_resources": [],
                "principals": [],
                "resources": [
                  "*"
                ],
                "sid": ""
              }
            ],
            "version": "2012-10-17"
          },
          "sensitive_attributes": []
        }
      ]
    },
    {
      "module": "module.kubernetes-addons.module.prometheus[0]",
      "mode": "data",
      "type": "aws_iam_policy_document",
      "name": "query",
      "provider": "provider[\"registry.terraform.io/hashicorp/aws\"]",
      "instances": [
        {
          "schema_version": 0,
          "attributes": {
            "id": "3128596151",
            "json": "{\n  \"Version\": \"2012-10-17\",\n  \"Statement\": [\n    {\n      \"Sid\": \"\",\n      \"Effect\": \"Allow\",\n      \"Action\": [\n        \"aps:QueryMetrics\",\n        \"aps:GetSeries\",\n        \"aps:GetMetricMetadata\",\n        \"aps:GetLabels\"\n      ],\n      \"Resource\": \"*\"\n    }\n  ]\n}",
            "override_json": null,
            "override_policy_documents": null,
            "policy_id": null,
            "source_json": null,
            "source_policy_documents": null,
            "statement": [
              {
                "actions": [
                  "aps:GetLabels",
                  "aps:GetMetricMetadata",
                  "aps:GetSeries",
                  "aps:QueryMetrics"
                ],
                "condition": [],
                "effect": "Allow",
                "not_actions": [],
                "not_principals": [],
                "not_resources": [],
                "principals": [],
                "resources": [
                  "*"
                ],
                "sid": ""
              }
            ],
            "version": "2012-10-17"
          },
          "sensitive_attributes": []
        }
      ]
    },
    {
      "module": "module.kubernetes-addons.module.prometheus[0]",
      "mode": "data",
      "type": "aws_region",
      "name": "current",
      "provider": "provider[\"registry.terraform.io/hashicorp/aws\"]",
      "instances": [
        {
          "schema_version": 0,
          "attributes": {
            "description": "Europe (London)",
            "endpoint": "ec2.eu-west-2.amazonaws.com",
            "id": "eu-west-2",
            "name": "eu-west-2"
          },
          "sensitive_attributes": []
        }
      ]
    },
    {
      "module": "module.kubernetes-addons.module.prometheus[0]",
      "mode": "managed",
      "type": "helm_release",
      "name": "prometheus",
      "provider": "provider[\"registry.terraform.io/hashicorp/helm\"]",
      "instances": [
        {
          "index_key": 0,
          "schema_version": 0,
          "attributes": {
            "atomic": false,
            "chart": "prometheus",
            "cleanup_on_fail": false,
            "create_namespace": false,
            "dependency_update": false,
            "description": "Prometheus helm Chart deployment configuration",
            "devel": null,
            "disable_crd_hooks": false,
            "disable_openapi_validation": false,
            "disable_webhooks": false,
            "force_update": false,
            "id": "prometheus",
            "keyring": "",
            "lint": false,
            "manifest": null,
            "max_history": 0,
            "metadata": [
              {
                "app_version": "2.31.1",
                "chart": "prometheus",
                "name": "prometheus",
                "namespace": "monitoring",
                "revision": 7,
                "values": "{\"alertmanager\":{\"nodeSelector\":{\"dedicated\":\"addon\",\"kubernetes.io/os\":\"linux\"}},\"kube-state-metrics\":{\"metricLabelsAllowlist\":[\"pods=[*]\",\"nodes=[*]\",\"deployments=[*]\"],\"nodeSelector\":{\"dedicated\":\"addon\",\"kubernetes.io/os\":\"linux\"}},\"nodeExporter\":{\"nodeSelector\":{\"kubernetes.io/os\":\"linux\"}},\"nodeSelector\":{\"dedicated\":\"addon\",\"kubernetes.io/os\":\"linux\"},\"pushgateway\":{\"nodeSelector\":{\"dedicated\":\"addon\",\"kubernetes.io/os\":\"linux\"}},\"server\":{\"global\":{\"scrape_interval\":\"15s\"},\"nodeSelector\":{\"dedicated\":\"addon\",\"kubernetes.io/os\":\"linux\"},\"resources\":{\"requests\":{\"cpu\":\"500m\",\"memory\":\"512Mi\"}},\"retention\":\"1h\"}}",
                "version": "15.1.1"
              }
            ],
            "name": "prometheus",
            "namespace": "monitoring",
            "postrender": [
              {
                "binary_path": ""
              }
            ],
            "recreate_pods": false,
            "render_subchart_notes": true,
            "replace": false,
            "repository": "https://prometheus-community.github.io/helm-charts",
            "repository_ca_file": "",
            "repository_cert_file": "",
            "repository_key_file": "",
            "repository_password": "",
            "repository_username": "",
            "reset_values": false,
            "reuse_values": false,
            "set": [
              {
                "name": "alertmanager.nodeSelector.dedicated",
                "type": "",
                "value": "addon"
              },
              {
                "name": "kube-state-metrics.nodeSelector.dedicated",
                "type": "",
                "value": "addon"
              },
              {
                "name": "nodeSelector.dedicated",
                "type": "",
                "value": "addon"
              },
              {
                "name": "pushgateway.nodeSelector.dedicated",
                "type": "",
                "value": "addon"
              },
              {
                "name": "server.nodeSelector.dedicated",
                "type": "",
                "value": "addon"
              }
            ],
            "set_sensitive": [],
            "skip_crds": false,
            "status": "deployed",
            "timeout": 300,
            "values": [
              "server:\n  retention: 1h\n\n  resources:\n    requests:\n      cpu: 500m\n      memory: 512Mi\n\n  global:\n    scrape_interval: 15s\n\n  nodeSelector:\n    kubernetes.io/os: linux\n\nalertmanager:\n  nodeSelector:\n    kubernetes.io/os: linux\n\nkube-state-metrics:\n  nodeSelector:\n    kubernetes.io/os: linux\n  metricLabelsAllowlist:\n    - pods=[*]\n    - nodes=[*]\n    - deployments=[*]\n\nnodeExporter:\n  nodeSelector:\n    kubernetes.io/os: linux\n\npushgateway:\n  nodeSelector:\n    kubernetes.io/os: linux\n\nnodeSelector:\n  kubernetes.io/os: linux\n"
            ],
            "verify": false,
            "version": "15.1.1",
            "wait": true,
            "wait_for_jobs": false
          },
          "sensitive_attributes": [],
          "private": "bnVsbA==",
          "dependencies": [
            "aws_kms_key.key",
            "module.efs.aws_efs_file_system.efs",
            "module.efs.aws_efs_mount_target.efs-mt",
            "module.efs.aws_security_group.efs",
            "module.efs.data.aws_availability_zones.available",
            "module.eks.aws_cloudwatch_log_group.this",
            "module.eks.aws_eks_cluster.this",
            "module.eks.aws_iam_role.this",
            "module.eks.aws_iam_role_policy_attachment.this",
            "module.eks.aws_security_group.cluster",
            "module.eks.aws_security_group.node",
            "module.eks.aws_security_group_rule.cluster",
            "module.eks.aws_security_group_rule.node",
            "module.eks.data.aws_iam_policy_document.assume_role_policy",
            "module.eks.data.aws_partition.current",
            "module.kubernetes-addons.module.prometheus.data.aws_region.current",
            "module.kubernetes-addons.module.prometheus.kubernetes_namespace_v1.prometheus",
            "module.kubernetes-addons.module.prometheus.module.irsa_amp_ingest.aws_iam_role.irsa",
            "module.kubernetes-addons.module.prometheus.module.irsa_amp_ingest.data.aws_caller_identity.current",
            "module.kubernetes-addons.module.prometheus.module.irsa_amp_ingest.data.aws_eks_cluster.eks_cluster",
            "module.kubernetes-addons.module.prometheus.module.irsa_amp_ingest.data.aws_iam_policy_document.irsa_with_oidc",
            "module.kubernetes-addons.module.prometheus.module.irsa_amp_ingest.data.aws_partition.current",
            "module.vpc.aws_subnet.private",
            "module.vpc.aws_subnet.public",
            "module.vpc.aws_vpc.this",
            "module.vpc.aws_vpc_ipv4_cidr_block_association.this"
          ]
        }
      ]
    },
    {
      "module": "module.kubernetes-addons.module.prometheus[0]",
      "mode": "managed",
      "type": "kubernetes_namespace_v1",
      "name": "prometheus",
      "provider": "provider[\"registry.terraform.io/hashicorp/kubernetes\"]",
      "instances": [
        {
          "schema_version": 0,
          "attributes": {
            "id": "monitoring",
            "metadata": [
              {
                "annotations": {
                  "cattle.io/status": "{\"Conditions\":[{\"Type\":\"ResourceQuotaInit\",\"Status\":\"True\",\"Message\":\"\",\"LastUpdateTime\":\"2022-02-08T05:09:45Z\"},{\"Type\":\"InitialRolesPopulated\",\"Status\":\"True\",\"Message\":\"\",\"LastUpdateTime\":\"2022-02-08T05:09:45Z\"}]}",
                  "lifecycle.cattle.io/create.namespace-auth": "true"
                },
                "generate_name": "",
                "generation": 0,
                "labels": {
                  "app.kubernetes.io/managed-by": "terraform-ssp-amazon-eks"
                },
                "name": "monitoring",
                "resource_version": "5181824",
                "uid": "afffda3a-01f2-4c30-8da1-bdc84b73f486"
              }
            ],
            "timeouts": null
          },
          "sensitive_attributes": [],
          "private": "eyJlMmJmYjczMC1lY2FhLTExZTYtOGY4OC0zNDM2M2JjN2M0YzAiOnsiZGVsZXRlIjozMDAwMDAwMDAwMDB9fQ==",
          "dependencies": [
            "module.efs.aws_efs_file_system.efs",
            "module.efs.aws_efs_mount_target.efs-mt",
            "module.efs.aws_security_group.efs",
            "module.efs.data.aws_availability_zones.available",
            "module.eks.aws_eks_cluster.this",
            "module.eks.aws_security_group.node",
            "module.vpc.aws_subnet.private",
            "module.vpc.aws_vpc.this"
          ]
        }
      ]
    },
    {
      "module": "module.vpc",
      "mode": "data",
      "type": "aws_iam_policy_document",
      "name": "flow_log_cloudwatch_assume_role",
      "provider": "provider[\"registry.terraform.io/hashicorp/aws\"]",
      "instances": [
        {
          "index_key": 0,
          "schema_version": 0,
          "attributes": {
            "id": "1021377347",
            "json": "{\n  \"Version\": \"2012-10-17\",\n  \"Statement\": [\n    {\n      \"Sid\": \"AWSVPCFlowLogsAssumeRole\",\n      \"Effect\": \"Allow\",\n      \"Action\": \"sts:AssumeRole\",\n      \"Principal\": {\n        \"Service\": \"vpc-flow-logs.amazonaws.com\"\n      }\n    }\n  ]\n}",
            "override_json": null,
            "override_policy_documents": null,
            "policy_id": null,
            "source_json": null,
            "source_policy_documents": null,
            "statement": [
              {
                "actions": [
                  "sts:AssumeRole"
                ],
                "condition": [],
                "effect": "Allow",
                "not_actions": [],
                "not_principals": [],
                "not_resources": [],
                "principals": [
                  {
                    "identifiers": [
                      "vpc-flow-logs.amazonaws.com"
                    ],
                    "type": "Service"
                  }
                ],
                "resources": [],
                "sid": "AWSVPCFlowLogsAssumeRole"
              }
            ],
            "version": "2012-10-17"
          },
          "sensitive_attributes": []
        }
      ]
    },
    {
      "module": "module.vpc",
      "mode": "data",
      "type": "aws_iam_policy_document",
      "name": "vpc_flow_log_cloudwatch",
      "provider": "provider[\"registry.terraform.io/hashicorp/aws\"]",
      "instances": [
        {
          "index_key": 0,
          "schema_version": 0,
          "attributes": {
            "id": "2053943846",
            "json": "{\n  \"Version\": \"2012-10-17\",\n  \"Statement\": [\n    {\n      \"Sid\": \"AWSVPCFlowLogsPushToCloudWatch\",\n      \"Effect\": \"Allow\",\n      \"Action\": [\n        \"logs:PutLogEvents\",\n        \"logs:DescribeLogStreams\",\n        \"logs:DescribeLogGroups\",\n        \"logs:CreateLogStream\"\n      ],\n      \"Resource\": \"*\"\n    }\n  ]\n}",
            "override_json": null,
            "override_policy_documents": null,
            "policy_id": null,
            "source_json": null,
            "source_policy_documents": null,
            "statement": [
              {
                "actions": [
                  "logs:CreateLogStream",
                  "logs:DescribeLogGroups",
                  "logs:DescribeLogStreams",
                  "logs:PutLogEvents"
                ],
                "condition": [],
                "effect": "Allow",
                "not_actions": [],
                "not_principals": [],
                "not_resources": [],
                "principals": [],
                "resources": [
                  "*"
                ],
                "sid": "AWSVPCFlowLogsPushToCloudWatch"
              }
            ],
            "version": "2012-10-17"
          },
          "sensitive_attributes": []
        }
      ]
    },
    {
      "module": "module.vpc",
      "mode": "managed",
      "type": "aws_cloudwatch_log_group",
      "name": "flow_log",
      "provider": "provider[\"registry.terraform.io/hashicorp/aws\"]",
      "instances": [
        {
          "index_key": 0,
          "schema_version": 0,
          "attributes": {
            "arn": "arn:aws:logs:eu-west-2:462068371076:log-group:/aws/vpc-flow-log/vpc-03bfe955d560ff194",
            "id": "/aws/vpc-flow-log/vpc-03bfe955d560ff194",
            "kms_key_id": "",
            "name": "/aws/vpc-flow-log/vpc-03bfe955d560ff194",
            "name_prefix": null,
            "retention_in_days": 0,
            "tags": {
              "environment": "dev",
              "project": "Minh",
              "provision_by": "Terraform",
              "tenant": "462068371076",
              "terraform_version": "v1.1.2",
              "zone": "ops"
            },
            "tags_all": {
              "environment": "dev",
              "project": "Minh",
              "provision_by": "Terraform",
              "tenant": "462068371076",
              "terraform_version": "v1.1.2",
              "zone": "ops"
            }
          },
          "sensitive_attributes": [],
          "private": "bnVsbA==",
          "dependencies": [
            "module.vpc.aws_vpc.this",
            "module.vpc.aws_vpc_ipv4_cidr_block_association.this"
          ]
        }
      ]
    },
    {
      "module": "module.vpc",
      "mode": "managed",
      "type": "aws_eip",
      "name": "nat",
      "provider": "provider[\"registry.terraform.io/hashicorp/aws\"]",
      "instances": [
        {
          "index_key": 0,
          "schema_version": 0,
          "attributes": {
            "address": null,
            "allocation_id": "eipalloc-09607a20d2e28c0b0",
            "associate_with_private_ip": null,
            "association_id": "eipassoc-03b1fd5dd32e3efd1",
            "carrier_ip": "",
            "customer_owned_ip": "",
            "customer_owned_ipv4_pool": "",
            "domain": "vpc",
            "id": "eipalloc-09607a20d2e28c0b0",
            "instance": "",
            "network_border_group": "eu-west-2",
            "network_interface": "eni-0c412b4063e4b806a",
            "private_dns": "ip-10-10-0-78.eu-west-2.compute.internal",
            "private_ip": "10.10.0.78",
            "public_dns": "ec2-18-134-66-128.eu-west-2.compute.amazonaws.com",
            "public_ip": "18.134.66.128",
            "public_ipv4_pool": "amazon",
            "tags": {
              "Name": "462068371076-dev-ops-vpc-eu-west-2a",
              "environment": "dev",
              "project": "Minh",
              "provision_by": "Terraform",
              "tenant": "462068371076",
              "terraform_version": "v1.1.2",
              "zone": "ops"
            },
            "tags_all": {
              "Name": "462068371076-dev-ops-vpc-eu-west-2a",
              "environment": "dev",
              "project": "Minh",
              "provision_by": "Terraform",
              "tenant": "462068371076",
              "terraform_version": "v1.1.2",
              "zone": "ops"
            },
            "timeouts": null,
            "vpc": true
          },
          "sensitive_attributes": [],
          "private": "eyJlMmJmYjczMC1lY2FhLTExZTYtOGY4OC0zNDM2M2JjN2M0YzAiOnsiZGVsZXRlIjoxODAwMDAwMDAwMDAsInJlYWQiOjkwMDAwMDAwMDAwMCwidXBkYXRlIjozMDAwMDAwMDAwMDB9fQ=="
        }
      ]
    },
    {
      "module": "module.vpc",
      "mode": "managed",
      "type": "aws_flow_log",
      "name": "this",
      "provider": "provider[\"registry.terraform.io/hashicorp/aws\"]",
      "instances": [
        {
          "index_key": 0,
          "schema_version": 0,
          "attributes": {
            "arn": "arn:aws:ec2:eu-west-2:462068371076:vpc-flow-log/fl-0d014e0fa61b5edf2",
            "destination_options": [],
            "eni_id": null,
            "iam_role_arn": "arn:aws:iam::462068371076:role/vpc-flow-log-role-20220127135112860200000001",
            "id": "fl-0d014e0fa61b5edf2",
            "log_destination": "arn:aws:logs:eu-west-2:462068371076:log-group:/aws/vpc-flow-log/vpc-03bfe955d560ff194",
            "log_destination_type": "cloud-watch-logs",
            "log_format": "${version} ${account-id} ${interface-id} ${srcaddr} ${dstaddr} ${srcport} ${dstport} ${protocol} ${packets} ${bytes} ${start} ${end} ${action} ${log-status}",
            "log_group_name": "/aws/vpc-flow-log/vpc-03bfe955d560ff194",
            "max_aggregation_interval": 600,
            "subnet_id": null,
            "tags": {
              "environment": "dev",
              "project": "Minh",
              "provision_by": "Terraform",
              "tenant": "462068371076",
              "terraform_version": "v1.1.2",
              "zone": "ops"
            },
            "tags_all": {
              "environment": "dev",
              "project": "Minh",
              "provision_by": "Terraform",
              "tenant": "462068371076",
              "terraform_version": "v1.1.2",
              "zone": "ops"
            },
            "traffic_type": "ALL",
            "vpc_id": "vpc-03bfe955d560ff194"
          },
          "sensitive_attributes": [],
          "private": "bnVsbA==",
          "dependencies": [
            "module.vpc.aws_cloudwatch_log_group.flow_log",
            "module.vpc.aws_iam_role.vpc_flow_log_cloudwatch",
            "module.vpc.aws_vpc.this",
            "module.vpc.aws_vpc_ipv4_cidr_block_association.this",
            "module.vpc.data.aws_iam_policy_document.flow_log_cloudwatch_assume_role"
          ]
        }
      ]
    },
    {
      "module": "module.vpc",
      "mode": "managed",
      "type": "aws_iam_policy",
      "name": "vpc_flow_log_cloudwatch",
      "provider": "provider[\"registry.terraform.io/hashicorp/aws\"]",
      "instances": [
        {
          "index_key": 0,
          "schema_version": 0,
          "attributes": {
            "arn": "arn:aws:iam::462068371076:policy/vpc-flow-log-to-cloudwatch-20220127135112865800000002",
            "description": "",
            "id": "arn:aws:iam::462068371076:policy/vpc-flow-log-to-cloudwatch-20220127135112865800000002",
            "name": "vpc-flow-log-to-cloudwatch-20220127135112865800000002",
            "name_prefix": "vpc-flow-log-to-cloudwatch-",
            "path": "/",
            "policy": "{\"Statement\":[{\"Action\":[\"logs:PutLogEvents\",\"logs:DescribeLogStreams\",\"logs:DescribeLogGroups\",\"logs:CreateLogStream\"],\"Effect\":\"Allow\",\"Resource\":\"*\",\"Sid\":\"AWSVPCFlowLogsPushToCloudWatch\"}],\"Version\":\"2012-10-17\"}",
            "policy_id": "ANPAWXFLLZ2CBHIKZO2T7",
            "tags": {
              "environment": "dev",
              "project": "Minh",
              "provision_by": "Terraform",
              "tenant": "462068371076",
              "terraform_version": "v1.1.2",
              "zone": "ops"
            },
            "tags_all": {
              "environment": "dev",
              "project": "Minh",
              "provision_by": "Terraform",
              "tenant": "462068371076",
              "terraform_version": "v1.1.2",
              "zone": "ops"
            }
          },
          "sensitive_attributes": [],
          "private": "bnVsbA==",
          "dependencies": [
            "module.vpc.data.aws_iam_policy_document.vpc_flow_log_cloudwatch"
          ]
        }
      ]
    },
    {
      "module": "module.vpc",
      "mode": "managed",
      "type": "aws_iam_role",
      "name": "vpc_flow_log_cloudwatch",
      "provider": "provider[\"registry.terraform.io/hashicorp/aws\"]",
      "instances": [
        {
          "index_key": 0,
          "schema_version": 0,
          "attributes": {
            "arn": "arn:aws:iam::462068371076:role/vpc-flow-log-role-20220127135112860200000001",
            "assume_role_policy": "{\"Version\":\"2012-10-17\",\"Statement\":[{\"Sid\":\"AWSVPCFlowLogsAssumeRole\",\"Effect\":\"Allow\",\"Principal\":{\"Service\":\"vpc-flow-logs.amazonaws.com\"},\"Action\":\"sts:AssumeRole\"}]}",
            "create_date": "2022-01-27T13:51:13Z",
            "description": "",
            "force_detach_policies": false,
            "id": "vpc-flow-log-role-20220127135112860200000001",
            "inline_policy": [
              {
                "name": "",
                "policy": ""
              }
            ],
            "managed_policy_arns": [
              "arn:aws:iam::462068371076:policy/vpc-flow-log-to-cloudwatch-20220127135112865800000002"
            ],
            "max_session_duration": 3600,
            "name": "vpc-flow-log-role-20220127135112860200000001",
            "name_prefix": "vpc-flow-log-role-",
            "path": "/",
            "permissions_boundary": null,
            "tags": {
              "environment": "dev",
              "project": "Minh",
              "provision_by": "Terraform",
              "tenant": "462068371076",
              "terraform_version": "v1.1.2",
              "zone": "ops"
            },
            "tags_all": {
              "environment": "dev",
              "project": "Minh",
              "provision_by": "Terraform",
              "tenant": "462068371076",
              "terraform_version": "v1.1.2",
              "zone": "ops"
            },
            "unique_id": "AROAWXFLLZ2CB2NAMGGYT"
          },
          "sensitive_attributes": [],
          "private": "bnVsbA==",
          "dependencies": [
            "module.vpc.data.aws_iam_policy_document.flow_log_cloudwatch_assume_role"
          ]
        }
      ]
    },
    {
      "module": "module.vpc",
      "mode": "managed",
      "type": "aws_iam_role_policy_attachment",
      "name": "vpc_flow_log_cloudwatch",
      "provider": "provider[\"registry.terraform.io/hashicorp/aws\"]",
      "instances": [
        {
          "index_key": 0,
          "schema_version": 0,
          "attributes": {
            "id": "vpc-flow-log-role-20220127135112860200000001-20220127135118228600000004",
            "policy_arn": "arn:aws:iam::462068371076:policy/vpc-flow-log-to-cloudwatch-20220127135112865800000002",
            "role": "vpc-flow-log-role-20220127135112860200000001"
          },
          "sensitive_attributes": [],
          "private": "bnVsbA==",
          "dependencies": [
            "module.vpc.aws_iam_policy.vpc_flow_log_cloudwatch",
            "module.vpc.aws_iam_role.vpc_flow_log_cloudwatch",
            "module.vpc.data.aws_iam_policy_document.flow_log_cloudwatch_assume_role",
            "module.vpc.data.aws_iam_policy_document.vpc_flow_log_cloudwatch"
          ]
        }
      ]
    },
    {
      "module": "module.vpc",
      "mode": "managed",
      "type": "aws_internet_gateway",
      "name": "this",
      "provider": "provider[\"registry.terraform.io/hashicorp/aws\"]",
      "instances": [
        {
          "index_key": 0,
          "schema_version": 0,
          "attributes": {
            "arn": "arn:aws:ec2:eu-west-2:462068371076:internet-gateway/igw-02e2f387650a59416",
            "id": "igw-02e2f387650a59416",
            "owner_id": "462068371076",
            "tags": {
              "Name": "462068371076-dev-ops-vpc",
              "environment": "dev",
              "project": "Minh",
              "provision_by": "Terraform",
              "tenant": "462068371076",
              "terraform_version": "v1.1.2",
              "zone": "ops"
            },
            "tags_all": {
              "Name": "462068371076-dev-ops-vpc",
              "environment": "dev",
              "project": "Minh",
              "provision_by": "Terraform",
              "tenant": "462068371076",
              "terraform_version": "v1.1.2",
              "zone": "ops"
            },
            "vpc_id": "vpc-03bfe955d560ff194"
          },
          "sensitive_attributes": [],
          "private": "bnVsbA==",
          "dependencies": [
            "module.vpc.aws_vpc.this",
            "module.vpc.aws_vpc_ipv4_cidr_block_association.this"
          ]
        }
      ]
    },
    {
      "module": "module.vpc",
      "mode": "managed",
      "type": "aws_nat_gateway",
      "name": "this",
      "provider": "provider[\"registry.terraform.io/hashicorp/aws\"]",
      "instances": [
        {
          "index_key": 0,
          "schema_version": 0,
          "attributes": {
            "allocation_id": "eipalloc-09607a20d2e28c0b0",
            "connectivity_type": "public",
            "id": "nat-07e6aab678aa1f30c",
            "network_interface_id": "eni-0c412b4063e4b806a",
            "private_ip": "10.10.0.78",
            "public_ip": "18.134.66.128",
            "subnet_id": "subnet-0f4d84020cfe352f7",
            "tags": {
              "Name": "462068371076-dev-ops-vpc-eu-west-2a",
              "environment": "dev",
              "project": "Minh",
              "provision_by": "Terraform",
              "tenant": "462068371076",
              "terraform_version": "v1.1.2",
              "zone": "ops"
            },
            "tags_all": {
              "Name": "462068371076-dev-ops-vpc-eu-west-2a",
              "environment": "dev",
              "project": "Minh",
              "provision_by": "Terraform",
              "tenant": "462068371076",
              "terraform_version": "v1.1.2",
              "zone": "ops"
            }
          },
          "sensitive_attributes": [],
          "private": "bnVsbA==",
          "dependencies": [
            "module.vpc.aws_eip.nat",
            "module.vpc.aws_internet_gateway.this",
            "module.vpc.aws_subnet.public",
            "module.vpc.aws_vpc.this",
            "module.vpc.aws_vpc_ipv4_cidr_block_association.this"
          ]
        }
      ]
    },
    {
      "module": "module.vpc",
      "mode": "managed",
      "type": "aws_route",
      "name": "private_nat_gateway",
      "provider": "provider[\"registry.terraform.io/hashicorp/aws\"]",
      "instances": [
        {
          "index_key": 0,
          "schema_version": 0,
          "attributes": {
            "carrier_gateway_id": "",
            "destination_cidr_block": "0.0.0.0/0",
            "destination_ipv6_cidr_block": "",
            "destination_prefix_list_id": "",
            "egress_only_gateway_id": "",
            "gateway_id": "",
            "id": "r-rtb-0667c27dd4663c2581080289494",
            "instance_id": "",
            "instance_owner_id": "",
            "local_gateway_id": "",
            "nat_gateway_id": "nat-07e6aab678aa1f30c",
            "network_interface_id": "",
            "origin": "CreateRoute",
            "route_table_id": "rtb-0667c27dd4663c258",
            "state": "active",
            "timeouts": {
              "create": "5m",
              "delete": null,
              "update": null
            },
            "transit_gateway_id": "",
            "vpc_endpoint_id": "",
            "vpc_peering_connection_id": ""
          },
          "sensitive_attributes": [],
          "private": "eyJlMmJmYjczMC1lY2FhLTExZTYtOGY4OC0zNDM2M2JjN2M0YzAiOnsiY3JlYXRlIjozMDAwMDAwMDAwMDAsImRlbGV0ZSI6MzAwMDAwMDAwMDAwLCJ1cGRhdGUiOjEyMDAwMDAwMDAwMH19",
          "dependencies": [
            "module.vpc.aws_eip.nat",
            "module.vpc.aws_internet_gateway.this",
            "module.vpc.aws_nat_gateway.this",
            "module.vpc.aws_route_table.private",
            "module.vpc.aws_subnet.public",
            "module.vpc.aws_vpc.this",
            "module.vpc.aws_vpc_ipv4_cidr_block_association.this"
          ]
        }
      ]
    },
    {
      "module": "module.vpc",
      "mode": "managed",
      "type": "aws_route",
      "name": "public_internet_gateway",
      "provider": "provider[\"registry.terraform.io/hashicorp/aws\"]",
      "instances": [
        {
          "index_key": 0,
          "schema_version": 0,
          "attributes": {
            "carrier_gateway_id": "",
            "destination_cidr_block": "0.0.0.0/0",
            "destination_ipv6_cidr_block": "",
            "destination_prefix_list_id": "",
            "egress_only_gateway_id": "",
            "gateway_id": "igw-02e2f387650a59416",
            "id": "r-rtb-0e9366b2c1c359c621080289494",
            "instance_id": "",
            "instance_owner_id": "",
            "local_gateway_id": "",
            "nat_gateway_id": "",
            "network_interface_id": "",
            "origin": "CreateRoute",
            "route_table_id": "rtb-0e9366b2c1c359c62",
            "state": "active",
            "timeouts": {
              "create": "5m",
              "delete": null,
              "update": null
            },
            "transit_gateway_id": "",
            "vpc_endpoint_id": "",
            "vpc_peering_connection_id": ""
          },
          "sensitive_attributes": [],
          "private": "eyJlMmJmYjczMC1lY2FhLTExZTYtOGY4OC0zNDM2M2JjN2M0YzAiOnsiY3JlYXRlIjozMDAwMDAwMDAwMDAsImRlbGV0ZSI6MzAwMDAwMDAwMDAwLCJ1cGRhdGUiOjEyMDAwMDAwMDAwMH19",
          "dependencies": [
            "module.vpc.aws_internet_gateway.this",
            "module.vpc.aws_route_table.public",
            "module.vpc.aws_vpc.this",
            "module.vpc.aws_vpc_ipv4_cidr_block_association.this"
          ]
        }
      ]
    },
    {
      "module": "module.vpc",
      "mode": "managed",
      "type": "aws_route_table",
      "name": "private",
      "provider": "provider[\"registry.terraform.io/hashicorp/aws\"]",
      "instances": [
        {
          "index_key": 0,
          "schema_version": 0,
          "attributes": {
            "arn": "arn:aws:ec2:eu-west-2:462068371076:route-table/rtb-0667c27dd4663c258",
            "id": "rtb-0667c27dd4663c258",
            "owner_id": "462068371076",
            "propagating_vgws": [],
            "route": [
              {
                "carrier_gateway_id": "",
                "cidr_block": "0.0.0.0/0",
                "destination_prefix_list_id": "",
                "egress_only_gateway_id": "",
                "gateway_id": "",
                "instance_id": "",
                "ipv6_cidr_block": "",
                "local_gateway_id": "",
                "nat_gateway_id": "nat-07e6aab678aa1f30c",
                "network_interface_id": "",
                "transit_gateway_id": "",
                "vpc_endpoint_id": "",
                "vpc_peering_connection_id": ""
              }
            ],
            "tags": {
              "Name": "462068371076-dev-ops-vpc-private",
              "environment": "dev",
              "project": "Minh",
              "provision_by": "Terraform",
              "tenant": "462068371076",
              "terraform_version": "v1.1.2",
              "zone": "ops"
            },
            "tags_all": {
              "Name": "462068371076-dev-ops-vpc-private",
              "environment": "dev",
              "project": "Minh",
              "provision_by": "Terraform",
              "tenant": "462068371076",
              "terraform_version": "v1.1.2",
              "zone": "ops"
            },
            "timeouts": null,
            "vpc_id": "vpc-03bfe955d560ff194"
          },
          "sensitive_attributes": [],
          "private": "eyJlMmJmYjczMC1lY2FhLTExZTYtOGY4OC0zNDM2M2JjN2M0YzAiOnsiY3JlYXRlIjozMDAwMDAwMDAwMDAsImRlbGV0ZSI6MzAwMDAwMDAwMDAwLCJ1cGRhdGUiOjEyMDAwMDAwMDAwMH19",
          "dependencies": [
            "module.vpc.aws_vpc.this",
            "module.vpc.aws_vpc_ipv4_cidr_block_association.this"
          ]
        }
      ]
    },
    {
      "module": "module.vpc",
      "mode": "managed",
      "type": "aws_route_table",
      "name": "public",
      "provider": "provider[\"registry.terraform.io/hashicorp/aws\"]",
      "instances": [
        {
          "index_key": 0,
          "schema_version": 0,
          "attributes": {
            "arn": "arn:aws:ec2:eu-west-2:462068371076:route-table/rtb-0e9366b2c1c359c62",
            "id": "rtb-0e9366b2c1c359c62",
            "owner_id": "462068371076",
            "propagating_vgws": [],
            "route": [
              {
                "carrier_gateway_id": "",
                "cidr_block": "0.0.0.0/0",
                "destination_prefix_list_id": "",
                "egress_only_gateway_id": "",
                "gateway_id": "igw-02e2f387650a59416",
                "instance_id": "",
                "ipv6_cidr_block": "",
                "local_gateway_id": "",
                "nat_gateway_id": "",
                "network_interface_id": "",
                "transit_gateway_id": "",
                "vpc_endpoint_id": "",
                "vpc_peering_connection_id": ""
              }
            ],
            "tags": {
              "Name": "462068371076-dev-ops-vpc-public",
              "environment": "dev",
              "project": "Minh",
              "provision_by": "Terraform",
              "tenant": "462068371076",
              "terraform_version": "v1.1.2",
              "zone": "ops"
            },
            "tags_all": {
              "Name": "462068371076-dev-ops-vpc-public",
              "environment": "dev",
              "project": "Minh",
              "provision_by": "Terraform",
              "tenant": "462068371076",
              "terraform_version": "v1.1.2",
              "zone": "ops"
            },
            "timeouts": null,
            "vpc_id": "vpc-03bfe955d560ff194"
          },
          "sensitive_attributes": [],
          "private": "eyJlMmJmYjczMC1lY2FhLTExZTYtOGY4OC0zNDM2M2JjN2M0YzAiOnsiY3JlYXRlIjozMDAwMDAwMDAwMDAsImRlbGV0ZSI6MzAwMDAwMDAwMDAwLCJ1cGRhdGUiOjEyMDAwMDAwMDAwMH19",
          "dependencies": [
            "module.vpc.aws_vpc.this",
            "module.vpc.aws_vpc_ipv4_cidr_block_association.this"
          ]
        }
      ]
    },
    {
      "module": "module.vpc",
      "mode": "managed",
      "type": "aws_route_table_association",
      "name": "private",
      "provider": "provider[\"registry.terraform.io/hashicorp/aws\"]",
      "instances": [
        {
          "index_key": 0,
          "schema_version": 0,
          "attributes": {
            "gateway_id": "",
            "id": "rtbassoc-0936571b01c6c3580",
            "route_table_id": "rtb-0667c27dd4663c258",
            "subnet_id": "subnet-044a2b84ce8b24885"
          },
          "sensitive_attributes": [],
          "private": "bnVsbA==",
          "dependencies": [
            "module.vpc.aws_route_table.private",
            "module.vpc.aws_subnet.private",
            "module.vpc.aws_vpc.this",
            "module.vpc.aws_vpc_ipv4_cidr_block_association.this"
          ]
        },
        {
          "index_key": 1,
          "schema_version": 0,
          "attributes": {
            "gateway_id": "",
            "id": "rtbassoc-0e29031849af6cd3f",
            "route_table_id": "rtb-0667c27dd4663c258",
            "subnet_id": "subnet-05429611be9e990f5"
          },
          "sensitive_attributes": [],
          "private": "bnVsbA==",
          "dependencies": [
            "module.vpc.aws_route_table.private",
            "module.vpc.aws_subnet.private",
            "module.vpc.aws_vpc.this",
            "module.vpc.aws_vpc_ipv4_cidr_block_association.this"
          ]
        },
        {
          "index_key": 2,
          "schema_version": 0,
          "attributes": {
            "gateway_id": "",
            "id": "rtbassoc-0d2d237222466c68f",
            "route_table_id": "rtb-0667c27dd4663c258",
            "subnet_id": "subnet-017c07b88b48eb51f"
          },
          "sensitive_attributes": [],
          "private": "bnVsbA==",
          "dependencies": [
            "module.vpc.aws_route_table.private",
            "module.vpc.aws_subnet.private",
            "module.vpc.aws_vpc.this",
            "module.vpc.aws_vpc_ipv4_cidr_block_association.this"
          ]
        }
      ]
    },
    {
      "module": "module.vpc",
      "mode": "managed",
      "type": "aws_route_table_association",
      "name": "public",
      "provider": "provider[\"registry.terraform.io/hashicorp/aws\"]",
      "instances": [
        {
          "index_key": 0,
          "schema_version": 0,
          "attributes": {
            "gateway_id": "",
            "id": "rtbassoc-0274449aab2bda916",
            "route_table_id": "rtb-0e9366b2c1c359c62",
            "subnet_id": "subnet-0f4d84020cfe352f7"
          },
          "sensitive_attributes": [],
          "private": "bnVsbA==",
          "dependencies": [
            "module.vpc.aws_route_table.public",
            "module.vpc.aws_subnet.public",
            "module.vpc.aws_vpc.this",
            "module.vpc.aws_vpc_ipv4_cidr_block_association.this"
          ]
        },
        {
          "index_key": 1,
          "schema_version": 0,
          "attributes": {
            "gateway_id": "",
            "id": "rtbassoc-0cbf8d3fb4ba88eca",
            "route_table_id": "rtb-0e9366b2c1c359c62",
            "subnet_id": "subnet-00a2172c7548f0f62"
          },
          "sensitive_attributes": [],
          "private": "bnVsbA==",
          "dependencies": [
            "module.vpc.aws_route_table.public",
            "module.vpc.aws_subnet.public",
            "module.vpc.aws_vpc.this",
            "module.vpc.aws_vpc_ipv4_cidr_block_association.this"
          ]
        },
        {
          "index_key": 2,
          "schema_version": 0,
          "attributes": {
            "gateway_id": "",
            "id": "rtbassoc-0692b6a3db30b4fb0",
            "route_table_id": "rtb-0e9366b2c1c359c62",
            "subnet_id": "subnet-0c94e7e5c66eddadd"
          },
          "sensitive_attributes": [],
          "private": "bnVsbA==",
          "dependencies": [
            "module.vpc.aws_route_table.public",
            "module.vpc.aws_subnet.public",
            "module.vpc.aws_vpc.this",
            "module.vpc.aws_vpc_ipv4_cidr_block_association.this"
          ]
        }
      ]
    },
    {
      "module": "module.vpc",
      "mode": "managed",
      "type": "aws_subnet",
      "name": "private",
      "provider": "provider[\"registry.terraform.io/hashicorp/aws\"]",
      "instances": [
        {
          "index_key": 0,
          "schema_version": 1,
          "attributes": {
            "arn": "arn:aws:ec2:eu-west-2:462068371076:subnet/subnet-044a2b84ce8b24885",
            "assign_ipv6_address_on_creation": false,
            "availability_zone": "eu-west-2a",
            "availability_zone_id": "euw2-az2",
            "cidr_block": "10.10.10.0/24",
            "customer_owned_ipv4_pool": "",
            "enable_dns64": false,
            "enable_resource_name_dns_a_record_on_launch": false,
            "enable_resource_name_dns_aaaa_record_on_launch": false,
            "id": "subnet-044a2b84ce8b24885",
            "ipv6_cidr_block": "",
            "ipv6_cidr_block_association_id": "",
            "ipv6_native": false,
            "map_customer_owned_ip_on_launch": false,
            "map_public_ip_on_launch": false,
            "outpost_arn": "",
            "owner_id": "462068371076",
            "private_dns_hostname_type_on_launch": "ip-name",
            "tags": {
              "Name": "462068371076-dev-ops-vpc-private-eu-west-2a",
              "environment": "dev",
              "kubernetes.io/cluster/462068371076-dev-ops-eks": "shared",
              "kubernetes.io/role/internal-elb": "1",
              "project": "Minh",
              "provision_by": "Terraform",
              "tenant": "462068371076",
              "terraform_version": "v1.1.2",
              "zone": "ops"
            },
            "tags_all": {
              "Name": "462068371076-dev-ops-vpc-private-eu-west-2a",
              "environment": "dev",
              "kubernetes.io/cluster/462068371076-dev-ops-eks": "shared",
              "kubernetes.io/role/internal-elb": "1",
              "project": "Minh",
              "provision_by": "Terraform",
              "tenant": "462068371076",
              "terraform_version": "v1.1.2",
              "zone": "ops"
            },
            "timeouts": null,
            "vpc_id": "vpc-03bfe955d560ff194"
          },
          "sensitive_attributes": [],
          "private": "eyJlMmJmYjczMC1lY2FhLTExZTYtOGY4OC0zNDM2M2JjN2M0YzAiOnsiY3JlYXRlIjo2MDAwMDAwMDAwMDAsImRlbGV0ZSI6MTIwMDAwMDAwMDAwMH0sInNjaGVtYV92ZXJzaW9uIjoiMSJ9",
          "dependencies": [
            "module.vpc.aws_vpc.this",
            "module.vpc.aws_vpc_ipv4_cidr_block_association.this"
          ],
          "create_before_destroy": true
        },
        {
          "index_key": 1,
          "schema_version": 1,
          "attributes": {
            "arn": "arn:aws:ec2:eu-west-2:462068371076:subnet/subnet-05429611be9e990f5",
            "assign_ipv6_address_on_creation": false,
            "availability_zone": "eu-west-2b",
            "availability_zone_id": "euw2-az3",
            "cidr_block": "10.10.11.0/24",
            "customer_owned_ipv4_pool": "",
            "enable_dns64": false,
            "enable_resource_name_dns_a_record_on_launch": false,
            "enable_resource_name_dns_aaaa_record_on_launch": false,
            "id": "subnet-05429611be9e990f5",
            "ipv6_cidr_block": "",
            "ipv6_cidr_block_association_id": "",
            "ipv6_native": false,
            "map_customer_owned_ip_on_launch": false,
            "map_public_ip_on_launch": false,
            "outpost_arn": "",
            "owner_id": "462068371076",
            "private_dns_hostname_type_on_launch": "ip-name",
            "tags": {
              "Name": "462068371076-dev-ops-vpc-private-eu-west-2b",
              "environment": "dev",
              "kubernetes.io/cluster/462068371076-dev-ops-eks": "shared",
              "kubernetes.io/role/internal-elb": "1",
              "project": "Minh",
              "provision_by": "Terraform",
              "tenant": "462068371076",
              "terraform_version": "v1.1.2",
              "zone": "ops"
            },
            "tags_all": {
              "Name": "462068371076-dev-ops-vpc-private-eu-west-2b",
              "environment": "dev",
              "kubernetes.io/cluster/462068371076-dev-ops-eks": "shared",
              "kubernetes.io/role/internal-elb": "1",
              "project": "Minh",
              "provision_by": "Terraform",
              "tenant": "462068371076",
              "terraform_version": "v1.1.2",
              "zone": "ops"
            },
            "timeouts": null,
            "vpc_id": "vpc-03bfe955d560ff194"
          },
          "sensitive_attributes": [],
          "private": "eyJlMmJmYjczMC1lY2FhLTExZTYtOGY4OC0zNDM2M2JjN2M0YzAiOnsiY3JlYXRlIjo2MDAwMDAwMDAwMDAsImRlbGV0ZSI6MTIwMDAwMDAwMDAwMH0sInNjaGVtYV92ZXJzaW9uIjoiMSJ9",
          "dependencies": [
            "module.vpc.aws_vpc.this",
            "module.vpc.aws_vpc_ipv4_cidr_block_association.this"
          ],
          "create_before_destroy": true
        },
        {
          "index_key": 2,
          "schema_version": 1,
          "attributes": {
            "arn": "arn:aws:ec2:eu-west-2:462068371076:subnet/subnet-017c07b88b48eb51f",
            "assign_ipv6_address_on_creation": false,
            "availability_zone": "eu-west-2c",
            "availability_zone_id": "euw2-az1",
            "cidr_block": "10.10.12.0/24",
            "customer_owned_ipv4_pool": "",
            "enable_dns64": false,
            "enable_resource_name_dns_a_record_on_launch": false,
            "enable_resource_name_dns_aaaa_record_on_launch": false,
            "id": "subnet-017c07b88b48eb51f",
            "ipv6_cidr_block": "",
            "ipv6_cidr_block_association_id": "",
            "ipv6_native": false,
            "map_customer_owned_ip_on_launch": false,
            "map_public_ip_on_launch": false,
            "outpost_arn": "",
            "owner_id": "462068371076",
            "private_dns_hostname_type_on_launch": "ip-name",
            "tags": {
              "Name": "462068371076-dev-ops-vpc-private-eu-west-2c",
              "environment": "dev",
              "kubernetes.io/cluster/462068371076-dev-ops-eks": "shared",
              "kubernetes.io/role/internal-elb": "1",
              "project": "Minh",
              "provision_by": "Terraform",
              "tenant": "462068371076",
              "terraform_version": "v1.1.2",
              "zone": "ops"
            },
            "tags_all": {
              "Name": "462068371076-dev-ops-vpc-private-eu-west-2c",
              "environment": "dev",
              "kubernetes.io/cluster/462068371076-dev-ops-eks": "shared",
              "kubernetes.io/role/internal-elb": "1",
              "project": "Minh",
              "provision_by": "Terraform",
              "tenant": "462068371076",
              "terraform_version": "v1.1.2",
              "zone": "ops"
            },
            "timeouts": null,
            "vpc_id": "vpc-03bfe955d560ff194"
          },
          "sensitive_attributes": [],
          "private": "eyJlMmJmYjczMC1lY2FhLTExZTYtOGY4OC0zNDM2M2JjN2M0YzAiOnsiY3JlYXRlIjo2MDAwMDAwMDAwMDAsImRlbGV0ZSI6MTIwMDAwMDAwMDAwMH0sInNjaGVtYV92ZXJzaW9uIjoiMSJ9",
          "dependencies": [
            "module.vpc.aws_vpc.this",
            "module.vpc.aws_vpc_ipv4_cidr_block_association.this"
          ],
          "create_before_destroy": true
        }
      ]
    },
    {
      "module": "module.vpc",
      "mode": "managed",
      "type": "aws_subnet",
      "name": "public",
      "provider": "provider[\"registry.terraform.io/hashicorp/aws\"]",
      "instances": [
        {
          "index_key": 0,
          "schema_version": 1,
          "attributes": {
            "arn": "arn:aws:ec2:eu-west-2:462068371076:subnet/subnet-0f4d84020cfe352f7",
            "assign_ipv6_address_on_creation": false,
            "availability_zone": "eu-west-2a",
            "availability_zone_id": "euw2-az2",
            "cidr_block": "10.10.0.0/24",
            "customer_owned_ipv4_pool": "",
            "enable_dns64": false,
            "enable_resource_name_dns_a_record_on_launch": false,
            "enable_resource_name_dns_aaaa_record_on_launch": false,
            "id": "subnet-0f4d84020cfe352f7",
            "ipv6_cidr_block": "",
            "ipv6_cidr_block_association_id": "",
            "ipv6_native": false,
            "map_customer_owned_ip_on_launch": false,
            "map_public_ip_on_launch": true,
            "outpost_arn": "",
            "owner_id": "462068371076",
            "private_dns_hostname_type_on_launch": "ip-name",
            "tags": {
              "Name": "462068371076-dev-ops-vpc-public-eu-west-2a",
              "environment": "dev",
              "kubernetes.io/cluster/462068371076-dev-ops-eks": "shared",
              "kubernetes.io/role/elb": "1",
              "project": "Minh",
              "provision_by": "Terraform",
              "tenant": "462068371076",
              "terraform_version": "v1.1.2",
              "zone": "ops"
            },
            "tags_all": {
              "Name": "462068371076-dev-ops-vpc-public-eu-west-2a",
              "environment": "dev",
              "kubernetes.io/cluster/462068371076-dev-ops-eks": "shared",
              "kubernetes.io/role/elb": "1",
              "project": "Minh",
              "provision_by": "Terraform",
              "tenant": "462068371076",
              "terraform_version": "v1.1.2",
              "zone": "ops"
            },
            "timeouts": null,
            "vpc_id": "vpc-03bfe955d560ff194"
          },
          "sensitive_attributes": [],
          "private": "eyJlMmJmYjczMC1lY2FhLTExZTYtOGY4OC0zNDM2M2JjN2M0YzAiOnsiY3JlYXRlIjo2MDAwMDAwMDAwMDAsImRlbGV0ZSI6MTIwMDAwMDAwMDAwMH0sInNjaGVtYV92ZXJzaW9uIjoiMSJ9",
          "dependencies": [
            "module.vpc.aws_vpc.this",
            "module.vpc.aws_vpc_ipv4_cidr_block_association.this"
          ],
          "create_before_destroy": true
        },
        {
          "index_key": 1,
          "schema_version": 1,
          "attributes": {
            "arn": "arn:aws:ec2:eu-west-2:462068371076:subnet/subnet-00a2172c7548f0f62",
            "assign_ipv6_address_on_creation": false,
            "availability_zone": "eu-west-2b",
            "availability_zone_id": "euw2-az3",
            "cidr_block": "10.10.1.0/24",
            "customer_owned_ipv4_pool": "",
            "enable_dns64": false,
            "enable_resource_name_dns_a_record_on_launch": false,
            "enable_resource_name_dns_aaaa_record_on_launch": false,
            "id": "subnet-00a2172c7548f0f62",
            "ipv6_cidr_block": "",
            "ipv6_cidr_block_association_id": "",
            "ipv6_native": false,
            "map_customer_owned_ip_on_launch": false,
            "map_public_ip_on_launch": true,
            "outpost_arn": "",
            "owner_id": "462068371076",
            "private_dns_hostname_type_on_launch": "ip-name",
            "tags": {
              "Name": "462068371076-dev-ops-vpc-public-eu-west-2b",
              "environment": "dev",
              "kubernetes.io/cluster/462068371076-dev-ops-eks": "shared",
              "kubernetes.io/role/elb": "1",
              "project": "Minh",
              "provision_by": "Terraform",
              "tenant": "462068371076",
              "terraform_version": "v1.1.2",
              "zone": "ops"
            },
            "tags_all": {
              "Name": "462068371076-dev-ops-vpc-public-eu-west-2b",
              "environment": "dev",
              "kubernetes.io/cluster/462068371076-dev-ops-eks": "shared",
              "kubernetes.io/role/elb": "1",
              "project": "Minh",
              "provision_by": "Terraform",
              "tenant": "462068371076",
              "terraform_version": "v1.1.2",
              "zone": "ops"
            },
            "timeouts": null,
            "vpc_id": "vpc-03bfe955d560ff194"
          },
          "sensitive_attributes": [],
          "private": "eyJlMmJmYjczMC1lY2FhLTExZTYtOGY4OC0zNDM2M2JjN2M0YzAiOnsiY3JlYXRlIjo2MDAwMDAwMDAwMDAsImRlbGV0ZSI6MTIwMDAwMDAwMDAwMH0sInNjaGVtYV92ZXJzaW9uIjoiMSJ9",
          "dependencies": [
            "module.vpc.aws_vpc.this",
            "module.vpc.aws_vpc_ipv4_cidr_block_association.this"
          ],
          "create_before_destroy": true
        },
        {
          "index_key": 2,
          "schema_version": 1,
          "attributes": {
            "arn": "arn:aws:ec2:eu-west-2:462068371076:subnet/subnet-0c94e7e5c66eddadd",
            "assign_ipv6_address_on_creation": false,
            "availability_zone": "eu-west-2c",
            "availability_zone_id": "euw2-az1",
            "cidr_block": "10.10.2.0/24",
            "customer_owned_ipv4_pool": "",
            "enable_dns64": false,
            "enable_resource_name_dns_a_record_on_launch": false,
            "enable_resource_name_dns_aaaa_record_on_launch": false,
            "id": "subnet-0c94e7e5c66eddadd",
            "ipv6_cidr_block": "",
            "ipv6_cidr_block_association_id": "",
            "ipv6_native": false,
            "map_customer_owned_ip_on_launch": false,
            "map_public_ip_on_launch": true,
            "outpost_arn": "",
            "owner_id": "462068371076",
            "private_dns_hostname_type_on_launch": "ip-name",
            "tags": {
              "Name": "462068371076-dev-ops-vpc-public-eu-west-2c",
              "environment": "dev",
              "kubernetes.io/cluster/462068371076-dev-ops-eks": "shared",
              "kubernetes.io/role/elb": "1",
              "project": "Minh",
              "provision_by": "Terraform",
              "tenant": "462068371076",
              "terraform_version": "v1.1.2",
              "zone": "ops"
            },
            "tags_all": {
              "Name": "462068371076-dev-ops-vpc-public-eu-west-2c",
              "environment": "dev",
              "kubernetes.io/cluster/462068371076-dev-ops-eks": "shared",
              "kubernetes.io/role/elb": "1",
              "project": "Minh",
              "provision_by": "Terraform",
              "tenant": "462068371076",
              "terraform_version": "v1.1.2",
              "zone": "ops"
            },
            "timeouts": null,
            "vpc_id": "vpc-03bfe955d560ff194"
          },
          "sensitive_attributes": [],
          "private": "eyJlMmJmYjczMC1lY2FhLTExZTYtOGY4OC0zNDM2M2JjN2M0YzAiOnsiY3JlYXRlIjo2MDAwMDAwMDAwMDAsImRlbGV0ZSI6MTIwMDAwMDAwMDAwMH0sInNjaGVtYV92ZXJzaW9uIjoiMSJ9",
          "dependencies": [
            "module.vpc.aws_vpc.this",
            "module.vpc.aws_vpc_ipv4_cidr_block_association.this"
          ],
          "create_before_destroy": true
        }
      ]
    },
    {
      "module": "module.vpc",
      "mode": "managed",
      "type": "aws_vpc",
      "name": "this",
      "provider": "provider[\"registry.terraform.io/hashicorp/aws\"]",
      "instances": [
        {
          "index_key": 0,
          "schema_version": 1,
          "attributes": {
            "arn": "arn:aws:ec2:eu-west-2:462068371076:vpc/vpc-03bfe955d560ff194",
            "assign_generated_ipv6_cidr_block": false,
            "cidr_block": "10.10.0.0/16",
            "default_network_acl_id": "acl-0a40b8b0815b63e2c",
            "default_route_table_id": "rtb-0276f6aeeab4689f4",
            "default_security_group_id": "sg-06cb6bd3dab0d00e1",
            "dhcp_options_id": "dopt-07c99e6f",
            "enable_classiclink": false,
            "enable_classiclink_dns_support": false,
            "enable_dns_hostnames": true,
            "enable_dns_support": true,
            "id": "vpc-03bfe955d560ff194",
            "instance_tenancy": "default",
            "ipv4_ipam_pool_id": null,
            "ipv4_netmask_length": null,
            "ipv6_association_id": "",
            "ipv6_cidr_block": "",
            "ipv6_cidr_block_network_border_group": "",
            "ipv6_ipam_pool_id": "",
            "ipv6_netmask_length": 0,
            "main_route_table_id": "rtb-0276f6aeeab4689f4",
            "owner_id": "462068371076",
            "tags": {
              "Name": "462068371076-dev-ops-vpc",
              "environment": "dev",
              "project": "Minh",
              "provision_by": "Terraform",
              "tenant": "462068371076",
              "terraform_version": "v1.1.2",
              "zone": "ops"
            },
            "tags_all": {
              "Name": "462068371076-dev-ops-vpc",
              "environment": "dev",
              "project": "Minh",
              "provision_by": "Terraform",
              "tenant": "462068371076",
              "terraform_version": "v1.1.2",
              "zone": "ops"
            }
          },
          "sensitive_attributes": [],
          "private": "eyJzY2hlbWFfdmVyc2lvbiI6IjEifQ==",
          "create_before_destroy": true
        }
      ]
    }
  ]
}
